// !$*UTF8*$!
{
	archiveVersion = 1;
	classes = {
	};
	objectVersion = 42;
	objects = {

/* Begin PBXBuildFile section */
		4A242ED2131D0CD800D6C047 /* bitmap in Resources */ = {isa = PBXBuildFile; fileRef = 4A2429FC131D0CD700D6C047 /* bitmap */; };
		4A242ED3131D0CD800D6C047 /* data in Resources */ = {isa = PBXBuildFile; fileRef = 4A242B11131D0CD700D6C047 /* data */; };
		4A242ED4131D0CD800D6C047 /* levels in Resources */ = {isa = PBXBuildFile; fileRef = 4A242B4F131D0CD700D6C047 /* levels */; };
		4A2FBDA914302E6F00790176 /* liballeg.4.4.1.dylib in Frameworks */ = {isa = PBXBuildFile; fileRef = 4A6CC5F5136597AA00A48E21 /* liballeg.4.4.1.dylib */; };
		4A2FBE1E14303E4500790176 /* doc in Resources */ = {isa = PBXBuildFile; fileRef = 4A2FBE1114303E4500790176 /* doc */; };
		4A5FE3F313655F84006350A3 /* libenet.a in Frameworks */ = {isa = PBXBuildFile; fileRef = 4A5FE3F213655F84006350A3 /* libenet.a */; };
		4A6CC5C5136592FD00A48E21 /* liballeg-main.a in Frameworks */ = {isa = PBXBuildFile; fileRef = 4A6CC5B9136591AC00A48E21 /* liballeg-main.a */; };
		4A7EFDDB1432F6690040FA1E /* main.cpp in Sources */ = {isa = PBXBuildFile; fileRef = 4ACB7DF7142F1326002C4F8A /* main.cpp */; };
		4A7EFDDC1432F6690040FA1E /* os.cpp in Sources */ = {isa = PBXBuildFile; fileRef = 4ACB7DF8142F1326002C4F8A /* os.cpp */; };
		4A7EFDDD1432F6690040FA1E /* os.h in Sources */ = {isa = PBXBuildFile; fileRef = 4ACB7DF9142F1326002C4F8A /* os.h */; };
		4A7EFDDE1432F6690040FA1E /* net_t.cpp in Sources */ = {isa = PBXBuildFile; fileRef = 4ACB7E90142F1327002C4F8A /* net_t.cpp */; };
		4A7EFDDF1432F6690040FA1E /* permu.cpp in Sources */ = {isa = PBXBuildFile; fileRef = 4ACB7E94142F1327002C4F8A /* permu.cpp */; };
		4A7EFDE01432F6690040FA1E /* server.cpp in Sources */ = {isa = PBXBuildFile; fileRef = 4ACB7E96142F1327002C4F8A /* server.cpp */; };
		4A7EFDE11432F6690040FA1E /* server_c.cpp in Sources */ = {isa = PBXBuildFile; fileRef = 4ACB7E98142F1327002C4F8A /* server_c.cpp */; };
		4A7EFDE41432F6700040FA1E /* libenet.a in Frameworks */ = {isa = PBXBuildFile; fileRef = 4A5FE3F213655F84006350A3 /* libenet.a */; };
		4A97A72D142E238F00E9EF93 /* ImportantNotes.rtf in Resources */ = {isa = PBXBuildFile; fileRef = 4A97A72C142E238F00E9EF93 /* ImportantNotes.rtf */; };
		4AD7568F1438266A00ABDC71 /* LixManager.m in Sources */ = {isa = PBXBuildFile; fileRef = 4AD7568C1438266A00ABDC71 /* LixManager.m */; };
		4AD756901438266A00ABDC71 /* LixWindowDelegate.m in Sources */ = {isa = PBXBuildFile; fileRef = 4AD7568E1438266A00ABDC71 /* LixWindowDelegate.m */; };
		4AD756921438268400ABDC71 /* Credits.rtf in Resources */ = {isa = PBXBuildFile; fileRef = 4AD756911438268400ABDC71 /* Credits.rtf */; };
		4AD756981438269A00ABDC71 /* Info.plist in Resources */ = {isa = PBXBuildFile; fileRef = 4AD756951438269A00ABDC71 /* Info.plist */; };
		4AD756991438269A00ABDC71 /* Lix.icns in Resources */ = {isa = PBXBuildFile; fileRef = 4AD756961438269A00ABDC71 /* Lix.icns */; };
		4AD7569A1438269A00ABDC71 /* MainMenu.nib in Resources */ = {isa = PBXBuildFile; fileRef = 4AD756971438269A00ABDC71 /* MainMenu.nib */; };
		4AD756BD14382C0300ABDC71 /* ac_func.cpp in Sources */ = {isa = PBXBuildFile; fileRef = 4ACB7E58142F1326002C4F8A /* ac_func.cpp */; };
		4AD757AA14382DB900ABDC71 /* gamepl_d.cpp in Sources */ = {isa = PBXBuildFile; fileRef = 4ACB7E13142F1326002C4F8A /* gamepl_d.cpp */; };
		4AD757AB14382DB900ABDC71 /* editor_f.cpp in Sources */ = {isa = PBXBuildFile; fileRef = 4ACB7E02142F1326002C4F8A /* editor_f.cpp */; };
		4AD757AC14382DB900ABDC71 /* network.cpp in Sources */ = {isa = PBXBuildFile; fileRef = 4ACB7E92142F1327002C4F8A /* network.cpp */; };
		4AD757AD14382DB900ABDC71 /* map_d.cpp in Sources */ = {isa = PBXBuildFile; fileRef = 4ACB7E3F142F1326002C4F8A /* map_d.cpp */; };
		4AD757AE14382DB900ABDC71 /* win_scro.cpp in Sources */ = {isa = PBXBuildFile; fileRef = 4ACB7E05142F1326002C4F8A /* win_scro.cpp */; };
		4AD757AF14382DB900ABDC71 /* list_lev.cpp in Sources */ = {isa = PBXBuildFile; fileRef = 4ACB7DEA142F1326002C4F8A /* list_lev.cpp */; };
		4AD757B014382DB900ABDC71 /* lander.cpp in Sources */ = {isa = PBXBuildFile; fileRef = 4ACB7E68142F1326002C4F8A /* lander.cpp */; };
		4AD757B114382DB900ABDC71 /* server_c.cpp in Sources */ = {isa = PBXBuildFile; fileRef = 4ACB7E98142F1327002C4F8A /* server_c.cpp */; };
		4AD757B214382DB900ABDC71 /* graset_1.cpp in Sources */ = {isa = PBXBuildFile; fileRef = 4ACB7E49142F1326002C4F8A /* graset_1.cpp */; };
		4AD757B314382DB900ABDC71 /* label.cpp in Sources */ = {isa = PBXBuildFile; fileRef = 4ACB7DE2142F1326002C4F8A /* label.cpp */; };
		4AD757B414382DB900ABDC71 /* lobby.cpp in Sources */ = {isa = PBXBuildFile; fileRef = 4ACB7E7E142F1327002C4F8A /* lobby.cpp */; };
		4AD757B514382DB900ABDC71 /* replay.cpp in Sources */ = {isa = PBXBuildFile; fileRef = 4ACB7E29142F1326002C4F8A /* replay.cpp */; };
		4AD757B614382DB900ABDC71 /* hardware.cpp in Sources */ = {isa = PBXBuildFile; fileRef = 4ACB7EA3142F1327002C4F8A /* hardware.cpp */; };
		4AD757B714382DB900ABDC71 /* digger.cpp in Sources */ = {isa = PBXBuildFile; fileRef = 4ACB7E61142F1326002C4F8A /* digger.cpp */; };
		4AD757B814382DB900ABDC71 /* button.cpp in Sources */ = {isa = PBXBuildFile; fileRef = 4ACB7DDA142F1326002C4F8A /* button.cpp */; };
		4AD757B914382DB900ABDC71 /* win_var.cpp in Sources */ = {isa = PBXBuildFile; fileRef = 4ACB7E0B142F1326002C4F8A /* win_var.cpp */; };
		4AD757BA14382DB900ABDC71 /* jumper.cpp in Sources */ = {isa = PBXBuildFile; fileRef = 4ACB7E67142F1326002C4F8A /* jumper.cpp */; };
		4AD757BB14382DB900ABDC71 /* message.cpp in Sources */ = {isa = PBXBuildFile; fileRef = 4ACB7DEE142F1326002C4F8A /* message.cpp */; };
		4AD757BC14382DB900ABDC71 /* glob_gfx.cpp in Sources */ = {isa = PBXBuildFile; fileRef = 4ACB7E36142F1326002C4F8A /* glob_gfx.cpp */; };
		4AD757BD14382DB900ABDC71 /* object.cpp in Sources */ = {isa = PBXBuildFile; fileRef = 4ACB7E54142F1326002C4F8A /* object.cpp */; };
		4AD757BE14382DB900ABDC71 /* level_io.cpp in Sources */ = {isa = PBXBuildFile; fileRef = 4ACB7E51142F1326002C4F8A /* level_io.cpp */; };
		4AD757BF14382DB900ABDC71 /* floater.cpp in Sources */ = {isa = PBXBuildFile; fileRef = 4ACB7E65142F1326002C4F8A /* floater.cpp */; };
		4AD757C014382DB900ABDC71 /* graph_bg.cpp in Sources */ = {isa = PBXBuildFile; fileRef = 4ACB7E39142F1326002C4F8A /* graph_bg.cpp */; };
		4AD757C114382DB900ABDC71 /* chat.cpp in Sources */ = {isa = PBXBuildFile; fileRef = 4ACB7E1C142F1326002C4F8A /* chat.cpp */; };
		4AD757C214382DB900ABDC71 /* lix_ac.cpp in Sources */ = {isa = PBXBuildFile; fileRef = 4ACB7E6B142F1326002C4F8A /* lix_ac.cpp */; };
		4AD757C314382DB900ABDC71 /* editor.cpp in Sources */ = {isa = PBXBuildFile; fileRef = 4ACB7DFE142F1326002C4F8A /* editor.cpp */; };
		4AD757C414382DB900ABDC71 /* client.cpp in Sources */ = {isa = PBXBuildFile; fileRef = 4ACB7E8D142F1327002C4F8A /* client.cpp */; };
		4AD757C514382DB900ABDC71 /* builder.cpp in Sources */ = {isa = PBXBuildFile; fileRef = 4ACB7E5D142F1326002C4F8A /* builder.cpp */; };
		4AD757C614382DB900ABDC71 /* pan_i_tr.cpp in Sources */ = {isa = PBXBuildFile; fileRef = 4ACB7E1E142F1326002C4F8A /* pan_i_tr.cpp */; };
		4AD757C714382DB900ABDC71 /* lix_upd.cpp in Sources */ = {isa = PBXBuildFile; fileRef = 4ACB7E6E142F1327002C4F8A /* lix_upd.cpp */; };
		4AD757C814382DB900ABDC71 /* deaths.cpp in Sources */ = {isa = PBXBuildFile; fileRef = 4ACB7E60142F1326002C4F8A /* deaths.cpp */; };
		4AD757C914382DB900ABDC71 /* gra_lib.cpp in Sources */ = {isa = PBXBuildFile; fileRef = 4ACB7E37142F1326002C4F8A /* gra_lib.cpp */; };
		4AD757CA14382DB900ABDC71 /* basher.cpp in Sources */ = {isa = PBXBuildFile; fileRef = 4ACB7E5A142F1326002C4F8A /* basher.cpp */; };
		4AD757CB14382DB900ABDC71 /* win_game.cpp in Sources */ = {isa = PBXBuildFile; fileRef = 4ACB7E23142F1326002C4F8A /* win_game.cpp */; };
		4AD757CC14382DB900ABDC71 /* editor_d.cpp in Sources */ = {isa = PBXBuildFile; fileRef = 4ACB7E01142F1326002C4F8A /* editor_d.cpp */; };
		4AD757CD14382DB900ABDC71 /* b_bitmap.cpp in Sources */ = {isa = PBXBuildFile; fileRef = 4ACB7DC2142F1326002C4F8A /* b_bitmap.cpp */; };
		4AD757CE14382DB900ABDC71 /* brow_sav.cpp in Sources */ = {isa = PBXBuildFile; fileRef = 4ACB7DBF142F1326002C4F8A /* brow_sav.cpp */; };
		4AD757CF14382DB900ABDC71 /* effect.cpp in Sources */ = {isa = PBXBuildFile; fileRef = 4ACB7E0F142F1326002C4F8A /* effect.cpp */; };
		4AD757D014382DB900ABDC71 /* list_dir.cpp in Sources */ = {isa = PBXBuildFile; fileRef = 4ACB7DE6142F1326002C4F8A /* list_dir.cpp */; };
		4AD757D114382DB900ABDC71 /* gamepl_c.cpp in Sources */ = {isa = PBXBuildFile; fileRef = 4ACB7E12142F1326002C4F8A /* gamepl_c.cpp */; };
		4AD757D214382DB900ABDC71 /* lmain.cpp in Sources */ = {isa = PBXBuildFile; fileRef = 4ACB7EAB142F1327002C4F8A /* lmain.cpp */; };
		4AD757D314382DB900ABDC71 /* sound.cpp in Sources */ = {isa = PBXBuildFile; fileRef = 4ACB7E40142F1326002C4F8A /* sound.cpp */; };
		4AD757D414382DB900ABDC71 /* init.cpp in Sources */ = {isa = PBXBuildFile; fileRef = 4ACB7E66142F1326002C4F8A /* init.cpp */; };
		4AD757D514382DB900ABDC71 /* user.cpp in Sources */ = {isa = PBXBuildFile; fileRef = 4ACB7EB1142F1327002C4F8A /* user.cpp */; };
		4AD757D614382DB900ABDC71 /* log.cpp in Sources */ = {isa = PBXBuildFile; fileRef = 4ACB7EAC142F1327002C4F8A /* log.cpp */; };
		4AD757D714382DB900ABDC71 /* exiter.cpp in Sources */ = {isa = PBXBuildFile; fileRef = 4ACB7E62142F1326002C4F8A /* exiter.cpp */; };
		4AD757D814382DB900ABDC71 /* win_size.cpp in Sources */ = {isa = PBXBuildFile; fileRef = 4ACB7E07142F1326002C4F8A /* win_size.cpp */; };
		4AD757D914382DB900ABDC71 /* gameplay.cpp in Sources */ = {isa = PBXBuildFile; fileRef = 4ACB7E15142F1326002C4F8A /* gameplay.cpp */; };
		4AD757DA14382DB900ABDC71 /* map.cpp in Sources */ = {isa = PBXBuildFile; fileRef = 4ACB7E3D142F1326002C4F8A /* map.cpp */; };
		4AD757DB14382DB900ABDC71 /* main_men.cpp in Sources */ = {isa = PBXBuildFile; fileRef = 4ACB7E84142F1327002C4F8A /* main_men.cpp */; };
		4AD757DC14382DB900ABDC71 /* client_c.cpp in Sources */ = {isa = PBXBuildFile; fileRef = 4ACB7E8F142F1327002C4F8A /* client_c.cpp */; };
		4AD757DD14382DB900ABDC71 /* globals.cpp in Sources */ = {isa = PBXBuildFile; fileRef = 4ACB7EA0142F1327002C4F8A /* globals.cpp */; };
		4AD757DE14382DB900ABDC71 /* menu.cpp in Sources */ = {isa = PBXBuildFile; fileRef = 4ACB7E86142F1327002C4F8A /* menu.cpp */; };
		4AD757DF14382DB900ABDC71 /* little.cpp in Sources */ = {isa = PBXBuildFile; fileRef = 4ACB7E7C142F1327002C4F8A /* little.cpp */; };
		4AD757E014382DB900ABDC71 /* filename.cpp in Sources */ = {isa = PBXBuildFile; fileRef = 4ACB7E9E142F1327002C4F8A /* filename.cpp */; };
		4AD757E114382DB900ABDC71 /* lobby_li.cpp in Sources */ = {isa = PBXBuildFile; fileRef = 4ACB7E80142F1327002C4F8A /* lobby_li.cpp */; };
		4AD757E214382DB900ABDC71 /* preview.cpp in Sources */ = {isa = PBXBuildFile; fileRef = 4ACB7E8A142F1327002C4F8A /* preview.cpp */; };
		4AD757E314382DB900ABDC71 /* gamepl_u.cpp in Sources */ = {isa = PBXBuildFile; fileRef = 4ACB7E14142F1326002C4F8A /* gamepl_u.cpp */; };
		4AD757E414382DB900ABDC71 /* labeltwo.cpp in Sources */ = {isa = PBXBuildFile; fileRef = 4ACB7DE4142F1326002C4F8A /* labeltwo.cpp */; };
		4AD757E514382DB900ABDC71 /* win_skil.cpp in Sources */ = {isa = PBXBuildFile; fileRef = 4ACB7E09142F1326002C4F8A /* win_skil.cpp */; };
		4AD757E614382DB900ABDC71 /* editor_c.cpp in Sources */ = {isa = PBXBuildFile; fileRef = 4ACB7E00142F1326002C4F8A /* editor_c.cpp */; };
		4AD757E714382DB900ABDC71 /* walker.cpp in Sources */ = {isa = PBXBuildFile; fileRef = 4ACB7E75142F1327002C4F8A /* walker.cpp */; };
		4AD757E814382DB900ABDC71 /* pan_info.cpp in Sources */ = {isa = PBXBuildFile; fileRef = 4ACB7E1F142F1326002C4F8A /* pan_info.cpp */; };
		4AD757E914382DB900ABDC71 /* lix_enum.cpp in Sources */ = {isa = PBXBuildFile; fileRef = 4ACB7E6C142F1326002C4F8A /* lix_enum.cpp */; };
		4AD757EA14382DB900ABDC71 /* b_skill.cpp in Sources */ = {isa = PBXBuildFile; fileRef = 4ACB7DD2142F1326002C4F8A /* b_skill.cpp */; };
		4AD757EB14382DB900ABDC71 /* graset.cpp in Sources */ = {isa = PBXBuildFile; fileRef = 4ACB7E47142F1326002C4F8A /* graset.cpp */; };
		4AD757EC14382DB900ABDC71 /* goal.cpp in Sources */ = {isa = PBXBuildFile; fileRef = 4ACB7E17142F1326002C4F8A /* goal.cpp */; };
		4AD757ED14382DB900ABDC71 /* list_fil.cpp in Sources */ = {isa = PBXBuildFile; fileRef = 4ACB7DE8142F1326002C4F8A /* list_fil.cpp */; };
		4AD757EE14382DB900ABDC71 /* obj_lib.cpp in Sources */ = {isa = PBXBuildFile; fileRef = 4ACB7E52142F1326002C4F8A /* obj_lib.cpp */; };
		4AD757EF14382DB900ABDC71 /* graset_2.cpp in Sources */ = {isa = PBXBuildFile; fileRef = 4ACB7E4B142F1326002C4F8A /* graset_2.cpp */; };
		4AD757F014382DB900ABDC71 /* main.cpp in Sources */ = {isa = PBXBuildFile; fileRef = 4ACB7DF7142F1326002C4F8A /* main.cpp */; };
		4AD757F114382DB900ABDC71 /* level_bi.cpp in Sources */ = {isa = PBXBuildFile; fileRef = 4ACB7E4F142F1326002C4F8A /* level_bi.cpp */; };
		4AD757F214382DB900ABDC71 /* platform.cpp in Sources */ = {isa = PBXBuildFile; fileRef = 4ACB7E70142F1327002C4F8A /* platform.cpp */; };
		4AD757F314382DB900ABDC71 /* b_key.cpp in Sources */ = {isa = PBXBuildFile; fileRef = 4ACB7DCE142F1326002C4F8A /* b_key.cpp */; };
		4AD757F414382DB900ABDC71 /* climber.cpp in Sources */ = {isa = PBXBuildFile; fileRef = 4ACB7E5E142F1326002C4F8A /* climber.cpp */; };
		4AD757F514382DB900ABDC71 /* number.cpp in Sources */ = {isa = PBXBuildFile; fileRef = 4ACB7DF0142F1326002C4F8A /* number.cpp */; };
		4AD757F614382DB900ABDC71 /* window.cpp in Sources */ = {isa = PBXBuildFile; fileRef = 4ACB7DF4142F1326002C4F8A /* window.cpp */; };
		4AD757F714382DB900ABDC71 /* level_dr.cpp in Sources */ = {isa = PBXBuildFile; fileRef = 4ACB7E50142F1326002C4F8A /* level_dr.cpp */; };
		4AD757F814382DB900ABDC71 /* cutbit.cpp in Sources */ = {isa = PBXBuildFile; fileRef = 4ACB7E33142F1326002C4F8A /* cutbit.cpp */; };
		4AD757F914382DB900ABDC71 /* manager.cpp in Sources */ = {isa = PBXBuildFile; fileRef = 4ACB7DEC142F1326002C4F8A /* manager.cpp */; };
		4AD757FA14382DB900ABDC71 /* brow_big.cpp in Sources */ = {isa = PBXBuildFile; fileRef = 4ACB7E77142F1327002C4F8A /* brow_big.cpp */; };
		4AD757FB14382DB900ABDC71 /* bit_brow.cpp in Sources */ = {isa = PBXBuildFile; fileRef = 4ACB7DFB142F1326002C4F8A /* bit_brow.cpp */; };
		4AD757FC14382DB900ABDC71 /* roper.cpp in Sources */ = {isa = PBXBuildFile; fileRef = 4ACB7E71142F1327002C4F8A /* roper.cpp */; };
		4AD757FD14382DB900ABDC71 /* help.cpp in Sources */ = {isa = PBXBuildFile; fileRef = 4ACB7EA4142F1327002C4F8A /* help.cpp */; };
		4AD757FE14382DB900ABDC71 /* lookup.cpp in Sources */ = {isa = PBXBuildFile; fileRef = 4ACB7E27142F1326002C4F8A /* lookup.cpp */; };
		4AD757FF14382DB900ABDC71 /* console.cpp in Sources */ = {isa = PBXBuildFile; fileRef = 4ACB7E9A142F1327002C4F8A /* console.cpp */; };
		4AD7580014382DB900ABDC71 /* lix.cpp in Sources */ = {isa = PBXBuildFile; fileRef = 4ACB7E69142F1326002C4F8A /* lix.cpp */; };
		4AD7580114382DB900ABDC71 /* torbit.cpp in Sources */ = {isa = PBXBuildFile; fileRef = 4ACB7E42142F1326002C4F8A /* torbit.cpp */; };
		4AD7580214382DB900ABDC71 /* io.cpp in Sources */ = {isa = PBXBuildFile; fileRef = 4ACB7EA6142F1327002C4F8A /* io.cpp */; };
		4AD7580314382DB900ABDC71 /* blocker.cpp in Sources */ = {isa = PBXBuildFile; fileRef = 4ACB7E5C142F1326002C4F8A /* blocker.cpp */; };
		4AD7580414382DB900ABDC71 /* faller.cpp in Sources */ = {isa = PBXBuildFile; fileRef = 4ACB7E64142F1326002C4F8A /* faller.cpp */; };
		4AD7580514382DB900ABDC71 /* brow_rep.cpp in Sources */ = {isa = PBXBuildFile; fileRef = 4ACB7E79142F1327002C4F8A /* brow_rep.cpp */; };
		4AD7580614382DB900ABDC71 /* runner.cpp in Sources */ = {isa = PBXBuildFile; fileRef = 4ACB7E72142F1327002C4F8A /* runner.cpp */; };
		4AD7580714382DB900ABDC71 /* date.cpp in Sources */ = {isa = PBXBuildFile; fileRef = 4ACB7E9C142F1327002C4F8A /* date.cpp */; };
		4AD7580814382DB900ABDC71 /* texttype.cpp in Sources */ = {isa = PBXBuildFile; fileRef = 4ACB7DF2142F1326002C4F8A /* texttype.cpp */; };
		4AD7580914382DB900ABDC71 /* brow_sin.cpp in Sources */ = {isa = PBXBuildFile; fileRef = 4ACB7E7A142F1327002C4F8A /* brow_sin.cpp */; };
		4AD7580A14382DB900ABDC71 /* arrow.cpp in Sources */ = {isa = PBXBuildFile; fileRef = 4ACB7E1A142F1326002C4F8A /* arrow.cpp */; };
		4AD7580B14382DB900ABDC71 /* state_ma.cpp in Sources */ = {isa = PBXBuildFile; fileRef = 4ACB7E2D142F1326002C4F8A /* state_ma.cpp */; };
		4AD7580C14382DB900ABDC71 /* batter.cpp in Sources */ = {isa = PBXBuildFile; fileRef = 4ACB7E5B142F1326002C4F8A /* batter.cpp */; };
		4AD7580D14382DB900ABDC71 /* options.cpp in Sources */ = {isa = PBXBuildFile; fileRef = 4ACB7E88142F1327002C4F8A /* options.cpp */; };
		4AD7580E14382DB900ABDC71 /* panel.cpp in Sources */ = {isa = PBXBuildFile; fileRef = 4ACB7E21142F1326002C4F8A /* panel.cpp */; };
		4AD7580F14382DB900ABDC71 /* crunch.cpp in Sources */ = {isa = PBXBuildFile; fileRef = 4ACB7E45142F1326002C4F8A /* crunch.cpp */; };
		4AD7581014382DB900ABDC71 /* state.cpp in Sources */ = {isa = PBXBuildFile; fileRef = 4ACB7E2B142F1326002C4F8A /* state.cpp */; };
		4AD7581114382DB900ABDC71 /* cuber.cpp in Sources */ = {isa = PBXBuildFile; fileRef = 4ACB7E5F142F1326002C4F8A /* cuber.cpp */; };
		4AD7581214382DB900ABDC71 /* stunner.cpp in Sources */ = {isa = PBXBuildFile; fileRef = 4ACB7E73142F1327002C4F8A /* stunner.cpp */; };
		4AD7581314382DB900ABDC71 /* os.cpp in Sources */ = {isa = PBXBuildFile; fileRef = 4ACB7DF8142F1326002C4F8A /* os.cpp */; };
		4AD7581414382DB900ABDC71 /* hatch.cpp in Sources */ = {isa = PBXBuildFile; fileRef = 4ACB7E25142F1326002C4F8A /* hatch.cpp */; };
		4AD7581514382DB900ABDC71 /* lobby_ro.cpp in Sources */ = {isa = PBXBuildFile; fileRef = 4ACB7E82142F1327002C4F8A /* lobby_ro.cpp */; };
		4AD7581614382DB900ABDC71 /* main.cpp in Sources */ = {isa = PBXBuildFile; fileRef = 4ACB7EAE142F1327002C4F8A /* main.cpp */; };
		4AD7581714382DB900ABDC71 /* server.cpp in Sources */ = {isa = PBXBuildFile; fileRef = 4ACB7E96142F1327002C4F8A /* server.cpp */; };
		4AD7581814382DB900ABDC71 /* element.cpp in Sources */ = {isa = PBXBuildFile; fileRef = 4ACB7DDE142F1326002C4F8A /* element.cpp */; };
		4AD7581914382DB900ABDC71 /* graph_ed.cpp in Sources */ = {isa = PBXBuildFile; fileRef = 4ACB7E03142F1326002C4F8A /* graph_ed.cpp */; };
		4AD7581A14382DB900ABDC71 /* bitlist.cpp in Sources */ = {isa = PBXBuildFile; fileRef = 4ACB7E32142F1326002C4F8A /* bitlist.cpp */; };
		4AD7581B14382DB900ABDC71 /* graphic.cpp in Sources */ = {isa = PBXBuildFile; fileRef = 4ACB7E3B142F1326002C4F8A /* graphic.cpp */; };
		4AD7581C14382DB900ABDC71 /* level.cpp in Sources */ = {isa = PBXBuildFile; fileRef = 4ACB7E4D142F1326002C4F8A /* level.cpp */; };
		4AD7581D14382DB900ABDC71 /* frame.cpp in Sources */ = {isa = PBXBuildFile; fileRef = 4ACB7DE0142F1326002C4F8A /* frame.cpp */; };
		4AD7581E14382DB900ABDC71 /* miner.cpp in Sources */ = {isa = PBXBuildFile; fileRef = 4ACB7E6F142F1327002C4F8A /* miner.cpp */; };
		4AD7581F14382DB900ABDC71 /* permu.cpp in Sources */ = {isa = PBXBuildFile; fileRef = 4ACB7E94142F1327002C4F8A /* permu.cpp */; };
		4AD7582014382DB900ABDC71 /* b_enum.cpp in Sources */ = {isa = PBXBuildFile; fileRef = 4ACB7DCA142F1326002C4F8A /* b_enum.cpp */; };
		4AD7582114382DB900ABDC71 /* tribe.cpp in Sources */ = {isa = PBXBuildFile; fileRef = 4ACB7E2F142F1326002C4F8A /* tribe.cpp */; };
		4AD7582214382DB900ABDC71 /* b_text.cpp in Sources */ = {isa = PBXBuildFile; fileRef = 4ACB7DD6142F1326002C4F8A /* b_text.cpp */; };
		4AD7582314382DB900ABDC71 /* language.cpp in Sources */ = {isa = PBXBuildFile; fileRef = 4ACB7EA8142F1327002C4F8A /* language.cpp */; };
		4AD7582414382DB900ABDC71 /* tumbler.cpp in Sources */ = {isa = PBXBuildFile; fileRef = 4ACB7E74142F1327002C4F8A /* tumbler.cpp */; };
		4AD7582514382DB900ABDC71 /* gamepl_a.cpp in Sources */ = {isa = PBXBuildFile; fileRef = 4ACB7E11142F1326002C4F8A /* gamepl_a.cpp */; };
		4AD7582614382DB900ABDC71 /* net_t.cpp in Sources */ = {isa = PBXBuildFile; fileRef = 4ACB7E90142F1327002C4F8A /* net_t.cpp */; };
		4AD7582714382DB900ABDC71 /* b_combin.cpp in Sources */ = {isa = PBXBuildFile; fileRef = 4ACB7DC6142F1326002C4F8A /* b_combin.cpp */; };
		4AD7582814382DB900ABDC71 /* exploder.cpp in Sources */ = {isa = PBXBuildFile; fileRef = 4ACB7E63142F1326002C4F8A /* exploder.cpp */; };
		4AF37479131E535B00157DB3 /* Cocoa.framework in Frameworks */ = {isa = PBXBuildFile; fileRef = 4AF37478131E535B00157DB3 /* Cocoa.framework */; };
/* End PBXBuildFile section */

/* Begin PBXFileReference section */
		4A2429FC131D0CD700D6C047 /* bitmap */ = {isa = PBXFileReference; lastKnownFileType = folder; name = bitmap; path = ../../lix/bitmap; sourceTree = "<group>"; };
		4A242B11131D0CD700D6C047 /* data */ = {isa = PBXFileReference; lastKnownFileType = folder; name = data; path = ../../lix/data; sourceTree = "<group>"; };
		4A242B4F131D0CD700D6C047 /* levels */ = {isa = PBXFileReference; lastKnownFileType = folder; name = levels; path = ../../lix/levels; sourceTree = "<group>"; };
		4A2FBE1114303E4500790176 /* doc */ = {isa = PBXFileReference; lastKnownFileType = folder; name = doc; path = ../../lix/doc; sourceTree = SOURCE_ROOT; };
		4A5FE3F213655F84006350A3 /* libenet.a */ = {isa = PBXFileReference; lastKnownFileType = archive.ar; name = libenet.a; path = /usr/local/lib/libenet.a; sourceTree = "<absolute>"; };
		4A689D481432F5CD009A042B /* lixd */ = {isa = PBXFileReference; explicitFileType = "compiled.mach-o.executable"; includeInIndex = 0; path = lixd; sourceTree = BUILT_PRODUCTS_DIR; };
		4A6CC5B9136591AC00A48E21 /* liballeg-main.a */ = {isa = PBXFileReference; lastKnownFileType = archive.ar; name = "liballeg-main.a"; path = "/usr/local/lib/liballeg-main.a"; sourceTree = "<absolute>"; };
		4A6CC5F5136597AA00A48E21 /* liballeg.4.4.1.dylib */ = {isa = PBXFileReference; lastKnownFileType = "compiled.mach-o.dylib"; name = liballeg.4.4.1.dylib; path = /usr/local/lib/liballeg.4.4.1.dylib; sourceTree = "<absolute>"; };
		4A6CC6551365AB5800A48E21 /* ReadMe.rtf */ = {isa = PBXFileReference; lastKnownFileType = text.rtf; path = ReadMe.rtf; sourceTree = "<group>"; };
		4A97A72C142E238F00E9EF93 /* ImportantNotes.rtf */ = {isa = PBXFileReference; lastKnownFileType = text.rtf; name = ImportantNotes.rtf; path = ../res/ImportantNotes.rtf; sourceTree = SOURCE_ROOT; };
		4ACB7DBF142F1326002C4F8A /* brow_sav.cpp */ = {isa = PBXFileReference; fileEncoding = 4; lastKnownFileType = sourcecode.cpp.cpp; path = brow_sav.cpp; sourceTree = "<group>"; };
		4ACB7DC0142F1326002C4F8A /* brow_sav.h */ = {isa = PBXFileReference; fileEncoding = 4; lastKnownFileType = sourcecode.c.h; path = brow_sav.h; sourceTree = "<group>"; };
		4ACB7DC2142F1326002C4F8A /* b_bitmap.cpp */ = {isa = PBXFileReference; fileEncoding = 4; lastKnownFileType = sourcecode.cpp.cpp; path = b_bitmap.cpp; sourceTree = "<group>"; };
		4ACB7DC4142F1326002C4F8A /* b_bitmap.h */ = {isa = PBXFileReference; fileEncoding = 4; lastKnownFileType = sourcecode.c.h; path = b_bitmap.h; sourceTree = "<group>"; };
		4ACB7DC6142F1326002C4F8A /* b_combin.cpp */ = {isa = PBXFileReference; fileEncoding = 4; lastKnownFileType = sourcecode.cpp.cpp; path = b_combin.cpp; sourceTree = "<group>"; };
		4ACB7DC8142F1326002C4F8A /* b_combin.h */ = {isa = PBXFileReference; fileEncoding = 4; lastKnownFileType = sourcecode.c.h; path = b_combin.h; sourceTree = "<group>"; };
		4ACB7DCA142F1326002C4F8A /* b_enum.cpp */ = {isa = PBXFileReference; fileEncoding = 4; lastKnownFileType = sourcecode.cpp.cpp; path = b_enum.cpp; sourceTree = "<group>"; };
		4ACB7DCC142F1326002C4F8A /* b_enum.h */ = {isa = PBXFileReference; fileEncoding = 4; lastKnownFileType = sourcecode.c.h; path = b_enum.h; sourceTree = "<group>"; };
		4ACB7DCE142F1326002C4F8A /* b_key.cpp */ = {isa = PBXFileReference; fileEncoding = 4; lastKnownFileType = sourcecode.cpp.cpp; path = b_key.cpp; sourceTree = "<group>"; };
		4ACB7DD0142F1326002C4F8A /* b_key.h */ = {isa = PBXFileReference; fileEncoding = 4; lastKnownFileType = sourcecode.c.h; path = b_key.h; sourceTree = "<group>"; };
		4ACB7DD2142F1326002C4F8A /* b_skill.cpp */ = {isa = PBXFileReference; fileEncoding = 4; lastKnownFileType = sourcecode.cpp.cpp; path = b_skill.cpp; sourceTree = "<group>"; };
		4ACB7DD4142F1326002C4F8A /* b_skill.h */ = {isa = PBXFileReference; fileEncoding = 4; lastKnownFileType = sourcecode.c.h; path = b_skill.h; sourceTree = "<group>"; };
		4ACB7DD6142F1326002C4F8A /* b_text.cpp */ = {isa = PBXFileReference; fileEncoding = 4; lastKnownFileType = sourcecode.cpp.cpp; path = b_text.cpp; sourceTree = "<group>"; };
		4ACB7DD8142F1326002C4F8A /* b_text.h */ = {isa = PBXFileReference; fileEncoding = 4; lastKnownFileType = sourcecode.c.h; path = b_text.h; sourceTree = "<group>"; };
		4ACB7DDA142F1326002C4F8A /* button.cpp */ = {isa = PBXFileReference; fileEncoding = 4; lastKnownFileType = sourcecode.cpp.cpp; path = button.cpp; sourceTree = "<group>"; };
		4ACB7DDC142F1326002C4F8A /* button.h */ = {isa = PBXFileReference; fileEncoding = 4; lastKnownFileType = sourcecode.c.h; path = button.h; sourceTree = "<group>"; };
		4ACB7DDE142F1326002C4F8A /* element.cpp */ = {isa = PBXFileReference; fileEncoding = 4; lastKnownFileType = sourcecode.cpp.cpp; path = element.cpp; sourceTree = "<group>"; };
		4ACB7DDF142F1326002C4F8A /* element.h */ = {isa = PBXFileReference; fileEncoding = 4; lastKnownFileType = sourcecode.c.h; path = element.h; sourceTree = "<group>"; };
		4ACB7DE0142F1326002C4F8A /* frame.cpp */ = {isa = PBXFileReference; fileEncoding = 4; lastKnownFileType = sourcecode.cpp.cpp; path = frame.cpp; sourceTree = "<group>"; };
		4ACB7DE1142F1326002C4F8A /* frame.h */ = {isa = PBXFileReference; fileEncoding = 4; lastKnownFileType = sourcecode.c.h; path = frame.h; sourceTree = "<group>"; };
		4ACB7DE2142F1326002C4F8A /* label.cpp */ = {isa = PBXFileReference; fileEncoding = 4; lastKnownFileType = sourcecode.cpp.cpp; path = label.cpp; sourceTree = "<group>"; };
		4ACB7DE3142F1326002C4F8A /* label.h */ = {isa = PBXFileReference; fileEncoding = 4; lastKnownFileType = sourcecode.c.h; path = label.h; sourceTree = "<group>"; };
		4ACB7DE4142F1326002C4F8A /* labeltwo.cpp */ = {isa = PBXFileReference; fileEncoding = 4; lastKnownFileType = sourcecode.cpp.cpp; path = labeltwo.cpp; sourceTree = "<group>"; };
		4ACB7DE5142F1326002C4F8A /* labeltwo.h */ = {isa = PBXFileReference; fileEncoding = 4; lastKnownFileType = sourcecode.c.h; path = labeltwo.h; sourceTree = "<group>"; };
		4ACB7DE6142F1326002C4F8A /* list_dir.cpp */ = {isa = PBXFileReference; fileEncoding = 4; lastKnownFileType = sourcecode.cpp.cpp; path = list_dir.cpp; sourceTree = "<group>"; };
		4ACB7DE7142F1326002C4F8A /* list_dir.h */ = {isa = PBXFileReference; fileEncoding = 4; lastKnownFileType = sourcecode.c.h; path = list_dir.h; sourceTree = "<group>"; };
		4ACB7DE8142F1326002C4F8A /* list_fil.cpp */ = {isa = PBXFileReference; fileEncoding = 4; lastKnownFileType = sourcecode.cpp.cpp; path = list_fil.cpp; sourceTree = "<group>"; };
		4ACB7DE9142F1326002C4F8A /* list_fil.h */ = {isa = PBXFileReference; fileEncoding = 4; lastKnownFileType = sourcecode.c.h; path = list_fil.h; sourceTree = "<group>"; };
		4ACB7DEA142F1326002C4F8A /* list_lev.cpp */ = {isa = PBXFileReference; fileEncoding = 4; lastKnownFileType = sourcecode.cpp.cpp; path = list_lev.cpp; sourceTree = "<group>"; };
		4ACB7DEB142F1326002C4F8A /* list_lev.h */ = {isa = PBXFileReference; fileEncoding = 4; lastKnownFileType = sourcecode.c.h; path = list_lev.h; sourceTree = "<group>"; };
		4ACB7DEC142F1326002C4F8A /* manager.cpp */ = {isa = PBXFileReference; fileEncoding = 4; lastKnownFileType = sourcecode.cpp.cpp; path = manager.cpp; sourceTree = "<group>"; };
		4ACB7DED142F1326002C4F8A /* manager.h */ = {isa = PBXFileReference; fileEncoding = 4; lastKnownFileType = sourcecode.c.h; path = manager.h; sourceTree = "<group>"; };
		4ACB7DEE142F1326002C4F8A /* message.cpp */ = {isa = PBXFileReference; fileEncoding = 4; lastKnownFileType = sourcecode.cpp.cpp; path = message.cpp; sourceTree = "<group>"; };
		4ACB7DEF142F1326002C4F8A /* message.h */ = {isa = PBXFileReference; fileEncoding = 4; lastKnownFileType = sourcecode.c.h; path = message.h; sourceTree = "<group>"; };
		4ACB7DF0142F1326002C4F8A /* number.cpp */ = {isa = PBXFileReference; fileEncoding = 4; lastKnownFileType = sourcecode.cpp.cpp; path = number.cpp; sourceTree = "<group>"; };
		4ACB7DF1142F1326002C4F8A /* number.h */ = {isa = PBXFileReference; fileEncoding = 4; lastKnownFileType = sourcecode.c.h; path = number.h; sourceTree = "<group>"; };
		4ACB7DF2142F1326002C4F8A /* texttype.cpp */ = {isa = PBXFileReference; fileEncoding = 4; lastKnownFileType = sourcecode.cpp.cpp; path = texttype.cpp; sourceTree = "<group>"; };
		4ACB7DF3142F1326002C4F8A /* texttype.h */ = {isa = PBXFileReference; fileEncoding = 4; lastKnownFileType = sourcecode.c.h; path = texttype.h; sourceTree = "<group>"; };
		4ACB7DF4142F1326002C4F8A /* window.cpp */ = {isa = PBXFileReference; fileEncoding = 4; lastKnownFileType = sourcecode.cpp.cpp; path = window.cpp; sourceTree = "<group>"; };
		4ACB7DF5142F1326002C4F8A /* window.h */ = {isa = PBXFileReference; fileEncoding = 4; lastKnownFileType = sourcecode.c.h; path = window.h; sourceTree = "<group>"; };
		4ACB7DF7142F1326002C4F8A /* main.cpp */ = {isa = PBXFileReference; fileEncoding = 4; lastKnownFileType = sourcecode.cpp.cpp; path = main.cpp; sourceTree = "<group>"; };
		4ACB7DF8142F1326002C4F8A /* os.cpp */ = {isa = PBXFileReference; fileEncoding = 4; lastKnownFileType = sourcecode.cpp.cpp; path = os.cpp; sourceTree = "<group>"; };
		4ACB7DF9142F1326002C4F8A /* os.h */ = {isa = PBXFileReference; fileEncoding = 4; lastKnownFileType = sourcecode.c.h; path = os.h; sourceTree = "<group>"; };
		4ACB7DFB142F1326002C4F8A /* bit_brow.cpp */ = {isa = PBXFileReference; fileEncoding = 4; lastKnownFileType = sourcecode.cpp.cpp; path = bit_brow.cpp; sourceTree = "<group>"; };
		4ACB7DFC142F1326002C4F8A /* bit_brow.h */ = {isa = PBXFileReference; fileEncoding = 4; lastKnownFileType = sourcecode.c.h; path = bit_brow.h; sourceTree = "<group>"; };
		4ACB7DFD142F1326002C4F8A /* button_k.h */ = {isa = PBXFileReference; fileEncoding = 4; lastKnownFileType = sourcecode.c.h; path = button_k.h; sourceTree = "<group>"; };
		4ACB7DFE142F1326002C4F8A /* editor.cpp */ = {isa = PBXFileReference; fileEncoding = 4; lastKnownFileType = sourcecode.cpp.cpp; path = editor.cpp; sourceTree = "<group>"; };
		4ACB7DFF142F1326002C4F8A /* editor.h */ = {isa = PBXFileReference; fileEncoding = 4; lastKnownFileType = sourcecode.c.h; path = editor.h; sourceTree = "<group>"; };
		4ACB7E00142F1326002C4F8A /* editor_c.cpp */ = {isa = PBXFileReference; fileEncoding = 4; lastKnownFileType = sourcecode.cpp.cpp; path = editor_c.cpp; sourceTree = "<group>"; };
		4ACB7E01142F1326002C4F8A /* editor_d.cpp */ = {isa = PBXFileReference; fileEncoding = 4; lastKnownFileType = sourcecode.cpp.cpp; path = editor_d.cpp; sourceTree = "<group>"; };
		4ACB7E02142F1326002C4F8A /* editor_f.cpp */ = {isa = PBXFileReference; fileEncoding = 4; lastKnownFileType = sourcecode.cpp.cpp; path = editor_f.cpp; sourceTree = "<group>"; };
		4ACB7E03142F1326002C4F8A /* graph_ed.cpp */ = {isa = PBXFileReference; fileEncoding = 4; lastKnownFileType = sourcecode.cpp.cpp; path = graph_ed.cpp; sourceTree = "<group>"; };
		4ACB7E04142F1326002C4F8A /* graph_ed.h */ = {isa = PBXFileReference; fileEncoding = 4; lastKnownFileType = sourcecode.c.h; path = graph_ed.h; sourceTree = "<group>"; };
		4ACB7E05142F1326002C4F8A /* win_scro.cpp */ = {isa = PBXFileReference; fileEncoding = 4; lastKnownFileType = sourcecode.cpp.cpp; path = win_scro.cpp; sourceTree = "<group>"; };
		4ACB7E06142F1326002C4F8A /* win_scro.h */ = {isa = PBXFileReference; fileEncoding = 4; lastKnownFileType = sourcecode.c.h; path = win_scro.h; sourceTree = "<group>"; };
		4ACB7E07142F1326002C4F8A /* win_size.cpp */ = {isa = PBXFileReference; fileEncoding = 4; lastKnownFileType = sourcecode.cpp.cpp; path = win_size.cpp; sourceTree = "<group>"; };
		4ACB7E08142F1326002C4F8A /* win_size.h */ = {isa = PBXFileReference; fileEncoding = 4; lastKnownFileType = sourcecode.c.h; path = win_size.h; sourceTree = "<group>"; };
		4ACB7E09142F1326002C4F8A /* win_skil.cpp */ = {isa = PBXFileReference; fileEncoding = 4; lastKnownFileType = sourcecode.cpp.cpp; path = win_skil.cpp; sourceTree = "<group>"; };
		4ACB7E0A142F1326002C4F8A /* win_skil.h */ = {isa = PBXFileReference; fileEncoding = 4; lastKnownFileType = sourcecode.c.h; path = win_skil.h; sourceTree = "<group>"; };
		4ACB7E0B142F1326002C4F8A /* win_var.cpp */ = {isa = PBXFileReference; fileEncoding = 4; lastKnownFileType = sourcecode.cpp.cpp; path = win_var.cpp; sourceTree = "<group>"; };
		4ACB7E0C142F1326002C4F8A /* win_var.h */ = {isa = PBXFileReference; fileEncoding = 4; lastKnownFileType = sourcecode.c.h; path = win_var.h; sourceTree = "<group>"; };
		4ACB7E0F142F1326002C4F8A /* effect.cpp */ = {isa = PBXFileReference; fileEncoding = 4; lastKnownFileType = sourcecode.cpp.cpp; path = effect.cpp; sourceTree = "<group>"; };
		4ACB7E10142F1326002C4F8A /* effect.h */ = {isa = PBXFileReference; fileEncoding = 4; lastKnownFileType = sourcecode.c.h; path = effect.h; sourceTree = "<group>"; };
		4ACB7E11142F1326002C4F8A /* gamepl_a.cpp */ = {isa = PBXFileReference; fileEncoding = 4; lastKnownFileType = sourcecode.cpp.cpp; path = gamepl_a.cpp; sourceTree = "<group>"; };
		4ACB7E12142F1326002C4F8A /* gamepl_c.cpp */ = {isa = PBXFileReference; fileEncoding = 4; lastKnownFileType = sourcecode.cpp.cpp; path = gamepl_c.cpp; sourceTree = "<group>"; };
		4ACB7E13142F1326002C4F8A /* gamepl_d.cpp */ = {isa = PBXFileReference; fileEncoding = 4; lastKnownFileType = sourcecode.cpp.cpp; path = gamepl_d.cpp; sourceTree = "<group>"; };
		4ACB7E14142F1326002C4F8A /* gamepl_u.cpp */ = {isa = PBXFileReference; fileEncoding = 4; lastKnownFileType = sourcecode.cpp.cpp; path = gamepl_u.cpp; sourceTree = "<group>"; };
		4ACB7E15142F1326002C4F8A /* gameplay.cpp */ = {isa = PBXFileReference; fileEncoding = 4; lastKnownFileType = sourcecode.cpp.cpp; path = gameplay.cpp; sourceTree = "<group>"; };
		4ACB7E16142F1326002C4F8A /* gameplay.h */ = {isa = PBXFileReference; fileEncoding = 4; lastKnownFileType = sourcecode.c.h; path = gameplay.h; sourceTree = "<group>"; };
		4ACB7E17142F1326002C4F8A /* goal.cpp */ = {isa = PBXFileReference; fileEncoding = 4; lastKnownFileType = sourcecode.cpp.cpp; path = goal.cpp; sourceTree = "<group>"; };
		4ACB7E18142F1326002C4F8A /* goal.h */ = {isa = PBXFileReference; fileEncoding = 4; lastKnownFileType = sourcecode.c.h; path = goal.h; sourceTree = "<group>"; };
		4ACB7E1A142F1326002C4F8A /* arrow.cpp */ = {isa = PBXFileReference; fileEncoding = 4; lastKnownFileType = sourcecode.cpp.cpp; path = arrow.cpp; sourceTree = "<group>"; };
		4ACB7E1B142F1326002C4F8A /* arrow.h */ = {isa = PBXFileReference; fileEncoding = 4; lastKnownFileType = sourcecode.c.h; path = arrow.h; sourceTree = "<group>"; };
		4ACB7E1C142F1326002C4F8A /* chat.cpp */ = {isa = PBXFileReference; fileEncoding = 4; lastKnownFileType = sourcecode.cpp.cpp; path = chat.cpp; sourceTree = "<group>"; };
		4ACB7E1D142F1326002C4F8A /* chat.h */ = {isa = PBXFileReference; fileEncoding = 4; lastKnownFileType = sourcecode.c.h; path = chat.h; sourceTree = "<group>"; };
		4ACB7E1E142F1326002C4F8A /* pan_i_tr.cpp */ = {isa = PBXFileReference; fileEncoding = 4; lastKnownFileType = sourcecode.cpp.cpp; path = pan_i_tr.cpp; sourceTree = "<group>"; };
		4ACB7E1F142F1326002C4F8A /* pan_info.cpp */ = {isa = PBXFileReference; fileEncoding = 4; lastKnownFileType = sourcecode.cpp.cpp; path = pan_info.cpp; sourceTree = "<group>"; };
		4ACB7E20142F1326002C4F8A /* pan_info.h */ = {isa = PBXFileReference; fileEncoding = 4; lastKnownFileType = sourcecode.c.h; path = pan_info.h; sourceTree = "<group>"; };
		4ACB7E21142F1326002C4F8A /* panel.cpp */ = {isa = PBXFileReference; fileEncoding = 4; lastKnownFileType = sourcecode.cpp.cpp; path = panel.cpp; sourceTree = "<group>"; };
		4ACB7E22142F1326002C4F8A /* panel.h */ = {isa = PBXFileReference; fileEncoding = 4; lastKnownFileType = sourcecode.c.h; path = panel.h; sourceTree = "<group>"; };
		4ACB7E23142F1326002C4F8A /* win_game.cpp */ = {isa = PBXFileReference; fileEncoding = 4; lastKnownFileType = sourcecode.cpp.cpp; path = win_game.cpp; sourceTree = "<group>"; };
		4ACB7E24142F1326002C4F8A /* win_game.h */ = {isa = PBXFileReference; fileEncoding = 4; lastKnownFileType = sourcecode.c.h; path = win_game.h; sourceTree = "<group>"; };
		4ACB7E25142F1326002C4F8A /* hatch.cpp */ = {isa = PBXFileReference; fileEncoding = 4; lastKnownFileType = sourcecode.cpp.cpp; path = hatch.cpp; sourceTree = "<group>"; };
		4ACB7E26142F1326002C4F8A /* hatch.h */ = {isa = PBXFileReference; fileEncoding = 4; lastKnownFileType = sourcecode.c.h; path = hatch.h; sourceTree = "<group>"; };
		4ACB7E27142F1326002C4F8A /* lookup.cpp */ = {isa = PBXFileReference; fileEncoding = 4; lastKnownFileType = sourcecode.cpp.cpp; path = lookup.cpp; sourceTree = "<group>"; };
		4ACB7E28142F1326002C4F8A /* lookup.h */ = {isa = PBXFileReference; fileEncoding = 4; lastKnownFileType = sourcecode.c.h; path = lookup.h; sourceTree = "<group>"; };
		4ACB7E29142F1326002C4F8A /* replay.cpp */ = {isa = PBXFileReference; fileEncoding = 4; lastKnownFileType = sourcecode.cpp.cpp; path = replay.cpp; sourceTree = "<group>"; };
		4ACB7E2A142F1326002C4F8A /* replay.h */ = {isa = PBXFileReference; fileEncoding = 4; lastKnownFileType = sourcecode.c.h; path = replay.h; sourceTree = "<group>"; };
		4ACB7E2B142F1326002C4F8A /* state.cpp */ = {isa = PBXFileReference; fileEncoding = 4; lastKnownFileType = sourcecode.cpp.cpp; path = state.cpp; sourceTree = "<group>"; };
		4ACB7E2C142F1326002C4F8A /* state.h */ = {isa = PBXFileReference; fileEncoding = 4; lastKnownFileType = sourcecode.c.h; path = state.h; sourceTree = "<group>"; };
		4ACB7E2D142F1326002C4F8A /* state_ma.cpp */ = {isa = PBXFileReference; fileEncoding = 4; lastKnownFileType = sourcecode.cpp.cpp; path = state_ma.cpp; sourceTree = "<group>"; };
		4ACB7E2E142F1326002C4F8A /* state_ma.h */ = {isa = PBXFileReference; fileEncoding = 4; lastKnownFileType = sourcecode.c.h; path = state_ma.h; sourceTree = "<group>"; };
		4ACB7E2F142F1326002C4F8A /* tribe.cpp */ = {isa = PBXFileReference; fileEncoding = 4; lastKnownFileType = sourcecode.cpp.cpp; path = tribe.cpp; sourceTree = "<group>"; };
		4ACB7E30142F1326002C4F8A /* tribe.h */ = {isa = PBXFileReference; fileEncoding = 4; lastKnownFileType = sourcecode.c.h; path = tribe.h; sourceTree = "<group>"; };
		4ACB7E32142F1326002C4F8A /* bitlist.cpp */ = {isa = PBXFileReference; fileEncoding = 4; lastKnownFileType = sourcecode.cpp.cpp; path = bitlist.cpp; sourceTree = "<group>"; };
		4ACB7E33142F1326002C4F8A /* cutbit.cpp */ = {isa = PBXFileReference; fileEncoding = 4; lastKnownFileType = sourcecode.cpp.cpp; path = cutbit.cpp; sourceTree = "<group>"; };
		4ACB7E34142F1326002C4F8A /* cutbit.h */ = {isa = PBXFileReference; fileEncoding = 4; lastKnownFileType = sourcecode.c.h; path = cutbit.h; sourceTree = "<group>"; };
		4ACB7E35142F1326002C4F8A /* glob_gfx.h */ = {isa = PBXFileReference; fileEncoding = 4; lastKnownFileType = sourcecode.c.h; path = glob_gfx.h; sourceTree = "<group>"; };
		4ACB7E36142F1326002C4F8A /* glob_gfx.cpp */ = {isa = PBXFileReference; fileEncoding = 4; lastKnownFileType = sourcecode.cpp.cpp; path = glob_gfx.cpp; sourceTree = "<group>"; };
		4ACB7E37142F1326002C4F8A /* gra_lib.cpp */ = {isa = PBXFileReference; fileEncoding = 4; lastKnownFileType = sourcecode.cpp.cpp; path = gra_lib.cpp; sourceTree = "<group>"; };
		4ACB7E38142F1326002C4F8A /* gra_lib.h */ = {isa = PBXFileReference; fileEncoding = 4; lastKnownFileType = sourcecode.c.h; path = gra_lib.h; sourceTree = "<group>"; };
		4ACB7E39142F1326002C4F8A /* graph_bg.cpp */ = {isa = PBXFileReference; fileEncoding = 4; lastKnownFileType = sourcecode.cpp.cpp; path = graph_bg.cpp; sourceTree = "<group>"; };
		4ACB7E3A142F1326002C4F8A /* graph_bg.h */ = {isa = PBXFileReference; fileEncoding = 4; lastKnownFileType = sourcecode.c.h; path = graph_bg.h; sourceTree = "<group>"; };
		4ACB7E3B142F1326002C4F8A /* graphic.cpp */ = {isa = PBXFileReference; fileEncoding = 4; lastKnownFileType = sourcecode.cpp.cpp; path = graphic.cpp; sourceTree = "<group>"; };
		4ACB7E3C142F1326002C4F8A /* graphic.h */ = {isa = PBXFileReference; fileEncoding = 4; lastKnownFileType = sourcecode.c.h; path = graphic.h; sourceTree = "<group>"; };
		4ACB7E3D142F1326002C4F8A /* map.cpp */ = {isa = PBXFileReference; fileEncoding = 4; lastKnownFileType = sourcecode.cpp.cpp; path = map.cpp; sourceTree = "<group>"; };
		4ACB7E3E142F1326002C4F8A /* map.h */ = {isa = PBXFileReference; fileEncoding = 4; lastKnownFileType = sourcecode.c.h; path = map.h; sourceTree = "<group>"; };
		4ACB7E3F142F1326002C4F8A /* map_d.cpp */ = {isa = PBXFileReference; fileEncoding = 4; lastKnownFileType = sourcecode.cpp.cpp; path = map_d.cpp; sourceTree = "<group>"; };
		4ACB7E40142F1326002C4F8A /* sound.cpp */ = {isa = PBXFileReference; fileEncoding = 4; lastKnownFileType = sourcecode.cpp.cpp; path = sound.cpp; sourceTree = "<group>"; };
		4ACB7E41142F1326002C4F8A /* sound.h */ = {isa = PBXFileReference; fileEncoding = 4; lastKnownFileType = sourcecode.c.h; path = sound.h; sourceTree = "<group>"; };
		4ACB7E42142F1326002C4F8A /* torbit.cpp */ = {isa = PBXFileReference; fileEncoding = 4; lastKnownFileType = sourcecode.cpp.cpp; path = torbit.cpp; sourceTree = "<group>"; };
		4ACB7E43142F1326002C4F8A /* torbit.h */ = {isa = PBXFileReference; fileEncoding = 4; lastKnownFileType = sourcecode.c.h; path = torbit.h; sourceTree = "<group>"; };
		4ACB7E45142F1326002C4F8A /* crunch.cpp */ = {isa = PBXFileReference; fileEncoding = 4; lastKnownFileType = sourcecode.cpp.cpp; path = crunch.cpp; sourceTree = "<group>"; };
		4ACB7E46142F1326002C4F8A /* crunch.h */ = {isa = PBXFileReference; fileEncoding = 4; lastKnownFileType = sourcecode.c.h; path = crunch.h; sourceTree = "<group>"; };
		4ACB7E47142F1326002C4F8A /* graset.cpp */ = {isa = PBXFileReference; fileEncoding = 4; lastKnownFileType = sourcecode.cpp.cpp; path = graset.cpp; sourceTree = "<group>"; };
		4ACB7E48142F1326002C4F8A /* graset.h */ = {isa = PBXFileReference; fileEncoding = 4; lastKnownFileType = sourcecode.c.h; path = graset.h; sourceTree = "<group>"; };
		4ACB7E49142F1326002C4F8A /* graset_1.cpp */ = {isa = PBXFileReference; fileEncoding = 4; lastKnownFileType = sourcecode.cpp.cpp; path = graset_1.cpp; sourceTree = "<group>"; };
		4ACB7E4A142F1326002C4F8A /* graset_1.h */ = {isa = PBXFileReference; fileEncoding = 4; lastKnownFileType = sourcecode.c.h; path = graset_1.h; sourceTree = "<group>"; };
		4ACB7E4B142F1326002C4F8A /* graset_2.cpp */ = {isa = PBXFileReference; fileEncoding = 4; lastKnownFileType = sourcecode.cpp.cpp; path = graset_2.cpp; sourceTree = "<group>"; };
		4ACB7E4C142F1326002C4F8A /* graset_2.h */ = {isa = PBXFileReference; fileEncoding = 4; lastKnownFileType = sourcecode.c.h; path = graset_2.h; sourceTree = "<group>"; };
		4ACB7E4D142F1326002C4F8A /* level.cpp */ = {isa = PBXFileReference; fileEncoding = 4; lastKnownFileType = sourcecode.cpp.cpp; path = level.cpp; sourceTree = "<group>"; };
		4ACB7E4E142F1326002C4F8A /* level.h */ = {isa = PBXFileReference; fileEncoding = 4; lastKnownFileType = sourcecode.c.h; path = level.h; sourceTree = "<group>"; };
		4ACB7E4F142F1326002C4F8A /* level_bi.cpp */ = {isa = PBXFileReference; fileEncoding = 4; lastKnownFileType = sourcecode.cpp.cpp; path = level_bi.cpp; sourceTree = "<group>"; };
		4ACB7E50142F1326002C4F8A /* level_dr.cpp */ = {isa = PBXFileReference; fileEncoding = 4; lastKnownFileType = sourcecode.cpp.cpp; path = level_dr.cpp; sourceTree = "<group>"; };
		4ACB7E51142F1326002C4F8A /* level_io.cpp */ = {isa = PBXFileReference; fileEncoding = 4; lastKnownFileType = sourcecode.cpp.cpp; path = level_io.cpp; sourceTree = "<group>"; };
		4ACB7E52142F1326002C4F8A /* obj_lib.cpp */ = {isa = PBXFileReference; fileEncoding = 4; lastKnownFileType = sourcecode.cpp.cpp; path = obj_lib.cpp; sourceTree = "<group>"; };
		4ACB7E53142F1326002C4F8A /* obj_lib.h */ = {isa = PBXFileReference; fileEncoding = 4; lastKnownFileType = sourcecode.c.h; path = obj_lib.h; sourceTree = "<group>"; };
		4ACB7E54142F1326002C4F8A /* object.cpp */ = {isa = PBXFileReference; fileEncoding = 4; lastKnownFileType = sourcecode.cpp.cpp; path = object.cpp; sourceTree = "<group>"; };
		4ACB7E55142F1326002C4F8A /* object.h */ = {isa = PBXFileReference; fileEncoding = 4; lastKnownFileType = sourcecode.c.h; path = object.h; sourceTree = "<group>"; };
		4ACB7E57142F1326002C4F8A /* ac.h */ = {isa = PBXFileReference; fileEncoding = 4; lastKnownFileType = sourcecode.c.h; path = ac.h; sourceTree = "<group>"; };
		4ACB7E58142F1326002C4F8A /* ac_func.cpp */ = {isa = PBXFileReference; fileEncoding = 4; lastKnownFileType = sourcecode.cpp.cpp; path = ac_func.cpp; sourceTree = "<group>"; };
		4ACB7E59142F1326002C4F8A /* ac_func.h */ = {isa = PBXFileReference; fileEncoding = 4; lastKnownFileType = sourcecode.c.h; path = ac_func.h; sourceTree = "<group>"; };
		4ACB7E5A142F1326002C4F8A /* basher.cpp */ = {isa = PBXFileReference; fileEncoding = 4; lastKnownFileType = sourcecode.cpp.cpp; path = basher.cpp; sourceTree = "<group>"; };
		4ACB7E5B142F1326002C4F8A /* batter.cpp */ = {isa = PBXFileReference; fileEncoding = 4; lastKnownFileType = sourcecode.cpp.cpp; path = batter.cpp; sourceTree = "<group>"; };
		4ACB7E5C142F1326002C4F8A /* blocker.cpp */ = {isa = PBXFileReference; fileEncoding = 4; lastKnownFileType = sourcecode.cpp.cpp; path = blocker.cpp; sourceTree = "<group>"; };
		4ACB7E5D142F1326002C4F8A /* builder.cpp */ = {isa = PBXFileReference; fileEncoding = 4; lastKnownFileType = sourcecode.cpp.cpp; path = builder.cpp; sourceTree = "<group>"; };
		4ACB7E5E142F1326002C4F8A /* climber.cpp */ = {isa = PBXFileReference; fileEncoding = 4; lastKnownFileType = sourcecode.cpp.cpp; path = climber.cpp; sourceTree = "<group>"; };
		4ACB7E5F142F1326002C4F8A /* cuber.cpp */ = {isa = PBXFileReference; fileEncoding = 4; lastKnownFileType = sourcecode.cpp.cpp; path = cuber.cpp; sourceTree = "<group>"; };
		4ACB7E60142F1326002C4F8A /* deaths.cpp */ = {isa = PBXFileReference; fileEncoding = 4; lastKnownFileType = sourcecode.cpp.cpp; path = deaths.cpp; sourceTree = "<group>"; };
		4ACB7E61142F1326002C4F8A /* digger.cpp */ = {isa = PBXFileReference; fileEncoding = 4; lastKnownFileType = sourcecode.cpp.cpp; path = digger.cpp; sourceTree = "<group>"; };
		4ACB7E62142F1326002C4F8A /* exiter.cpp */ = {isa = PBXFileReference; fileEncoding = 4; lastKnownFileType = sourcecode.cpp.cpp; path = exiter.cpp; sourceTree = "<group>"; };
		4ACB7E63142F1326002C4F8A /* exploder.cpp */ = {isa = PBXFileReference; fileEncoding = 4; lastKnownFileType = sourcecode.cpp.cpp; path = exploder.cpp; sourceTree = "<group>"; };
		4ACB7E64142F1326002C4F8A /* faller.cpp */ = {isa = PBXFileReference; fileEncoding = 4; lastKnownFileType = sourcecode.cpp.cpp; path = faller.cpp; sourceTree = "<group>"; };
		4ACB7E65142F1326002C4F8A /* floater.cpp */ = {isa = PBXFileReference; fileEncoding = 4; lastKnownFileType = sourcecode.cpp.cpp; path = floater.cpp; sourceTree = "<group>"; };
		4ACB7E66142F1326002C4F8A /* init.cpp */ = {isa = PBXFileReference; fileEncoding = 4; lastKnownFileType = sourcecode.cpp.cpp; path = init.cpp; sourceTree = "<group>"; };
		4ACB7E67142F1326002C4F8A /* jumper.cpp */ = {isa = PBXFileReference; fileEncoding = 4; lastKnownFileType = sourcecode.cpp.cpp; path = jumper.cpp; sourceTree = "<group>"; };
		4ACB7E68142F1326002C4F8A /* lander.cpp */ = {isa = PBXFileReference; fileEncoding = 4; lastKnownFileType = sourcecode.cpp.cpp; path = lander.cpp; sourceTree = "<group>"; };
		4ACB7E69142F1326002C4F8A /* lix.cpp */ = {isa = PBXFileReference; fileEncoding = 4; lastKnownFileType = sourcecode.cpp.cpp; path = lix.cpp; sourceTree = "<group>"; };
		4ACB7E6A142F1326002C4F8A /* lix.h */ = {isa = PBXFileReference; fileEncoding = 4; lastKnownFileType = sourcecode.c.h; path = lix.h; sourceTree = "<group>"; };
		4ACB7E6B142F1326002C4F8A /* lix_ac.cpp */ = {isa = PBXFileReference; fileEncoding = 4; lastKnownFileType = sourcecode.cpp.cpp; path = lix_ac.cpp; sourceTree = "<group>"; };
		4ACB7E6C142F1326002C4F8A /* lix_enum.cpp */ = {isa = PBXFileReference; fileEncoding = 4; lastKnownFileType = sourcecode.cpp.cpp; path = lix_enum.cpp; sourceTree = "<group>"; };
		4ACB7E6D142F1326002C4F8A /* lix_enum.h */ = {isa = PBXFileReference; fileEncoding = 4; lastKnownFileType = sourcecode.c.h; path = lix_enum.h; sourceTree = "<group>"; };
		4ACB7E6E142F1327002C4F8A /* lix_upd.cpp */ = {isa = PBXFileReference; fileEncoding = 4; lastKnownFileType = sourcecode.cpp.cpp; path = lix_upd.cpp; sourceTree = "<group>"; };
		4ACB7E6F142F1327002C4F8A /* miner.cpp */ = {isa = PBXFileReference; fileEncoding = 4; lastKnownFileType = sourcecode.cpp.cpp; path = miner.cpp; sourceTree = "<group>"; };
		4ACB7E70142F1327002C4F8A /* platform.cpp */ = {isa = PBXFileReference; fileEncoding = 4; lastKnownFileType = sourcecode.cpp.cpp; path = platform.cpp; sourceTree = "<group>"; };
		4ACB7E71142F1327002C4F8A /* roper.cpp */ = {isa = PBXFileReference; fileEncoding = 4; lastKnownFileType = sourcecode.cpp.cpp; path = roper.cpp; sourceTree = "<group>"; };
		4ACB7E72142F1327002C4F8A /* runner.cpp */ = {isa = PBXFileReference; fileEncoding = 4; lastKnownFileType = sourcecode.cpp.cpp; path = runner.cpp; sourceTree = "<group>"; };
		4ACB7E73142F1327002C4F8A /* stunner.cpp */ = {isa = PBXFileReference; fileEncoding = 4; lastKnownFileType = sourcecode.cpp.cpp; path = stunner.cpp; sourceTree = "<group>"; };
		4ACB7E74142F1327002C4F8A /* tumbler.cpp */ = {isa = PBXFileReference; fileEncoding = 4; lastKnownFileType = sourcecode.cpp.cpp; path = tumbler.cpp; sourceTree = "<group>"; };
		4ACB7E75142F1327002C4F8A /* walker.cpp */ = {isa = PBXFileReference; fileEncoding = 4; lastKnownFileType = sourcecode.cpp.cpp; path = walker.cpp; sourceTree = "<group>"; };
		4ACB7E77142F1327002C4F8A /* brow_big.cpp */ = {isa = PBXFileReference; fileEncoding = 4; lastKnownFileType = sourcecode.cpp.cpp; path = brow_big.cpp; sourceTree = "<group>"; };
		4ACB7E78142F1327002C4F8A /* brow_big.h */ = {isa = PBXFileReference; fileEncoding = 4; lastKnownFileType = sourcecode.c.h; path = brow_big.h; sourceTree = "<group>"; };
		4ACB7E79142F1327002C4F8A /* brow_rep.cpp */ = {isa = PBXFileReference; fileEncoding = 4; lastKnownFileType = sourcecode.cpp.cpp; path = brow_rep.cpp; sourceTree = "<group>"; };
		4ACB7E7A142F1327002C4F8A /* brow_sin.cpp */ = {isa = PBXFileReference; fileEncoding = 4; lastKnownFileType = sourcecode.cpp.cpp; path = brow_sin.cpp; sourceTree = "<group>"; };
		4ACB7E7B142F1327002C4F8A /* browsers.h */ = {isa = PBXFileReference; fileEncoding = 4; lastKnownFileType = sourcecode.c.h; path = browsers.h; sourceTree = "<group>"; };
		4ACB7E7C142F1327002C4F8A /* little.cpp */ = {isa = PBXFileReference; fileEncoding = 4; lastKnownFileType = sourcecode.cpp.cpp; path = little.cpp; sourceTree = "<group>"; };
		4ACB7E7D142F1327002C4F8A /* little.h */ = {isa = PBXFileReference; fileEncoding = 4; lastKnownFileType = sourcecode.c.h; path = little.h; sourceTree = "<group>"; };
		4ACB7E7E142F1327002C4F8A /* lobby.cpp */ = {isa = PBXFileReference; fileEncoding = 4; lastKnownFileType = sourcecode.cpp.cpp; path = lobby.cpp; sourceTree = "<group>"; };
		4ACB7E7F142F1327002C4F8A /* lobby.h */ = {isa = PBXFileReference; fileEncoding = 4; lastKnownFileType = sourcecode.c.h; path = lobby.h; sourceTree = "<group>"; };
		4ACB7E80142F1327002C4F8A /* lobby_li.cpp */ = {isa = PBXFileReference; fileEncoding = 4; lastKnownFileType = sourcecode.cpp.cpp; path = lobby_li.cpp; sourceTree = "<group>"; };
		4ACB7E81142F1327002C4F8A /* lobby_li.h */ = {isa = PBXFileReference; fileEncoding = 4; lastKnownFileType = sourcecode.c.h; path = lobby_li.h; sourceTree = "<group>"; };
		4ACB7E82142F1327002C4F8A /* lobby_ro.cpp */ = {isa = PBXFileReference; fileEncoding = 4; lastKnownFileType = sourcecode.cpp.cpp; path = lobby_ro.cpp; sourceTree = "<group>"; };
		4ACB7E83142F1327002C4F8A /* lobby_ro.h */ = {isa = PBXFileReference; fileEncoding = 4; lastKnownFileType = sourcecode.c.h; path = lobby_ro.h; sourceTree = "<group>"; };
		4ACB7E84142F1327002C4F8A /* main_men.cpp */ = {isa = PBXFileReference; fileEncoding = 4; lastKnownFileType = sourcecode.cpp.cpp; path = main_men.cpp; sourceTree = "<group>"; };
		4ACB7E85142F1327002C4F8A /* main_men.h */ = {isa = PBXFileReference; fileEncoding = 4; lastKnownFileType = sourcecode.c.h; path = main_men.h; sourceTree = "<group>"; };
		4ACB7E86142F1327002C4F8A /* menu.cpp */ = {isa = PBXFileReference; fileEncoding = 4; lastKnownFileType = sourcecode.cpp.cpp; path = menu.cpp; sourceTree = "<group>"; };
		4ACB7E87142F1327002C4F8A /* menu.h */ = {isa = PBXFileReference; fileEncoding = 4; lastKnownFileType = sourcecode.c.h; path = menu.h; sourceTree = "<group>"; };
		4ACB7E88142F1327002C4F8A /* options.cpp */ = {isa = PBXFileReference; fileEncoding = 4; lastKnownFileType = sourcecode.cpp.cpp; path = options.cpp; sourceTree = "<group>"; };
		4ACB7E89142F1327002C4F8A /* options.h */ = {isa = PBXFileReference; fileEncoding = 4; lastKnownFileType = sourcecode.c.h; path = options.h; sourceTree = "<group>"; };
		4ACB7E8A142F1327002C4F8A /* preview.cpp */ = {isa = PBXFileReference; fileEncoding = 4; lastKnownFileType = sourcecode.cpp.cpp; path = preview.cpp; sourceTree = "<group>"; };
		4ACB7E8B142F1327002C4F8A /* preview.h */ = {isa = PBXFileReference; fileEncoding = 4; lastKnownFileType = sourcecode.c.h; path = preview.h; sourceTree = "<group>"; };
		4ACB7E8D142F1327002C4F8A /* client.cpp */ = {isa = PBXFileReference; fileEncoding = 4; lastKnownFileType = sourcecode.cpp.cpp; path = client.cpp; sourceTree = "<group>"; };
		4ACB7E8E142F1327002C4F8A /* client.h */ = {isa = PBXFileReference; fileEncoding = 4; lastKnownFileType = sourcecode.c.h; path = client.h; sourceTree = "<group>"; };
		4ACB7E8F142F1327002C4F8A /* client_c.cpp */ = {isa = PBXFileReference; fileEncoding = 4; lastKnownFileType = sourcecode.cpp.cpp; path = client_c.cpp; sourceTree = "<group>"; };
		4ACB7E90142F1327002C4F8A /* net_t.cpp */ = {isa = PBXFileReference; fileEncoding = 4; lastKnownFileType = sourcecode.cpp.cpp; path = net_t.cpp; sourceTree = "<group>"; };
		4ACB7E91142F1327002C4F8A /* net_t.h */ = {isa = PBXFileReference; fileEncoding = 4; lastKnownFileType = sourcecode.c.h; path = net_t.h; sourceTree = "<group>"; };
		4ACB7E92142F1327002C4F8A /* network.cpp */ = {isa = PBXFileReference; fileEncoding = 4; lastKnownFileType = sourcecode.cpp.cpp; path = network.cpp; sourceTree = "<group>"; };
		4ACB7E93142F1327002C4F8A /* network.h */ = {isa = PBXFileReference; fileEncoding = 4; lastKnownFileType = sourcecode.c.h; path = network.h; sourceTree = "<group>"; };
		4ACB7E94142F1327002C4F8A /* permu.cpp */ = {isa = PBXFileReference; fileEncoding = 4; lastKnownFileType = sourcecode.cpp.cpp; path = permu.cpp; sourceTree = "<group>"; };
		4ACB7E95142F1327002C4F8A /* permu.h */ = {isa = PBXFileReference; fileEncoding = 4; lastKnownFileType = sourcecode.c.h; path = permu.h; sourceTree = "<group>"; };
		4ACB7E96142F1327002C4F8A /* server.cpp */ = {isa = PBXFileReference; fileEncoding = 4; lastKnownFileType = sourcecode.cpp.cpp; path = server.cpp; sourceTree = "<group>"; };
		4ACB7E97142F1327002C4F8A /* server.h */ = {isa = PBXFileReference; fileEncoding = 4; lastKnownFileType = sourcecode.c.h; path = server.h; sourceTree = "<group>"; };
		4ACB7E98142F1327002C4F8A /* server_c.cpp */ = {isa = PBXFileReference; fileEncoding = 4; lastKnownFileType = sourcecode.cpp.cpp; path = server_c.cpp; sourceTree = "<group>"; };
		4ACB7E9A142F1327002C4F8A /* console.cpp */ = {isa = PBXFileReference; fileEncoding = 4; lastKnownFileType = sourcecode.cpp.cpp; path = console.cpp; sourceTree = "<group>"; };
		4ACB7E9B142F1327002C4F8A /* console.h */ = {isa = PBXFileReference; fileEncoding = 4; lastKnownFileType = sourcecode.c.h; path = console.h; sourceTree = "<group>"; };
		4ACB7E9C142F1327002C4F8A /* date.cpp */ = {isa = PBXFileReference; fileEncoding = 4; lastKnownFileType = sourcecode.cpp.cpp; path = date.cpp; sourceTree = "<group>"; };
		4ACB7E9D142F1327002C4F8A /* date.h */ = {isa = PBXFileReference; fileEncoding = 4; lastKnownFileType = sourcecode.c.h; path = date.h; sourceTree = "<group>"; };
		4ACB7E9E142F1327002C4F8A /* filename.cpp */ = {isa = PBXFileReference; fileEncoding = 4; lastKnownFileType = sourcecode.cpp.cpp; path = filename.cpp; sourceTree = "<group>"; };
		4ACB7E9F142F1327002C4F8A /* filename.h */ = {isa = PBXFileReference; fileEncoding = 4; lastKnownFileType = sourcecode.c.h; path = filename.h; sourceTree = "<group>"; };
		4ACB7EA0142F1327002C4F8A /* globals.cpp */ = {isa = PBXFileReference; fileEncoding = 4; lastKnownFileType = sourcecode.cpp.cpp; path = globals.cpp; sourceTree = "<group>"; };
		4ACB7EA1142F1327002C4F8A /* globals.h */ = {isa = PBXFileReference; fileEncoding = 4; lastKnownFileType = sourcecode.c.h; path = globals.h; sourceTree = "<group>"; };
		4ACB7EA2142F1327002C4F8A /* hardware.h */ = {isa = PBXFileReference; fileEncoding = 4; lastKnownFileType = sourcecode.c.h; path = hardware.h; sourceTree = "<group>"; };
		4ACB7EA3142F1327002C4F8A /* hardware.cpp */ = {isa = PBXFileReference; fileEncoding = 4; lastKnownFileType = sourcecode.cpp.cpp; path = hardware.cpp; sourceTree = "<group>"; };
		4ACB7EA4142F1327002C4F8A /* help.cpp */ = {isa = PBXFileReference; fileEncoding = 4; lastKnownFileType = sourcecode.cpp.cpp; path = help.cpp; sourceTree = "<group>"; };
		4ACB7EA5142F1327002C4F8A /* help.h */ = {isa = PBXFileReference; fileEncoding = 4; lastKnownFileType = sourcecode.c.h; path = help.h; sourceTree = "<group>"; };
		4ACB7EA6142F1327002C4F8A /* io.cpp */ = {isa = PBXFileReference; fileEncoding = 4; lastKnownFileType = sourcecode.cpp.cpp; path = io.cpp; sourceTree = "<group>"; };
		4ACB7EA7142F1327002C4F8A /* io.h */ = {isa = PBXFileReference; fileEncoding = 4; lastKnownFileType = sourcecode.c.h; path = io.h; sourceTree = "<group>"; };
		4ACB7EA8142F1327002C4F8A /* language.cpp */ = {isa = PBXFileReference; fileEncoding = 4; lastKnownFileType = sourcecode.cpp.cpp; path = language.cpp; sourceTree = "<group>"; };
		4ACB7EA9142F1327002C4F8A /* language.h */ = {isa = PBXFileReference; fileEncoding = 4; lastKnownFileType = sourcecode.c.h; path = language.h; sourceTree = "<group>"; };
		4ACB7EAA142F1327002C4F8A /* lmain.h */ = {isa = PBXFileReference; fileEncoding = 4; lastKnownFileType = sourcecode.c.h; path = lmain.h; sourceTree = "<group>"; };
		4ACB7EAB142F1327002C4F8A /* lmain.cpp */ = {isa = PBXFileReference; fileEncoding = 4; lastKnownFileType = sourcecode.cpp.cpp; path = lmain.cpp; sourceTree = "<group>"; };
		4ACB7EAC142F1327002C4F8A /* log.cpp */ = {isa = PBXFileReference; fileEncoding = 4; lastKnownFileType = sourcecode.cpp.cpp; path = log.cpp; sourceTree = "<group>"; };
		4ACB7EAD142F1327002C4F8A /* log.h */ = {isa = PBXFileReference; fileEncoding = 4; lastKnownFileType = sourcecode.c.h; path = log.h; sourceTree = "<group>"; };
		4ACB7EAE142F1327002C4F8A /* main.cpp */ = {isa = PBXFileReference; fileEncoding = 4; lastKnownFileType = sourcecode.cpp.cpp; path = main.cpp; sourceTree = "<group>"; };
		4ACB7EAF142F1327002C4F8A /* myalleg.h */ = {isa = PBXFileReference; fileEncoding = 4; lastKnownFileType = sourcecode.c.h; path = myalleg.h; sourceTree = "<group>"; };
		4ACB7EB0142F1327002C4F8A /* types.h */ = {isa = PBXFileReference; fileEncoding = 4; lastKnownFileType = sourcecode.c.h; path = types.h; sourceTree = "<group>"; };
		4ACB7EB1142F1327002C4F8A /* user.cpp */ = {isa = PBXFileReference; fileEncoding = 4; lastKnownFileType = sourcecode.cpp.cpp; path = user.cpp; sourceTree = "<group>"; };
		4ACB7EB2142F1327002C4F8A /* user.h */ = {isa = PBXFileReference; fileEncoding = 4; lastKnownFileType = sourcecode.c.h; path = user.h; sourceTree = "<group>"; };
		4AD7568A1438266A00ABDC71 /* LixMacros.h */ = {isa = PBXFileReference; fileEncoding = 4; lastKnownFileType = sourcecode.c.h; name = LixMacros.h; path = src/LixMacros.h; sourceTree = "<group>"; };
		4AD7568B1438266A00ABDC71 /* LixManager.h */ = {isa = PBXFileReference; fileEncoding = 4; lastKnownFileType = sourcecode.c.h; name = LixManager.h; path = src/LixManager.h; sourceTree = "<group>"; };
		4AD7568C1438266A00ABDC71 /* LixManager.m */ = {isa = PBXFileReference; fileEncoding = 4; lastKnownFileType = sourcecode.c.objc; name = LixManager.m; path = src/LixManager.m; sourceTree = "<group>"; };
		4AD7568D1438266A00ABDC71 /* LixWindowDelegate.h */ = {isa = PBXFileReference; fileEncoding = 4; lastKnownFileType = sourcecode.c.h; name = LixWindowDelegate.h; path = src/LixWindowDelegate.h; sourceTree = "<group>"; };
		4AD7568E1438266A00ABDC71 /* LixWindowDelegate.m */ = {isa = PBXFileReference; fileEncoding = 4; lastKnownFileType = sourcecode.c.objc; name = LixWindowDelegate.m; path = src/LixWindowDelegate.m; sourceTree = "<group>"; };
		4AD756911438268400ABDC71 /* Credits.rtf */ = {isa = PBXFileReference; lastKnownFileType = text.rtf; path = Credits.rtf; sourceTree = "<group>"; };
		4AD756951438269A00ABDC71 /* Info.plist */ = {isa = PBXFileReference; fileEncoding = 4; lastKnownFileType = text.plist.xml; path = Info.plist; sourceTree = "<group>"; };
		4AD756961438269A00ABDC71 /* Lix.icns */ = {isa = PBXFileReference; lastKnownFileType = image.icns; path = Lix.icns; sourceTree = "<group>"; };
		4AD756971438269A00ABDC71 /* MainMenu.nib */ = {isa = PBXFileReference; lastKnownFileType = wrapper.nib; path = MainMenu.nib; sourceTree = "<group>"; };
		4AF37478131E535B00157DB3 /* Cocoa.framework */ = {isa = PBXFileReference; lastKnownFileType = wrapper.framework; name = Cocoa.framework; path = /System/Library/Frameworks/Cocoa.framework; sourceTree = "<absolute>"; };
		846C14D30B1F65CE0012B69D /* Lix.app */ = {isa = PBXFileReference; explicitFileType = wrapper.application; includeInIndex = 0; path = Lix.app; sourceTree = BUILT_PRODUCTS_DIR; };
/* End PBXFileReference section */

/* Begin PBXFrameworksBuildPhase section */
		4A689D461432F5CD009A042B /* Frameworks */ = {
			isa = PBXFrameworksBuildPhase;
			buildActionMask = 2147483647;
			files = (
				4A7EFDE41432F6700040FA1E /* libenet.a in Frameworks */,
			);
			runOnlyForDeploymentPostprocessing = 0;
		};
		846C14CB0B1F65CE0012B69D /* Frameworks */ = {
			isa = PBXFrameworksBuildPhase;
			buildActionMask = 2147483647;
			files = (
				4A2FBDA914302E6F00790176 /* liballeg.4.4.1.dylib in Frameworks */,
				4AF37479131E535B00157DB3 /* Cocoa.framework in Frameworks */,
				4A5FE3F313655F84006350A3 /* libenet.a in Frameworks */,
				4A6CC5C5136592FD00A48E21 /* liballeg-main.a in Frameworks */,
			);
			runOnlyForDeploymentPostprocessing = 0;
		};
/* End PBXFrameworksBuildPhase section */

/* Begin PBXGroup section */
		19C28FACFE9D520D11CA2CBB /* Products */ = {
			isa = PBXGroup;
			children = (
				846C14D30B1F65CE0012B69D /* Lix.app */,
				4A689D481432F5CD009A042B /* lixd */,
			);
			name = Products;
			sourceTree = "<group>";
		};
		29B97314FDCFA39411CA2CEA /* LixMac */ = {
			isa = PBXGroup;
			children = (
				4A6CC6551365AB5800A48E21 /* ReadMe.rtf */,
				4A97A72C142E238F00E9EF93 /* ImportantNotes.rtf */,
				29B97315FDCFA39411CA2CEA /* Lix Core */,
				4A8D0CE4132603DD00B09851 /* Mac-specific */,
				29B97317FDCFA39411CA2CEA /* Resources */,
				29B97323FDCFA39411CA2CEA /* Libraries & Frameworks */,
				19C28FACFE9D520D11CA2CBB /* Products */,
			);
			name = LixMac;
			sourceTree = "<group>";
		};
		29B97315FDCFA39411CA2CEA /* Lix Core */ = {
			isa = PBXGroup;
			children = (
				4ACB7DBE142F1326002C4F8A /* api */,
				4ACB7DF6142F1326002C4F8A /* daemon */,
				4ACB7DFA142F1326002C4F8A /* editor */,
				4ACB7E0D142F1326002C4F8A /* gameplay */,
				4ACB7E31142F1326002C4F8A /* graphic */,
				4ACB7E44142F1326002C4F8A /* level */,
				4ACB7E56142F1326002C4F8A /* lix */,
				4ACB7E76142F1327002C4F8A /* menu */,
				4ACB7E8C142F1327002C4F8A /* network */,
				4ACB7E99142F1327002C4F8A /* other */,
			);
			name = "Lix Core";
			path = ../../lix/src;
			sourceTree = "<group>";
		};
		29B97317FDCFA39411CA2CEA /* Resources */ = {
			isa = PBXGroup;
			children = (
				4AD756951438269A00ABDC71 /* Info.plist */,
				4AD756961438269A00ABDC71 /* Lix.icns */,
				4AD756971438269A00ABDC71 /* MainMenu.nib */,
				4AD756911438268400ABDC71 /* Credits.rtf */,
				4A3622561363D2F40037061F /* Game Data */,
			);
			name = Resources;
			path = ../res;
			sourceTree = "<group>";
		};
		29B97323FDCFA39411CA2CEA /* Libraries & Frameworks */ = {
			isa = PBXGroup;
			children = (
				4A6CC5F5136597AA00A48E21 /* liballeg.4.4.1.dylib */,
				4A6CC5B9136591AC00A48E21 /* liballeg-main.a */,
				4A5FE3F213655F84006350A3 /* libenet.a */,
				4AF37478131E535B00157DB3 /* Cocoa.framework */,
			);
			name = "Libraries & Frameworks";
			sourceTree = "<group>";
		};
		4A3622561363D2F40037061F /* Game Data */ = {
			isa = PBXGroup;
			children = (
				4A2FBE1114303E4500790176 /* doc */,
				4A2429FC131D0CD700D6C047 /* bitmap */,
				4A242B11131D0CD700D6C047 /* data */,
				4A242B4F131D0CD700D6C047 /* levels */,
			);
			name = "Game Data";
			sourceTree = "<group>";
		};
		4A8D0CE4132603DD00B09851 /* Mac-specific */ = {
			isa = PBXGroup;
			children = (
				4AD756881438264C00ABDC71 /* Server PrefPane */,
				4AD756871438264800ABDC71 /* Game */,
			);
			name = "Mac-specific";
			path = ..;
			sourceTree = "<group>";
		};
		4ACB7DBE142F1326002C4F8A /* api */ = {
			isa = PBXGroup;
			children = (
				4ACB7DBF142F1326002C4F8A /* brow_sav.cpp */,
				4ACB7DC0142F1326002C4F8A /* brow_sav.h */,
				4ACB7DC1142F1326002C4F8A /* button */,
				4ACB7DDE142F1326002C4F8A /* element.cpp */,
				4ACB7DDF142F1326002C4F8A /* element.h */,
				4ACB7DE0142F1326002C4F8A /* frame.cpp */,
				4ACB7DE1142F1326002C4F8A /* frame.h */,
				4ACB7DE2142F1326002C4F8A /* label.cpp */,
				4ACB7DE3142F1326002C4F8A /* label.h */,
				4ACB7DE4142F1326002C4F8A /* labeltwo.cpp */,
				4ACB7DE5142F1326002C4F8A /* labeltwo.h */,
				4ACB7DE6142F1326002C4F8A /* list_dir.cpp */,
				4ACB7DE7142F1326002C4F8A /* list_dir.h */,
				4ACB7DE8142F1326002C4F8A /* list_fil.cpp */,
				4ACB7DE9142F1326002C4F8A /* list_fil.h */,
				4ACB7DEA142F1326002C4F8A /* list_lev.cpp */,
				4ACB7DEB142F1326002C4F8A /* list_lev.h */,
				4ACB7DEC142F1326002C4F8A /* manager.cpp */,
				4ACB7DED142F1326002C4F8A /* manager.h */,
				4ACB7DEE142F1326002C4F8A /* message.cpp */,
				4ACB7DEF142F1326002C4F8A /* message.h */,
				4ACB7DF0142F1326002C4F8A /* number.cpp */,
				4ACB7DF1142F1326002C4F8A /* number.h */,
				4ACB7DF2142F1326002C4F8A /* texttype.cpp */,
				4ACB7DF3142F1326002C4F8A /* texttype.h */,
				4ACB7DF4142F1326002C4F8A /* window.cpp */,
				4ACB7DF5142F1326002C4F8A /* window.h */,
			);
			path = api;
			sourceTree = "<group>";
		};
		4ACB7DC1142F1326002C4F8A /* button */ = {
			isa = PBXGroup;
			children = (
				4ACB7DC2142F1326002C4F8A /* b_bitmap.cpp */,
				4ACB7DC4142F1326002C4F8A /* b_bitmap.h */,
				4ACB7DC6142F1326002C4F8A /* b_combin.cpp */,
				4ACB7DC8142F1326002C4F8A /* b_combin.h */,
				4ACB7DCA142F1326002C4F8A /* b_enum.cpp */,
				4ACB7DCC142F1326002C4F8A /* b_enum.h */,
				4ACB7DCE142F1326002C4F8A /* b_key.cpp */,
				4ACB7DD0142F1326002C4F8A /* b_key.h */,
				4ACB7DD2142F1326002C4F8A /* b_skill.cpp */,
				4ACB7DD4142F1326002C4F8A /* b_skill.h */,
				4ACB7DD6142F1326002C4F8A /* b_text.cpp */,
				4ACB7DD8142F1326002C4F8A /* b_text.h */,
				4ACB7DDA142F1326002C4F8A /* button.cpp */,
				4ACB7DDC142F1326002C4F8A /* button.h */,
			);
			path = button;
			sourceTree = "<group>";
		};
		4ACB7DF6142F1326002C4F8A /* daemon */ = {
			isa = PBXGroup;
			children = (
				4ACB7DF7142F1326002C4F8A /* main.cpp */,
				4ACB7DF8142F1326002C4F8A /* os.cpp */,
				4ACB7DF9142F1326002C4F8A /* os.h */,
			);
			path = daemon;
			sourceTree = "<group>";
		};
		4ACB7DFA142F1326002C4F8A /* editor */ = {
			isa = PBXGroup;
			children = (
				4ACB7DFB142F1326002C4F8A /* bit_brow.cpp */,
				4ACB7DFC142F1326002C4F8A /* bit_brow.h */,
				4ACB7DFD142F1326002C4F8A /* button_k.h */,
				4ACB7DFE142F1326002C4F8A /* editor.cpp */,
				4ACB7DFF142F1326002C4F8A /* editor.h */,
				4ACB7E00142F1326002C4F8A /* editor_c.cpp */,
				4ACB7E01142F1326002C4F8A /* editor_d.cpp */,
				4ACB7E02142F1326002C4F8A /* editor_f.cpp */,
				4ACB7E03142F1326002C4F8A /* graph_ed.cpp */,
				4ACB7E04142F1326002C4F8A /* graph_ed.h */,
				4ACB7E05142F1326002C4F8A /* win_scro.cpp */,
				4ACB7E06142F1326002C4F8A /* win_scro.h */,
				4ACB7E07142F1326002C4F8A /* win_size.cpp */,
				4ACB7E08142F1326002C4F8A /* win_size.h */,
				4ACB7E09142F1326002C4F8A /* win_skil.cpp */,
				4ACB7E0A142F1326002C4F8A /* win_skil.h */,
				4ACB7E0B142F1326002C4F8A /* win_var.cpp */,
				4ACB7E0C142F1326002C4F8A /* win_var.h */,
			);
			path = editor;
			sourceTree = "<group>";
		};
		4ACB7E0D142F1326002C4F8A /* gameplay */ = {
			isa = PBXGroup;
			children = (
				4ACB7E0F142F1326002C4F8A /* effect.cpp */,
				4ACB7E10142F1326002C4F8A /* effect.h */,
				4ACB7E11142F1326002C4F8A /* gamepl_a.cpp */,
				4ACB7E12142F1326002C4F8A /* gamepl_c.cpp */,
				4ACB7E13142F1326002C4F8A /* gamepl_d.cpp */,
				4ACB7E14142F1326002C4F8A /* gamepl_u.cpp */,
				4ACB7E15142F1326002C4F8A /* gameplay.cpp */,
				4ACB7E16142F1326002C4F8A /* gameplay.h */,
				4ACB7E17142F1326002C4F8A /* goal.cpp */,
				4ACB7E18142F1326002C4F8A /* goal.h */,
				4ACB7E19142F1326002C4F8A /* gui */,
				4ACB7E25142F1326002C4F8A /* hatch.cpp */,
				4ACB7E26142F1326002C4F8A /* hatch.h */,
				4ACB7E27142F1326002C4F8A /* lookup.cpp */,
				4ACB7E28142F1326002C4F8A /* lookup.h */,
				4ACB7E29142F1326002C4F8A /* replay.cpp */,
				4ACB7E2A142F1326002C4F8A /* replay.h */,
				4ACB7E2B142F1326002C4F8A /* state.cpp */,
				4ACB7E2C142F1326002C4F8A /* state.h */,
				4ACB7E2D142F1326002C4F8A /* state_ma.cpp */,
				4ACB7E2E142F1326002C4F8A /* state_ma.h */,
				4ACB7E2F142F1326002C4F8A /* tribe.cpp */,
				4ACB7E30142F1326002C4F8A /* tribe.h */,
			);
			path = gameplay;
			sourceTree = "<group>";
		};
		4ACB7E19142F1326002C4F8A /* gui */ = {
			isa = PBXGroup;
			children = (
				4ACB7E1A142F1326002C4F8A /* arrow.cpp */,
				4ACB7E1B142F1326002C4F8A /* arrow.h */,
				4ACB7E1C142F1326002C4F8A /* chat.cpp */,
				4ACB7E1D142F1326002C4F8A /* chat.h */,
				4ACB7E1E142F1326002C4F8A /* pan_i_tr.cpp */,
				4ACB7E1F142F1326002C4F8A /* pan_info.cpp */,
				4ACB7E20142F1326002C4F8A /* pan_info.h */,
				4ACB7E21142F1326002C4F8A /* panel.cpp */,
				4ACB7E22142F1326002C4F8A /* panel.h */,
				4ACB7E23142F1326002C4F8A /* win_game.cpp */,
				4ACB7E24142F1326002C4F8A /* win_game.h */,
			);
			path = gui;
			sourceTree = "<group>";
		};
		4ACB7E31142F1326002C4F8A /* graphic */ = {
			isa = PBXGroup;
			children = (
				4ACB7E32142F1326002C4F8A /* bitlist.cpp */,
				4ACB7E33142F1326002C4F8A /* cutbit.cpp */,
				4ACB7E34142F1326002C4F8A /* cutbit.h */,
				4ACB7E35142F1326002C4F8A /* glob_gfx.h */,
				4ACB7E36142F1326002C4F8A /* glob_gfx.cpp */,
				4ACB7E37142F1326002C4F8A /* gra_lib.cpp */,
				4ACB7E38142F1326002C4F8A /* gra_lib.h */,
				4ACB7E39142F1326002C4F8A /* graph_bg.cpp */,
				4ACB7E3A142F1326002C4F8A /* graph_bg.h */,
				4ACB7E3B142F1326002C4F8A /* graphic.cpp */,
				4ACB7E3C142F1326002C4F8A /* graphic.h */,
				4ACB7E3D142F1326002C4F8A /* map.cpp */,
				4ACB7E3E142F1326002C4F8A /* map.h */,
				4ACB7E3F142F1326002C4F8A /* map_d.cpp */,
				4ACB7E40142F1326002C4F8A /* sound.cpp */,
				4ACB7E41142F1326002C4F8A /* sound.h */,
				4ACB7E42142F1326002C4F8A /* torbit.cpp */,
				4ACB7E43142F1326002C4F8A /* torbit.h */,
			);
			path = graphic;
			sourceTree = "<group>";
		};
		4ACB7E44142F1326002C4F8A /* level */ = {
			isa = PBXGroup;
			children = (
				4ACB7E45142F1326002C4F8A /* crunch.cpp */,
				4ACB7E46142F1326002C4F8A /* crunch.h */,
				4ACB7E47142F1326002C4F8A /* graset.cpp */,
				4ACB7E48142F1326002C4F8A /* graset.h */,
				4ACB7E49142F1326002C4F8A /* graset_1.cpp */,
				4ACB7E4A142F1326002C4F8A /* graset_1.h */,
				4ACB7E4B142F1326002C4F8A /* graset_2.cpp */,
				4ACB7E4C142F1326002C4F8A /* graset_2.h */,
				4ACB7E4D142F1326002C4F8A /* level.cpp */,
				4ACB7E4E142F1326002C4F8A /* level.h */,
				4ACB7E4F142F1326002C4F8A /* level_bi.cpp */,
				4ACB7E50142F1326002C4F8A /* level_dr.cpp */,
				4ACB7E51142F1326002C4F8A /* level_io.cpp */,
				4ACB7E52142F1326002C4F8A /* obj_lib.cpp */,
				4ACB7E53142F1326002C4F8A /* obj_lib.h */,
				4ACB7E54142F1326002C4F8A /* object.cpp */,
				4ACB7E55142F1326002C4F8A /* object.h */,
			);
			path = level;
			sourceTree = "<group>";
		};
		4ACB7E56142F1326002C4F8A /* lix */ = {
			isa = PBXGroup;
			children = (
				4ACB7E57142F1326002C4F8A /* ac.h */,
				4ACB7E58142F1326002C4F8A /* ac_func.cpp */,
				4ACB7E59142F1326002C4F8A /* ac_func.h */,
				4ACB7E5A142F1326002C4F8A /* basher.cpp */,
				4ACB7E5B142F1326002C4F8A /* batter.cpp */,
				4ACB7E5C142F1326002C4F8A /* blocker.cpp */,
				4ACB7E5D142F1326002C4F8A /* builder.cpp */,
				4ACB7E5E142F1326002C4F8A /* climber.cpp */,
				4ACB7E5F142F1326002C4F8A /* cuber.cpp */,
				4ACB7E60142F1326002C4F8A /* deaths.cpp */,
				4ACB7E61142F1326002C4F8A /* digger.cpp */,
				4ACB7E62142F1326002C4F8A /* exiter.cpp */,
				4ACB7E63142F1326002C4F8A /* exploder.cpp */,
				4ACB7E64142F1326002C4F8A /* faller.cpp */,
				4ACB7E65142F1326002C4F8A /* floater.cpp */,
				4ACB7E66142F1326002C4F8A /* init.cpp */,
				4ACB7E67142F1326002C4F8A /* jumper.cpp */,
				4ACB7E68142F1326002C4F8A /* lander.cpp */,
				4ACB7E69142F1326002C4F8A /* lix.cpp */,
				4ACB7E6A142F1326002C4F8A /* lix.h */,
				4ACB7E6B142F1326002C4F8A /* lix_ac.cpp */,
				4ACB7E6C142F1326002C4F8A /* lix_enum.cpp */,
				4ACB7E6D142F1326002C4F8A /* lix_enum.h */,
				4ACB7E6E142F1327002C4F8A /* lix_upd.cpp */,
				4ACB7E6F142F1327002C4F8A /* miner.cpp */,
				4ACB7E70142F1327002C4F8A /* platform.cpp */,
				4ACB7E71142F1327002C4F8A /* roper.cpp */,
				4ACB7E72142F1327002C4F8A /* runner.cpp */,
				4ACB7E73142F1327002C4F8A /* stunner.cpp */,
				4ACB7E74142F1327002C4F8A /* tumbler.cpp */,
				4ACB7E75142F1327002C4F8A /* walker.cpp */,
			);
			path = lix;
			sourceTree = "<group>";
		};
		4ACB7E76142F1327002C4F8A /* menu */ = {
			isa = PBXGroup;
			children = (
				4ACB7E77142F1327002C4F8A /* brow_big.cpp */,
				4ACB7E78142F1327002C4F8A /* brow_big.h */,
				4ACB7E79142F1327002C4F8A /* brow_rep.cpp */,
				4ACB7E7A142F1327002C4F8A /* brow_sin.cpp */,
				4ACB7E7B142F1327002C4F8A /* browsers.h */,
				4ACB7E7C142F1327002C4F8A /* little.cpp */,
				4ACB7E7D142F1327002C4F8A /* little.h */,
				4ACB7E7E142F1327002C4F8A /* lobby.cpp */,
				4ACB7E7F142F1327002C4F8A /* lobby.h */,
				4ACB7E80142F1327002C4F8A /* lobby_li.cpp */,
				4ACB7E81142F1327002C4F8A /* lobby_li.h */,
				4ACB7E82142F1327002C4F8A /* lobby_ro.cpp */,
				4ACB7E83142F1327002C4F8A /* lobby_ro.h */,
				4ACB7E84142F1327002C4F8A /* main_men.cpp */,
				4ACB7E85142F1327002C4F8A /* main_men.h */,
				4ACB7E86142F1327002C4F8A /* menu.cpp */,
				4ACB7E87142F1327002C4F8A /* menu.h */,
				4ACB7E88142F1327002C4F8A /* options.cpp */,
				4ACB7E89142F1327002C4F8A /* options.h */,
				4ACB7E8A142F1327002C4F8A /* preview.cpp */,
				4ACB7E8B142F1327002C4F8A /* preview.h */,
			);
			path = menu;
			sourceTree = "<group>";
		};
		4ACB7E8C142F1327002C4F8A /* network */ = {
			isa = PBXGroup;
			children = (
				4ACB7E8D142F1327002C4F8A /* client.cpp */,
				4ACB7E8E142F1327002C4F8A /* client.h */,
				4ACB7E8F142F1327002C4F8A /* client_c.cpp */,
				4ACB7E90142F1327002C4F8A /* net_t.cpp */,
				4ACB7E91142F1327002C4F8A /* net_t.h */,
				4ACB7E92142F1327002C4F8A /* network.cpp */,
				4ACB7E93142F1327002C4F8A /* network.h */,
				4ACB7E94142F1327002C4F8A /* permu.cpp */,
				4ACB7E95142F1327002C4F8A /* permu.h */,
				4ACB7E96142F1327002C4F8A /* server.cpp */,
				4ACB7E97142F1327002C4F8A /* server.h */,
				4ACB7E98142F1327002C4F8A /* server_c.cpp */,
			);
			path = network;
			sourceTree = "<group>";
		};
		4ACB7E99142F1327002C4F8A /* other */ = {
			isa = PBXGroup;
			children = (
				4ACB7E9A142F1327002C4F8A /* console.cpp */,
				4ACB7E9B142F1327002C4F8A /* console.h */,
				4ACB7E9C142F1327002C4F8A /* date.cpp */,
				4ACB7E9D142F1327002C4F8A /* date.h */,
				4ACB7E9E142F1327002C4F8A /* filename.cpp */,
				4ACB7E9F142F1327002C4F8A /* filename.h */,
				4ACB7EA0142F1327002C4F8A /* globals.cpp */,
				4ACB7EA1142F1327002C4F8A /* globals.h */,
				4ACB7EA2142F1327002C4F8A /* hardware.h */,
				4ACB7EA3142F1327002C4F8A /* hardware.cpp */,
				4ACB7EA4142F1327002C4F8A /* help.cpp */,
				4ACB7EA5142F1327002C4F8A /* help.h */,
				4ACB7EA6142F1327002C4F8A /* io.cpp */,
				4ACB7EA7142F1327002C4F8A /* io.h */,
				4ACB7EA8142F1327002C4F8A /* language.cpp */,
				4ACB7EA9142F1327002C4F8A /* language.h */,
				4ACB7EAA142F1327002C4F8A /* lmain.h */,
				4ACB7EAB142F1327002C4F8A /* lmain.cpp */,
				4ACB7EAC142F1327002C4F8A /* log.cpp */,
				4ACB7EAD142F1327002C4F8A /* log.h */,
				4ACB7EAE142F1327002C4F8A /* main.cpp */,
				4ACB7EAF142F1327002C4F8A /* myalleg.h */,
				4ACB7EB0142F1327002C4F8A /* types.h */,
				4ACB7EB1142F1327002C4F8A /* user.cpp */,
				4ACB7EB2142F1327002C4F8A /* user.h */,
			);
			path = other;
			sourceTree = "<group>";
		};
		4AD756871438264800ABDC71 /* Game */ = {
			isa = PBXGroup;
			children = (
				4AD7568A1438266A00ABDC71 /* LixMacros.h */,
				4AD7568B1438266A00ABDC71 /* LixManager.h */,
				4AD7568C1438266A00ABDC71 /* LixManager.m */,
				4AD7568D1438266A00ABDC71 /* LixWindowDelegate.h */,
				4AD7568E1438266A00ABDC71 /* LixWindowDelegate.m */,
			);
			name = Game;
			sourceTree = "<group>";
		};
		4AD756881438264C00ABDC71 /* Server PrefPane */ = {
			isa = PBXGroup;
			children = (
			);
			name = "Server PrefPane";
			sourceTree = "<group>";
		};
/* End PBXGroup section */

/* Begin PBXNativeTarget section */
		4A689D471432F5CD009A042B /* lixd */ = {
			isa = PBXNativeTarget;
			buildConfigurationList = 4A689D501432F5D0009A042B /* Build configuration list for PBXNativeTarget "lixd" */;
			buildPhases = (
				4A689D451432F5CD009A042B /* Sources */,
				4A689D461432F5CD009A042B /* Frameworks */,
			);
			buildRules = (
			);
			dependencies = (
			);
			name = lixd;
			productName = lixd;
			productReference = 4A689D481432F5CD009A042B /* lixd */;
			productType = "com.apple.product-type.tool";
		};
		846C14C70B1F65CE0012B69D /* LixMac */ = {
			isa = PBXNativeTarget;
			buildConfigurationList = 846C14CE0B1F65CE0012B69D /* Build configuration list for PBXNativeTarget "LixMac" */;
			buildPhases = (
				846C14C80B1F65CE0012B69D /* Resources */,
				846C14C90B1F65CE0012B69D /* Sources */,
				846C14CB0B1F65CE0012B69D /* Frameworks */,
				4A6CC5DC1365962700A48E21 /* Post-Build Actions */,
			);
			buildRules = (
			);
			dependencies = (
			);
			name = LixMac;
			productInstallPath = "$(HOME)/Applications";
			productName = LixMac;
			productReference = 846C14D30B1F65CE0012B69D /* Lix.app */;
			productType = "com.apple.product-type.application";
		};
/* End PBXNativeTarget section */

/* Begin PBXProject section */
		29B97313FDCFA39411CA2CEA /* Project object */ = {
			isa = PBXProject;
			buildConfigurationList = 846C14C10B1F65C30012B69D /* Build configuration list for PBXProject "LixMac" */;
			compatibilityVersion = "Xcode 2.4";
			developmentRegion = English;
			hasScannedForEncodings = 1;
			knownRegions = (
				English,
				Japanese,
				French,
				German,
			);
			mainGroup = 29B97314FDCFA39411CA2CEA /* LixMac */;
			projectDirPath = "";
			projectRoot = "";
			targets = (
				846C14C70B1F65CE0012B69D /* LixMac */,
				4A689D471432F5CD009A042B /* lixd */,
			);
		};
/* End PBXProject section */

/* Begin PBXResourcesBuildPhase section */
		846C14C80B1F65CE0012B69D /* Resources */ = {
			isa = PBXResourcesBuildPhase;
			buildActionMask = 2147483647;
			files = (
				4A242ED2131D0CD800D6C047 /* bitmap in Resources */,
				4A242ED3131D0CD800D6C047 /* data in Resources */,
				4A242ED4131D0CD800D6C047 /* levels in Resources */,
				4A2FBE1E14303E4500790176 /* doc in Resources */,
				4A97A72D142E238F00E9EF93 /* ImportantNotes.rtf in Resources */,
				4AD756921438268400ABDC71 /* Credits.rtf in Resources */,
				4AD756981438269A00ABDC71 /* Info.plist in Resources */,
				4AD756991438269A00ABDC71 /* Lix.icns in Resources */,
				4AD7569A1438269A00ABDC71 /* MainMenu.nib in Resources */,
			);
			runOnlyForDeploymentPostprocessing = 0;
		};
/* End PBXResourcesBuildPhase section */

/* Begin PBXShellScriptBuildPhase section */
		4A6CC5DC1365962700A48E21 /* Post-Build Actions */ = {
			isa = PBXShellScriptBuildPhase;
			buildActionMask = 2147483647;
			files = (
			);
			inputPaths = (
			);
			name = "Post-Build Actions";
			outputPaths = (
			);
			runOnlyForDeploymentPostprocessing = 0;
			shellPath = /bin/sh;
			shellScript = "# This will change the search path of liballeg to be inside LixCore's Frameworks folder.\ncd \"$BUILD_DIR/$CONFIGURATION$EFFECTIVE_PLATFORM_NAME/$PRODUCT_NAME.app/Contents/MacOS\"\ninstall_name_tool -change liballeg.4.4.dylib @executable_path/../Frameworks/LixCore.framework/Versions/A/Frameworks/liballeg.4.4.1.dylib $PRODUCT_NAME\n\n# Create a replay folder, since the game doesn't at the moment\nmkdir $BUILD_DIR/$CONFIGURATION/$PRODUCT_NAME.app/Contents/Resources/replay";
		};
/* End PBXShellScriptBuildPhase section */

/* Begin PBXSourcesBuildPhase section */
		4A689D451432F5CD009A042B /* Sources */ = {
			isa = PBXSourcesBuildPhase;
			buildActionMask = 2147483647;
			files = (
				4A7EFDDB1432F6690040FA1E /* main.cpp in Sources */,
				4A7EFDDC1432F6690040FA1E /* os.cpp in Sources */,
				4A7EFDDD1432F6690040FA1E /* os.h in Sources */,
				4A7EFDDE1432F6690040FA1E /* net_t.cpp in Sources */,
				4A7EFDDF1432F6690040FA1E /* permu.cpp in Sources */,
				4A7EFDE01432F6690040FA1E /* server.cpp in Sources */,
				4A7EFDE11432F6690040FA1E /* server_c.cpp in Sources */,
			);
			runOnlyForDeploymentPostprocessing = 0;
		};
		846C14C90B1F65CE0012B69D /* Sources */ = {
			isa = PBXSourcesBuildPhase;
			buildActionMask = 2147483647;
			files = (
				4AD757AA14382DB900ABDC71 /* gamepl_d.cpp in Sources */,
				4AD757AB14382DB900ABDC71 /* editor_f.cpp in Sources */,
				4AD757AC14382DB900ABDC71 /* network.cpp in Sources */,
				4AD757AD14382DB900ABDC71 /* map_d.cpp in Sources */,
				4AD757AE14382DB900ABDC71 /* win_scro.cpp in Sources */,
				4AD757AF14382DB900ABDC71 /* list_lev.cpp in Sources */,
				4AD757B014382DB900ABDC71 /* lander.cpp in Sources */,
				4AD757B114382DB900ABDC71 /* server_c.cpp in Sources */,
				4AD757B214382DB900ABDC71 /* graset_1.cpp in Sources */,
				4AD757B314382DB900ABDC71 /* label.cpp in Sources */,
				4AD757B414382DB900ABDC71 /* lobby.cpp in Sources */,
				4AD757B514382DB900ABDC71 /* replay.cpp in Sources */,
				4AD757B614382DB900ABDC71 /* hardware.cpp in Sources */,
				4AD757B714382DB900ABDC71 /* digger.cpp in Sources */,
				4AD757B814382DB900ABDC71 /* button.cpp in Sources */,
				4AD757B914382DB900ABDC71 /* win_var.cpp in Sources */,
				4AD757BA14382DB900ABDC71 /* jumper.cpp in Sources */,
				4AD757BB14382DB900ABDC71 /* message.cpp in Sources */,
				4AD757BC14382DB900ABDC71 /* glob_gfx.cpp in Sources */,
				4AD757BD14382DB900ABDC71 /* object.cpp in Sources */,
				4AD757BE14382DB900ABDC71 /* level_io.cpp in Sources */,
				4AD757BF14382DB900ABDC71 /* floater.cpp in Sources */,
				4AD757C014382DB900ABDC71 /* graph_bg.cpp in Sources */,
				4AD757C114382DB900ABDC71 /* chat.cpp in Sources */,
				4AD757C214382DB900ABDC71 /* lix_ac.cpp in Sources */,
				4AD757C314382DB900ABDC71 /* editor.cpp in Sources */,
				4AD757C414382DB900ABDC71 /* client.cpp in Sources */,
				4AD757C514382DB900ABDC71 /* builder.cpp in Sources */,
				4AD757C614382DB900ABDC71 /* pan_i_tr.cpp in Sources */,
				4AD757C714382DB900ABDC71 /* lix_upd.cpp in Sources */,
				4AD757C814382DB900ABDC71 /* deaths.cpp in Sources */,
				4AD757C914382DB900ABDC71 /* gra_lib.cpp in Sources */,
				4AD757CA14382DB900ABDC71 /* basher.cpp in Sources */,
				4AD757CB14382DB900ABDC71 /* win_game.cpp in Sources */,
				4AD757CC14382DB900ABDC71 /* editor_d.cpp in Sources */,
				4AD757CD14382DB900ABDC71 /* b_bitmap.cpp in Sources */,
				4AD757CE14382DB900ABDC71 /* brow_sav.cpp in Sources */,
				4AD757CF14382DB900ABDC71 /* effect.cpp in Sources */,
				4AD757D014382DB900ABDC71 /* list_dir.cpp in Sources */,
				4AD757D114382DB900ABDC71 /* gamepl_c.cpp in Sources */,
				4AD757D214382DB900ABDC71 /* lmain.cpp in Sources */,
				4AD757D314382DB900ABDC71 /* sound.cpp in Sources */,
				4AD757D414382DB900ABDC71 /* init.cpp in Sources */,
				4AD757D514382DB900ABDC71 /* user.cpp in Sources */,
				4AD757D614382DB900ABDC71 /* log.cpp in Sources */,
				4AD757D714382DB900ABDC71 /* exiter.cpp in Sources */,
				4AD757D814382DB900ABDC71 /* win_size.cpp in Sources */,
				4AD757D914382DB900ABDC71 /* gameplay.cpp in Sources */,
				4AD757DA14382DB900ABDC71 /* map.cpp in Sources */,
				4AD757DB14382DB900ABDC71 /* main_men.cpp in Sources */,
				4AD757DC14382DB900ABDC71 /* client_c.cpp in Sources */,
				4AD757DD14382DB900ABDC71 /* globals.cpp in Sources */,
				4AD757DE14382DB900ABDC71 /* menu.cpp in Sources */,
				4AD757DF14382DB900ABDC71 /* little.cpp in Sources */,
				4AD757E014382DB900ABDC71 /* filename.cpp in Sources */,
				4AD757E114382DB900ABDC71 /* lobby_li.cpp in Sources */,
				4AD757E214382DB900ABDC71 /* preview.cpp in Sources */,
				4AD757E314382DB900ABDC71 /* gamepl_u.cpp in Sources */,
				4AD757E414382DB900ABDC71 /* labeltwo.cpp in Sources */,
				4AD757E514382DB900ABDC71 /* win_skil.cpp in Sources */,
				4AD757E614382DB900ABDC71 /* editor_c.cpp in Sources */,
				4AD757E714382DB900ABDC71 /* walker.cpp in Sources */,
				4AD757E814382DB900ABDC71 /* pan_info.cpp in Sources */,
				4AD757E914382DB900ABDC71 /* lix_enum.cpp in Sources */,
				4AD757EA14382DB900ABDC71 /* b_skill.cpp in Sources */,
				4AD757EB14382DB900ABDC71 /* graset.cpp in Sources */,
				4AD757EC14382DB900ABDC71 /* goal.cpp in Sources */,
				4AD757ED14382DB900ABDC71 /* list_fil.cpp in Sources */,
				4AD757EE14382DB900ABDC71 /* obj_lib.cpp in Sources */,
				4AD757EF14382DB900ABDC71 /* graset_2.cpp in Sources */,
				4AD757F014382DB900ABDC71 /* main.cpp in Sources */,
				4AD757F114382DB900ABDC71 /* level_bi.cpp in Sources */,
				4AD757F214382DB900ABDC71 /* platform.cpp in Sources */,
				4AD757F314382DB900ABDC71 /* b_key.cpp in Sources */,
				4AD757F414382DB900ABDC71 /* climber.cpp in Sources */,
				4AD757F514382DB900ABDC71 /* number.cpp in Sources */,
				4AD757F614382DB900ABDC71 /* window.cpp in Sources */,
				4AD757F714382DB900ABDC71 /* level_dr.cpp in Sources */,
				4AD757F814382DB900ABDC71 /* cutbit.cpp in Sources */,
				4AD757F914382DB900ABDC71 /* manager.cpp in Sources */,
				4AD757FA14382DB900ABDC71 /* brow_big.cpp in Sources */,
				4AD757FB14382DB900ABDC71 /* bit_brow.cpp in Sources */,
				4AD757FC14382DB900ABDC71 /* roper.cpp in Sources */,
				4AD757FD14382DB900ABDC71 /* help.cpp in Sources */,
				4AD756BD14382C0300ABDC71 /* ac_func.cpp in Sources */,
				4AD757FE14382DB900ABDC71 /* lookup.cpp in Sources */,
				4AD757FF14382DB900ABDC71 /* console.cpp in Sources */,
				4AD7580014382DB900ABDC71 /* lix.cpp in Sources */,
				4AD7580114382DB900ABDC71 /* torbit.cpp in Sources */,
				4AD7580214382DB900ABDC71 /* io.cpp in Sources */,
				4AD7580314382DB900ABDC71 /* blocker.cpp in Sources */,
				4AD7580414382DB900ABDC71 /* faller.cpp in Sources */,
				4AD7580514382DB900ABDC71 /* brow_rep.cpp in Sources */,
				4AD7580614382DB900ABDC71 /* runner.cpp in Sources */,
				4AD7580714382DB900ABDC71 /* date.cpp in Sources */,
				4AD7580814382DB900ABDC71 /* texttype.cpp in Sources */,
				4AD7580914382DB900ABDC71 /* brow_sin.cpp in Sources */,
				4AD7580A14382DB900ABDC71 /* arrow.cpp in Sources */,
				4AD7580B14382DB900ABDC71 /* state_ma.cpp in Sources */,
				4AD7580C14382DB900ABDC71 /* batter.cpp in Sources */,
				4AD7580D14382DB900ABDC71 /* options.cpp in Sources */,
				4AD7580E14382DB900ABDC71 /* panel.cpp in Sources */,
				4AD7580F14382DB900ABDC71 /* crunch.cpp in Sources */,
				4AD7581014382DB900ABDC71 /* state.cpp in Sources */,
				4AD7581114382DB900ABDC71 /* cuber.cpp in Sources */,
				4AD7581214382DB900ABDC71 /* stunner.cpp in Sources */,
				4AD7581314382DB900ABDC71 /* os.cpp in Sources */,
				4AD7581414382DB900ABDC71 /* hatch.cpp in Sources */,
				4AD7581514382DB900ABDC71 /* lobby_ro.cpp in Sources */,
				4AD7581614382DB900ABDC71 /* main.cpp in Sources */,
				4AD7581714382DB900ABDC71 /* server.cpp in Sources */,
				4AD7581814382DB900ABDC71 /* element.cpp in Sources */,
				4AD7581914382DB900ABDC71 /* graph_ed.cpp in Sources */,
				4AD7581A14382DB900ABDC71 /* bitlist.cpp in Sources */,
				4AD7581B14382DB900ABDC71 /* graphic.cpp in Sources */,
				4AD7581C14382DB900ABDC71 /* level.cpp in Sources */,
				4AD7581D14382DB900ABDC71 /* frame.cpp in Sources */,
				4AD7581E14382DB900ABDC71 /* miner.cpp in Sources */,
				4AD7581F14382DB900ABDC71 /* permu.cpp in Sources */,
				4AD7582014382DB900ABDC71 /* b_enum.cpp in Sources */,
				4AD7582114382DB900ABDC71 /* tribe.cpp in Sources */,
				4AD7582214382DB900ABDC71 /* b_text.cpp in Sources */,
				4AD7582314382DB900ABDC71 /* language.cpp in Sources */,
				4AD7582414382DB900ABDC71 /* tumbler.cpp in Sources */,
				4AD7582514382DB900ABDC71 /* gamepl_a.cpp in Sources */,
				4AD7582614382DB900ABDC71 /* net_t.cpp in Sources */,
				4AD7582714382DB900ABDC71 /* b_combin.cpp in Sources */,
				4AD7582814382DB900ABDC71 /* exploder.cpp in Sources */,
				4AD7568F1438266A00ABDC71 /* LixManager.m in Sources */,
				4AD756901438266A00ABDC71 /* LixWindowDelegate.m in Sources */,
			);
			runOnlyForDeploymentPostprocessing = 0;
		};
/* End PBXSourcesBuildPhase section */

/* Begin XCBuildConfiguration section */
		4A689D4B1432F5CE009A042B /* Debug */ = {
			isa = XCBuildConfiguration;
			buildSettings = {
				ALWAYS_SEARCH_USER_PATHS = NO;
				COPY_PHASE_STRIP = NO;
				GCC_DYNAMIC_NO_PIC = NO;
				GCC_ENABLE_FIX_AND_CONTINUE = YES;
				GCC_MODEL_TUNING = G5;
				GCC_OPTIMIZATION_LEVEL = 0;
				INSTALL_PATH = /usr/local/bin;
				PREBINDING = NO;
				PRODUCT_NAME = lixd;
			};
			name = Debug;
		};
		846C14C20B1F65C30012B69D /* Debug */ = {
			isa = XCBuildConfiguration;
			buildSettings = {
				ARCHS = "$(ARCHS_STANDARD_32_64_BIT_PRE_XCODE_3_1)";
				ARCHS_STANDARD_32_64_BIT_PRE_XCODE_3_1 = "x86_64 i386 ppc";
				CONFIGURATION_BUILD_DIR = "$(BUILD_DIR)/$(CONFIGURATION)$(EFFECTIVE_PLATFORM_NAME)";
				GCC_C_LANGUAGE_STANDARD = "compiler-default";
				GCC_INPUT_FILETYPE = sourcecode.cpp.objcpp;
				GCC_VERSION = "";
				HEADER_SEARCH_PATHS = /usr/local/include;
				LIBRARY_SEARCH_PATHS = /usr/local/lib;
				MACOSX_DEPLOYMENT_TARGET = 10.5;
				ONLY_ACTIVE_ARCH = NO;
				OTHER_LDFLAGS = "-lenet";
				SDKROOT = "$(DEVELOPER_SDK_DIR)/MacOSX10.6.sdk";
				STANDARD_C_PLUS_PLUS_LIBRARY_TYPE = dynamic;
				SYMROOT = build;
				ZERO_LINK = NO;
			};
			name = Debug;
		};
		846C14CF0B1F65CE0012B69D /* Debug */ = {
			isa = XCBuildConfiguration;
			buildSettings = {
				ARCHS = "$(ARCHS_STANDARD_32_BIT_PRE_XCODE_3_1)";
				ARCHS_STANDARD_32_BIT_PRE_XCODE_3_1 = "ppc i386";
				COPY_PHASE_STRIP = NO;
				INFOPLIST_FILE = Info.plist;
				INSTALL_PATH = "$(HOME)/Applications";
				OTHER_LDFLAGS = "-lenet";
				PRODUCT_NAME = Lix;
				STANDARD_C_PLUS_PLUS_LIBRARY_TYPE = dynamic;
				SYMROOT = build;
				WRAPPER_EXTENSION = app;
			};
			name = Debug;
		};
/* End XCBuildConfiguration section */

/* Begin XCConfigurationList section */
		4A689D501432F5D0009A042B /* Build configuration list for PBXNativeTarget "lixd" */ = {
			isa = XCConfigurationList;
			buildConfigurations = (
				4A689D4B1432F5CE009A042B /* Debug */,
			);
			defaultConfigurationIsVisible = 0;
			defaultConfigurationName = Debug;
		};
		846C14C10B1F65C30012B69D /* Build configuration list for PBXProject "LixMac" */ = {
			isa = XCConfigurationList;
			buildConfigurations = (
				846C14C20B1F65C30012B69D /* Debug */,
			);
			defaultConfigurationIsVisible = 0;
			defaultConfigurationName = Debug;
		};
		846C14CE0B1F65CE0012B69D /* Build configuration list for PBXNativeTarget "LixMac" */ = {
			isa = XCConfigurationList;
			buildConfigurations = (
				846C14CF0B1F65CE0012B69D /* Debug */,
			);
			defaultConfigurationIsVisible = 0;
			defaultConfigurationName = Debug;
		};
/* End XCConfigurationList section */
	};
	rootObject = 29B97313FDCFA39411CA2CEA /* Project object */;
}
