// !$*UTF8*$!
{
	archiveVersion = 1;
	classes = {
	};
	objectVersion = 42;
	objects = {

/* Begin PBXBuildFile section */
		4A242ED2131D0CD800D6C047 /* bitmap in Resources */ = {isa = PBXBuildFile; fileRef = 4A2429FC131D0CD700D6C047 /* bitmap */; };
		4A242ED3131D0CD800D6C047 /* data in Resources */ = {isa = PBXBuildFile; fileRef = 4A242B11131D0CD700D6C047 /* data */; };
		4A242ED4131D0CD800D6C047 /* levels in Resources */ = {isa = PBXBuildFile; fileRef = 4A242B4F131D0CD700D6C047 /* levels */; };
		4A2FBE1E14303E4500790176 /* doc in Resources */ = {isa = PBXBuildFile; fileRef = 4A2FBE1114303E4500790176 /* doc */; };
		4A3B48B31503917E0013EE14 /* README.txt in Resources */ = {isa = PBXBuildFile; fileRef = 4A3B48B21503917E0013EE14 /* README.txt */; };
		4A3F94941503109300C37B64 /* brow_sav.cpp in Sources */ = {isa = PBXBuildFile; fileRef = 4A3F92FF1503107900C37B64 /* brow_sav.cpp */; };
		4A3F94951503109300C37B64 /* b_bitmap.cpp in Sources */ = {isa = PBXBuildFile; fileRef = 4A3F93021503107900C37B64 /* b_bitmap.cpp */; };
		4A3F94971503109300C37B64 /* b_combin.cpp in Sources */ = {isa = PBXBuildFile; fileRef = 4A3F93061503107900C37B64 /* b_combin.cpp */; };
		4A3F94991503109300C37B64 /* b_enum.cpp in Sources */ = {isa = PBXBuildFile; fileRef = 4A3F930A1503107900C37B64 /* b_enum.cpp */; };
		4A3F949B1503109300C37B64 /* b_key.cpp in Sources */ = {isa = PBXBuildFile; fileRef = 4A3F930E1503107900C37B64 /* b_key.cpp */; };
		4A3F949D1503109300C37B64 /* b_skill.cpp in Sources */ = {isa = PBXBuildFile; fileRef = 4A3F93121503107900C37B64 /* b_skill.cpp */; };
		4A3F949F1503109300C37B64 /* b_text.cpp in Sources */ = {isa = PBXBuildFile; fileRef = 4A3F93161503107900C37B64 /* b_text.cpp */; };
		4A3F94A11503109300C37B64 /* button.cpp in Sources */ = {isa = PBXBuildFile; fileRef = 4A3F931A1503107900C37B64 /* button.cpp */; };
		4A3F94A31503109300C37B64 /* element.cpp in Sources */ = {isa = PBXBuildFile; fileRef = 4A3F931E1503107900C37B64 /* element.cpp */; };
		4A3F94A41503109300C37B64 /* frame.cpp in Sources */ = {isa = PBXBuildFile; fileRef = 4A3F93201503107900C37B64 /* frame.cpp */; };
		4A3F94A51503109300C37B64 /* label.cpp in Sources */ = {isa = PBXBuildFile; fileRef = 4A3F93221503107900C37B64 /* label.cpp */; };
		4A3F94A61503109300C37B64 /* labeltwo.cpp in Sources */ = {isa = PBXBuildFile; fileRef = 4A3F93241503107900C37B64 /* labeltwo.cpp */; };
		4A3F94A71503109300C37B64 /* list_dir.cpp in Sources */ = {isa = PBXBuildFile; fileRef = 4A3F93261503107900C37B64 /* list_dir.cpp */; };
		4A3F94A81503109300C37B64 /* list_fil.cpp in Sources */ = {isa = PBXBuildFile; fileRef = 4A3F93281503107900C37B64 /* list_fil.cpp */; };
		4A3F94A91503109300C37B64 /* list_lev.cpp in Sources */ = {isa = PBXBuildFile; fileRef = 4A3F932A1503107900C37B64 /* list_lev.cpp */; };
		4A3F94AA1503109300C37B64 /* manager.cpp in Sources */ = {isa = PBXBuildFile; fileRef = 4A3F932C1503107900C37B64 /* manager.cpp */; };
		4A3F94AB1503109300C37B64 /* message.cpp in Sources */ = {isa = PBXBuildFile; fileRef = 4A3F932E1503107900C37B64 /* message.cpp */; };
		4A3F94AC1503109300C37B64 /* number.cpp in Sources */ = {isa = PBXBuildFile; fileRef = 4A3F93301503107900C37B64 /* number.cpp */; };
		4A3F94AD1503109300C37B64 /* texttype.cpp in Sources */ = {isa = PBXBuildFile; fileRef = 4A3F93321503107900C37B64 /* texttype.cpp */; };
		4A3F94AE1503109300C37B64 /* window.cpp in Sources */ = {isa = PBXBuildFile; fileRef = 4A3F93341503107900C37B64 /* window.cpp */; };
		4A3F94B11503109300C37B64 /* bit_brow.cpp in Sources */ = {isa = PBXBuildFile; fileRef = 4A3F933B1503107900C37B64 /* bit_brow.cpp */; };
		4A3F94B21503109300C37B64 /* editor.cpp in Sources */ = {isa = PBXBuildFile; fileRef = 4A3F933E1503107900C37B64 /* editor.cpp */; };
		4A3F94B31503109300C37B64 /* editor_c.cpp in Sources */ = {isa = PBXBuildFile; fileRef = 4A3F93401503107900C37B64 /* editor_c.cpp */; };
		4A3F94B41503109300C37B64 /* editor_d.cpp in Sources */ = {isa = PBXBuildFile; fileRef = 4A3F93411503107900C37B64 /* editor_d.cpp */; };
		4A3F94B51503109300C37B64 /* editor_f.cpp in Sources */ = {isa = PBXBuildFile; fileRef = 4A3F93421503107900C37B64 /* editor_f.cpp */; };
		4A3F94B61503109300C37B64 /* graph_ed.cpp in Sources */ = {isa = PBXBuildFile; fileRef = 4A3F93431503107900C37B64 /* graph_ed.cpp */; };
		4A3F94B71503109300C37B64 /* win_scro.cpp in Sources */ = {isa = PBXBuildFile; fileRef = 4A3F93451503107900C37B64 /* win_scro.cpp */; };
		4A3F94B81503109300C37B64 /* win_size.cpp in Sources */ = {isa = PBXBuildFile; fileRef = 4A3F93471503107900C37B64 /* win_size.cpp */; };
		4A3F94B91503109300C37B64 /* win_skil.cpp in Sources */ = {isa = PBXBuildFile; fileRef = 4A3F93491503107900C37B64 /* win_skil.cpp */; };
		4A3F94BA1503109300C37B64 /* win_var.cpp in Sources */ = {isa = PBXBuildFile; fileRef = 4A3F934B1503107900C37B64 /* win_var.cpp */; };
		4A3F94BB1503109300C37B64 /* effect.cpp in Sources */ = {isa = PBXBuildFile; fileRef = 4A3F934E1503107900C37B64 /* effect.cpp */; };
		4A3F94BC1503109300C37B64 /* gamepl_a.cpp in Sources */ = {isa = PBXBuildFile; fileRef = 4A3F93501503107900C37B64 /* gamepl_a.cpp */; };
		4A3F94BD1503109300C37B64 /* gamepl_c.cpp in Sources */ = {isa = PBXBuildFile; fileRef = 4A3F93511503107900C37B64 /* gamepl_c.cpp */; };
		4A3F94BE1503109300C37B64 /* gamepl_d.cpp in Sources */ = {isa = PBXBuildFile; fileRef = 4A3F93521503107900C37B64 /* gamepl_d.cpp */; };
		4A3F94BF1503109300C37B64 /* gamepl_u.cpp in Sources */ = {isa = PBXBuildFile; fileRef = 4A3F93531503107900C37B64 /* gamepl_u.cpp */; };
		4A3F94C01503109300C37B64 /* gameplay.cpp in Sources */ = {isa = PBXBuildFile; fileRef = 4A3F93541503107900C37B64 /* gameplay.cpp */; };
		4A3F94C11503109300C37B64 /* goal.cpp in Sources */ = {isa = PBXBuildFile; fileRef = 4A3F93561503107900C37B64 /* goal.cpp */; };
		4A3F94C21503109300C37B64 /* arrow.cpp in Sources */ = {isa = PBXBuildFile; fileRef = 4A3F93591503107900C37B64 /* arrow.cpp */; };
		4A3F94C31503109300C37B64 /* chat.cpp in Sources */ = {isa = PBXBuildFile; fileRef = 4A3F935B1503107A00C37B64 /* chat.cpp */; };
		4A3F94C41503109300C37B64 /* pan_i_tr.cpp in Sources */ = {isa = PBXBuildFile; fileRef = 4A3F935D1503107A00C37B64 /* pan_i_tr.cpp */; };
		4A3F94C51503109300C37B64 /* pan_info.cpp in Sources */ = {isa = PBXBuildFile; fileRef = 4A3F935E1503107A00C37B64 /* pan_info.cpp */; };
		4A3F94C61503109300C37B64 /* panel.cpp in Sources */ = {isa = PBXBuildFile; fileRef = 4A3F93601503107A00C37B64 /* panel.cpp */; };
		4A3F94C71503109300C37B64 /* win_game.cpp in Sources */ = {isa = PBXBuildFile; fileRef = 4A3F93621503107A00C37B64 /* win_game.cpp */; };
		4A3F94C81503109300C37B64 /* hatch.cpp in Sources */ = {isa = PBXBuildFile; fileRef = 4A3F93641503107A00C37B64 /* hatch.cpp */; };
		4A3F94C91503109300C37B64 /* lookup.cpp in Sources */ = {isa = PBXBuildFile; fileRef = 4A3F93661503107A00C37B64 /* lookup.cpp */; };
		4A3F94CA1503109300C37B64 /* replay.cpp in Sources */ = {isa = PBXBuildFile; fileRef = 4A3F93681503107A00C37B64 /* replay.cpp */; };
		4A3F94CB1503109300C37B64 /* state.cpp in Sources */ = {isa = PBXBuildFile; fileRef = 4A3F936A1503107A00C37B64 /* state.cpp */; };
		4A3F94CC1503109300C37B64 /* state_ma.cpp in Sources */ = {isa = PBXBuildFile; fileRef = 4A3F936C1503107A00C37B64 /* state_ma.cpp */; };
		4A3F94CD1503109300C37B64 /* tribe.cpp in Sources */ = {isa = PBXBuildFile; fileRef = 4A3F936E1503107A00C37B64 /* tribe.cpp */; };
		4A3F94CE1503109300C37B64 /* trigger.cpp in Sources */ = {isa = PBXBuildFile; fileRef = 4A3F93701503107A00C37B64 /* trigger.cpp */; };
		4A3F94CF1503109300C37B64 /* bitlist.cpp in Sources */ = {isa = PBXBuildFile; fileRef = 4A3F93731503107A00C37B64 /* bitlist.cpp */; };
		4A3F94D01503109300C37B64 /* cutbit.cpp in Sources */ = {isa = PBXBuildFile; fileRef = 4A3F93741503107A00C37B64 /* cutbit.cpp */; };
		4A3F94D11503109300C37B64 /* glob_gfx.cpp in Sources */ = {isa = PBXBuildFile; fileRef = 4A3F93761503107A00C37B64 /* glob_gfx.cpp */; };
		4A3F94D21503109300C37B64 /* gra_lib.cpp in Sources */ = {isa = PBXBuildFile; fileRef = 4A3F93781503107A00C37B64 /* gra_lib.cpp */; };
		4A3F94D31503109300C37B64 /* graph_bg.cpp in Sources */ = {isa = PBXBuildFile; fileRef = 4A3F937A1503107A00C37B64 /* graph_bg.cpp */; };
		4A3F94D41503109300C37B64 /* graphic.cpp in Sources */ = {isa = PBXBuildFile; fileRef = 4A3F937C1503107A00C37B64 /* graphic.cpp */; };
		4A3F94D51503109300C37B64 /* map.cpp in Sources */ = {isa = PBXBuildFile; fileRef = 4A3F937E1503107A00C37B64 /* map.cpp */; };
		4A3F94D61503109300C37B64 /* map_d.cpp in Sources */ = {isa = PBXBuildFile; fileRef = 4A3F93801503107A00C37B64 /* map_d.cpp */; };
		4A3F94D71503109300C37B64 /* sound.cpp in Sources */ = {isa = PBXBuildFile; fileRef = 4A3F93811503107A00C37B64 /* sound.cpp */; };
		4A3F94D81503109300C37B64 /* torbit.cpp in Sources */ = {isa = PBXBuildFile; fileRef = 4A3F93831503107A00C37B64 /* torbit.cpp */; };
		4A3F94D91503109300C37B64 /* crunch.cpp in Sources */ = {isa = PBXBuildFile; fileRef = 4A3F93861503107A00C37B64 /* crunch.cpp */; };
		4A3F94DA1503109300C37B64 /* graset.cpp in Sources */ = {isa = PBXBuildFile; fileRef = 4A3F93881503107A00C37B64 /* graset.cpp */; };
		4A3F94DB1503109300C37B64 /* graset_1.cpp in Sources */ = {isa = PBXBuildFile; fileRef = 4A3F938A1503107A00C37B64 /* graset_1.cpp */; };
		4A3F94DC1503109300C37B64 /* graset_2.cpp in Sources */ = {isa = PBXBuildFile; fileRef = 4A3F938C1503107A00C37B64 /* graset_2.cpp */; };
		4A3F94DD1503109300C37B64 /* level.cpp in Sources */ = {isa = PBXBuildFile; fileRef = 4A3F938E1503107A00C37B64 /* level.cpp */; };
		4A3F94DE1503109300C37B64 /* level_bi.cpp in Sources */ = {isa = PBXBuildFile; fileRef = 4A3F93901503107A00C37B64 /* level_bi.cpp */; };
		4A3F94DF1503109300C37B64 /* level_dr.cpp in Sources */ = {isa = PBXBuildFile; fileRef = 4A3F93911503107A00C37B64 /* level_dr.cpp */; };
		4A3F94E01503109300C37B64 /* level_io.cpp in Sources */ = {isa = PBXBuildFile; fileRef = 4A3F93921503107A00C37B64 /* level_io.cpp */; };
		4A3F94E11503109300C37B64 /* obj_lib.cpp in Sources */ = {isa = PBXBuildFile; fileRef = 4A3F93931503107A00C37B64 /* obj_lib.cpp */; };
		4A3F94E21503109300C37B64 /* object.cpp in Sources */ = {isa = PBXBuildFile; fileRef = 4A3F93951503107A00C37B64 /* object.cpp */; };
		4A3F94E31503109300C37B64 /* ac_func.cpp in Sources */ = {isa = PBXBuildFile; fileRef = 4A3F93991503107A00C37B64 /* ac_func.cpp */; };
		4A3F94E41503109300C37B64 /* ascender.cpp in Sources */ = {isa = PBXBuildFile; fileRef = 4A3F939B1503107A00C37B64 /* ascender.cpp */; };
		4A3F94E51503109300C37B64 /* basher.cpp in Sources */ = {isa = PBXBuildFile; fileRef = 4A3F939C1503107A00C37B64 /* basher.cpp */; };
		4A3F94E61503109300C37B64 /* batter.cpp in Sources */ = {isa = PBXBuildFile; fileRef = 4A3F939D1503107A00C37B64 /* batter.cpp */; };
		4A3F94E71503109300C37B64 /* blocker.cpp in Sources */ = {isa = PBXBuildFile; fileRef = 4A3F939E1503107A00C37B64 /* blocker.cpp */; };
		4A3F94E81503109300C37B64 /* builder.cpp in Sources */ = {isa = PBXBuildFile; fileRef = 4A3F939F1503107A00C37B64 /* builder.cpp */; };
		4A3F94E91503109300C37B64 /* climber.cpp in Sources */ = {isa = PBXBuildFile; fileRef = 4A3F93A01503107A00C37B64 /* climber.cpp */; };
		4A3F94EA1503109300C37B64 /* cuber.cpp in Sources */ = {isa = PBXBuildFile; fileRef = 4A3F93A11503107A00C37B64 /* cuber.cpp */; };
		4A3F94EB1503109300C37B64 /* deaths.cpp in Sources */ = {isa = PBXBuildFile; fileRef = 4A3F93A21503107A00C37B64 /* deaths.cpp */; };
		4A3F94EC1503109300C37B64 /* digger.cpp in Sources */ = {isa = PBXBuildFile; fileRef = 4A3F93A31503107A00C37B64 /* digger.cpp */; };
		4A3F94ED1503109300C37B64 /* exiter.cpp in Sources */ = {isa = PBXBuildFile; fileRef = 4A3F93A41503107A00C37B64 /* exiter.cpp */; };
		4A3F94EE1503109300C37B64 /* exploder.cpp in Sources */ = {isa = PBXBuildFile; fileRef = 4A3F93A51503107A00C37B64 /* exploder.cpp */; };
		4A3F94EF1503109300C37B64 /* faller.cpp in Sources */ = {isa = PBXBuildFile; fileRef = 4A3F93A61503107A00C37B64 /* faller.cpp */; };
		4A3F94F01503109300C37B64 /* floater.cpp in Sources */ = {isa = PBXBuildFile; fileRef = 4A3F93A71503107A00C37B64 /* floater.cpp */; };
		4A3F94F11503109300C37B64 /* init.cpp in Sources */ = {isa = PBXBuildFile; fileRef = 4A3F93A81503107A00C37B64 /* init.cpp */; };
		4A3F94F21503109300C37B64 /* jumper.cpp in Sources */ = {isa = PBXBuildFile; fileRef = 4A3F93A91503107A00C37B64 /* jumper.cpp */; };
		4A3F94F31503109300C37B64 /* lander.cpp in Sources */ = {isa = PBXBuildFile; fileRef = 4A3F93AA1503107A00C37B64 /* lander.cpp */; };
		4A3F94F41503109300C37B64 /* lix.cpp in Sources */ = {isa = PBXBuildFile; fileRef = 4A3F93AB1503107A00C37B64 /* lix.cpp */; };
		4A3F94F51503109300C37B64 /* lix_ac.cpp in Sources */ = {isa = PBXBuildFile; fileRef = 4A3F93AD1503107A00C37B64 /* lix_ac.cpp */; };
		4A3F94F61503109300C37B64 /* lix_enum.cpp in Sources */ = {isa = PBXBuildFile; fileRef = 4A3F93AE1503107A00C37B64 /* lix_enum.cpp */; };
		4A3F94F71503109300C37B64 /* lix_upd.cpp in Sources */ = {isa = PBXBuildFile; fileRef = 4A3F93B01503107A00C37B64 /* lix_upd.cpp */; };
		4A3F94F81503109300C37B64 /* miner.cpp in Sources */ = {isa = PBXBuildFile; fileRef = 4A3F93B11503107A00C37B64 /* miner.cpp */; };
		4A3F94F91503109300C37B64 /* platform.cpp in Sources */ = {isa = PBXBuildFile; fileRef = 4A3F93B21503107A00C37B64 /* platform.cpp */; };
		4A3F94FA1503109300C37B64 /* roper.cpp in Sources */ = {isa = PBXBuildFile; fileRef = 4A3F93B31503107A00C37B64 /* roper.cpp */; };
		4A3F94FB1503109300C37B64 /* runner.cpp in Sources */ = {isa = PBXBuildFile; fileRef = 4A3F93B41503107A00C37B64 /* runner.cpp */; };
		4A3F94FC1503109300C37B64 /* stunner.cpp in Sources */ = {isa = PBXBuildFile; fileRef = 4A3F93B51503107A00C37B64 /* stunner.cpp */; };
		4A3F94FD1503109300C37B64 /* tumbler.cpp in Sources */ = {isa = PBXBuildFile; fileRef = 4A3F93B61503107A00C37B64 /* tumbler.cpp */; };
		4A3F94FE1503109300C37B64 /* walker.cpp in Sources */ = {isa = PBXBuildFile; fileRef = 4A3F93B71503107A00C37B64 /* walker.cpp */; };
		4A3F94FF1503109300C37B64 /* brow_big.cpp in Sources */ = {isa = PBXBuildFile; fileRef = 4A3F93B91503107A00C37B64 /* brow_big.cpp */; };
		4A3F95001503109300C37B64 /* brow_net.cpp in Sources */ = {isa = PBXBuildFile; fileRef = 4A3F93BB1503107A00C37B64 /* brow_net.cpp */; };
		4A3F95011503109300C37B64 /* brow_rep.cpp in Sources */ = {isa = PBXBuildFile; fileRef = 4A3F93BC1503107A00C37B64 /* brow_rep.cpp */; };
		4A3F95021503109300C37B64 /* brow_sin.cpp in Sources */ = {isa = PBXBuildFile; fileRef = 4A3F93BD1503107A00C37B64 /* brow_sin.cpp */; };
		4A3F95031503109300C37B64 /* little.cpp in Sources */ = {isa = PBXBuildFile; fileRef = 4A3F93BF1503107A00C37B64 /* little.cpp */; };
		4A3F95041503109300C37B64 /* lobby.cpp in Sources */ = {isa = PBXBuildFile; fileRef = 4A3F93C11503107A00C37B64 /* lobby.cpp */; };
		4A3F95051503109300C37B64 /* lobby_li.cpp in Sources */ = {isa = PBXBuildFile; fileRef = 4A3F93C31503107A00C37B64 /* lobby_li.cpp */; };
		4A3F95061503109300C37B64 /* lobby_ro.cpp in Sources */ = {isa = PBXBuildFile; fileRef = 4A3F93C51503107A00C37B64 /* lobby_ro.cpp */; };
		4A3F95071503109300C37B64 /* main_men.cpp in Sources */ = {isa = PBXBuildFile; fileRef = 4A3F93C71503107A00C37B64 /* main_men.cpp */; };
		4A3F95081503109300C37B64 /* menu.cpp in Sources */ = {isa = PBXBuildFile; fileRef = 4A3F93C91503107A00C37B64 /* menu.cpp */; };
		4A3F95091503109300C37B64 /* options.cpp in Sources */ = {isa = PBXBuildFile; fileRef = 4A3F93CB1503107A00C37B64 /* options.cpp */; };
		4A3F950A1503109300C37B64 /* preview.cpp in Sources */ = {isa = PBXBuildFile; fileRef = 4A3F93CD1503107A00C37B64 /* preview.cpp */; };
		4A3F950B1503109300C37B64 /* client.cpp in Sources */ = {isa = PBXBuildFile; fileRef = 4A3F93D01503107A00C37B64 /* client.cpp */; };
		4A3F950C1503109300C37B64 /* client_c.cpp in Sources */ = {isa = PBXBuildFile; fileRef = 4A3F93D21503107A00C37B64 /* client_c.cpp */; };
		4A3F950D1503109300C37B64 /* net_t.cpp in Sources */ = {isa = PBXBuildFile; fileRef = 4A3F93D31503107A00C37B64 /* net_t.cpp */; };
		4A3F950E1503109300C37B64 /* network.cpp in Sources */ = {isa = PBXBuildFile; fileRef = 4A3F93D51503107A00C37B64 /* network.cpp */; };
		4A3F950F1503109300C37B64 /* permu.cpp in Sources */ = {isa = PBXBuildFile; fileRef = 4A3F93D71503107A00C37B64 /* permu.cpp */; };
		4A3F95101503109300C37B64 /* server.cpp in Sources */ = {isa = PBXBuildFile; fileRef = 4A3F93D91503107A00C37B64 /* server.cpp */; };
		4A3F95111503109300C37B64 /* server_c.cpp in Sources */ = {isa = PBXBuildFile; fileRef = 4A3F93DB1503107A00C37B64 /* server_c.cpp */; };
		4A3F95121503109300C37B64 /* console.cpp in Sources */ = {isa = PBXBuildFile; fileRef = 4A3F93DD1503107A00C37B64 /* console.cpp */; };
		4A3F95141503109300C37B64 /* date.cpp in Sources */ = {isa = PBXBuildFile; fileRef = 4A3F93E21503107A00C37B64 /* date.cpp */; };
		4A3F95151503109300C37B64 /* filename.cpp in Sources */ = {isa = PBXBuildFile; fileRef = 4A3F93E41503107A00C37B64 /* filename.cpp */; };
		4A3F95161503109300C37B64 /* io.cpp in Sources */ = {isa = PBXBuildFile; fileRef = 4A3F93E61503107A00C37B64 /* io.cpp */; };
		4A3F95171503109300C37B64 /* log.cpp in Sources */ = {isa = PBXBuildFile; fileRef = 4A3F93E81503107A00C37B64 /* log.cpp */; };
		4A3F95191503109300C37B64 /* globals.cpp in Sources */ = {isa = PBXBuildFile; fileRef = 4A3F93EC1503107A00C37B64 /* globals.cpp */; };
		4A3F951A1503109300C37B64 /* hardware.cpp in Sources */ = {isa = PBXBuildFile; fileRef = 4A3F93EE1503107A00C37B64 /* hardware.cpp */; };
		4A3F951B1503109300C37B64 /* help.cpp in Sources */ = {isa = PBXBuildFile; fileRef = 4A3F93F01503107A00C37B64 /* help.cpp */; };
		4A3F951D1503109300C37B64 /* language.cpp in Sources */ = {isa = PBXBuildFile; fileRef = 4A3F93F41503107A00C37B64 /* language.cpp */; };
		4A3F951E1503109300C37B64 /* lmain.cpp in Sources */ = {isa = PBXBuildFile; fileRef = 4A3F93F61503107A00C37B64 /* lmain.cpp */; };
		4A3F95201503109300C37B64 /* main.cpp in Sources */ = {isa = PBXBuildFile; fileRef = 4A3F93FA1503107A00C37B64 /* main.cpp */; };
		4A3F95211503109300C37B64 /* user.cpp in Sources */ = {isa = PBXBuildFile; fileRef = 4A3F93FD1503107A00C37B64 /* user.cpp */; };
		4A3F952A1503114000C37B64 /* main.cpp in Sources */ = {isa = PBXBuildFile; fileRef = 4A3F93371503107900C37B64 /* main.cpp */; };
		4A3F952B1503114000C37B64 /* os.cpp in Sources */ = {isa = PBXBuildFile; fileRef = 4A3F93381503107900C37B64 /* os.cpp */; };
		4A5FE3F313655F84006350A3 /* libenet.a in Frameworks */ = {isa = PBXBuildFile; fileRef = 4A5FE3F213655F84006350A3 /* libenet.a */; };
		4A6CC5C5136592FD00A48E21 /* liballeg-main.a in Frameworks */ = {isa = PBXBuildFile; fileRef = 4A6CC5B9136591AC00A48E21 /* liballeg-main.a */; };
		4A7EFDE41432F6700040FA1E /* libenet.a in Frameworks */ = {isa = PBXBuildFile; fileRef = 4A5FE3F213655F84006350A3 /* libenet.a */; };
		4A8344731439588700C248E0 /* Allegro.framework in Frameworks */ = {isa = PBXBuildFile; fileRef = 4A8344721439588700C248E0 /* Allegro.framework */; };
		4A8344D8143958A200C248E0 /* Allegro.framework in Copy Allegro Framework */ = {isa = PBXBuildFile; fileRef = 4A8344721439588700C248E0 /* Allegro.framework */; };
		4AD7568F1438266A00ABDC71 /* LixManager.m in Sources */ = {isa = PBXBuildFile; fileRef = 4AD7568C1438266A00ABDC71 /* LixManager.m */; };
		4AD756901438266A00ABDC71 /* LixWindowDelegate.m in Sources */ = {isa = PBXBuildFile; fileRef = 4AD7568E1438266A00ABDC71 /* LixWindowDelegate.m */; };
		4ADF518A14383704007BDAA0 /* Credits.rtf in Resources */ = {isa = PBXBuildFile; fileRef = 4ADF518514383703007BDAA0 /* Credits.rtf */; };
		4ADF518B14383704007BDAA0 /* ImportantNotes.rtf in Resources */ = {isa = PBXBuildFile; fileRef = 4ADF518614383703007BDAA0 /* ImportantNotes.rtf */; };
		4ADF518D14383704007BDAA0 /* Lix.icns in Resources */ = {isa = PBXBuildFile; fileRef = 4ADF518814383703007BDAA0 /* Lix.icns */; };
		4ADF518E14383704007BDAA0 /* MainMenu.nib in Resources */ = {isa = PBXBuildFile; fileRef = 4ADF518914383703007BDAA0 /* MainMenu.nib */; };
		4AF37479131E535B00157DB3 /* Cocoa.framework in Frameworks */ = {isa = PBXBuildFile; fileRef = 4AF37478131E535B00157DB3 /* Cocoa.framework */; };
/* End PBXBuildFile section */

/* Begin PBXCopyFilesBuildPhase section */
		4A8344641439556400C248E0 /* Copy Allegro Framework */ = {
			isa = PBXCopyFilesBuildPhase;
			buildActionMask = 2147483647;
			dstPath = "";
			dstSubfolderSpec = 10;
			files = (
				4A8344D8143958A200C248E0 /* Allegro.framework in Copy Allegro Framework */,
			);
			name = "Copy Allegro Framework";
			runOnlyForDeploymentPostprocessing = 0;
		};
/* End PBXCopyFilesBuildPhase section */

/* Begin PBXFileReference section */
		4A2429FC131D0CD700D6C047 /* bitmap */ = {isa = PBXFileReference; lastKnownFileType = folder; name = bitmap; path = ../../lix/bitmap; sourceTree = "<group>"; };
		4A242B11131D0CD700D6C047 /* data */ = {isa = PBXFileReference; lastKnownFileType = folder; name = data; path = ../../lix/data; sourceTree = "<group>"; };
		4A242B4F131D0CD700D6C047 /* levels */ = {isa = PBXFileReference; lastKnownFileType = folder; name = levels; path = ../../lix/levels; sourceTree = "<group>"; };
		4A2FBE1114303E4500790176 /* doc */ = {isa = PBXFileReference; lastKnownFileType = folder; name = doc; path = ../../lix/doc; sourceTree = SOURCE_ROOT; };
		4A3B48B21503917E0013EE14 /* README.txt */ = {isa = PBXFileReference; fileEncoding = 4; lastKnownFileType = text; name = README.txt; path = ../../README.txt; sourceTree = SOURCE_ROOT; };
		4A3F92FF1503107900C37B64 /* brow_sav.cpp */ = {isa = PBXFileReference; fileEncoding = 4; lastKnownFileType = sourcecode.cpp.cpp; path = brow_sav.cpp; sourceTree = "<group>"; };
		4A3F93001503107900C37B64 /* brow_sav.h */ = {isa = PBXFileReference; fileEncoding = 4; lastKnownFileType = sourcecode.c.h; path = brow_sav.h; sourceTree = "<group>"; };
		4A3F93021503107900C37B64 /* b_bitmap.cpp */ = {isa = PBXFileReference; fileEncoding = 4; lastKnownFileType = sourcecode.cpp.cpp; path = b_bitmap.cpp; sourceTree = "<group>"; };
		4A3F93031503107900C37B64 /* b_bitmap.d */ = {isa = PBXFileReference; fileEncoding = 4; lastKnownFileType = sourcecode.dtrace; path = b_bitmap.d; sourceTree = "<group>"; };
		4A3F93041503107900C37B64 /* b_bitmap.h */ = {isa = PBXFileReference; fileEncoding = 4; lastKnownFileType = sourcecode.c.h; path = b_bitmap.h; sourceTree = "<group>"; };
		4A3F93051503107900C37B64 /* b_bitmap.o */ = {isa = PBXFileReference; lastKnownFileType = "compiled.mach-o.objfile"; path = b_bitmap.o; sourceTree = "<group>"; };
		4A3F93061503107900C37B64 /* b_combin.cpp */ = {isa = PBXFileReference; fileEncoding = 4; lastKnownFileType = sourcecode.cpp.cpp; path = b_combin.cpp; sourceTree = "<group>"; };
		4A3F93071503107900C37B64 /* b_combin.d */ = {isa = PBXFileReference; fileEncoding = 4; lastKnownFileType = sourcecode.dtrace; path = b_combin.d; sourceTree = "<group>"; };
		4A3F93081503107900C37B64 /* b_combin.h */ = {isa = PBXFileReference; fileEncoding = 4; lastKnownFileType = sourcecode.c.h; path = b_combin.h; sourceTree = "<group>"; };
		4A3F93091503107900C37B64 /* b_combin.o */ = {isa = PBXFileReference; lastKnownFileType = "compiled.mach-o.objfile"; path = b_combin.o; sourceTree = "<group>"; };
		4A3F930A1503107900C37B64 /* b_enum.cpp */ = {isa = PBXFileReference; fileEncoding = 4; lastKnownFileType = sourcecode.cpp.cpp; path = b_enum.cpp; sourceTree = "<group>"; };
		4A3F930B1503107900C37B64 /* b_enum.d */ = {isa = PBXFileReference; fileEncoding = 4; lastKnownFileType = sourcecode.dtrace; path = b_enum.d; sourceTree = "<group>"; };
		4A3F930C1503107900C37B64 /* b_enum.h */ = {isa = PBXFileReference; fileEncoding = 4; lastKnownFileType = sourcecode.c.h; path = b_enum.h; sourceTree = "<group>"; };
		4A3F930D1503107900C37B64 /* b_enum.o */ = {isa = PBXFileReference; lastKnownFileType = "compiled.mach-o.objfile"; path = b_enum.o; sourceTree = "<group>"; };
		4A3F930E1503107900C37B64 /* b_key.cpp */ = {isa = PBXFileReference; fileEncoding = 4; lastKnownFileType = sourcecode.cpp.cpp; path = b_key.cpp; sourceTree = "<group>"; };
		4A3F930F1503107900C37B64 /* b_key.d */ = {isa = PBXFileReference; fileEncoding = 4; lastKnownFileType = sourcecode.dtrace; path = b_key.d; sourceTree = "<group>"; };
		4A3F93101503107900C37B64 /* b_key.h */ = {isa = PBXFileReference; fileEncoding = 4; lastKnownFileType = sourcecode.c.h; path = b_key.h; sourceTree = "<group>"; };
		4A3F93111503107900C37B64 /* b_key.o */ = {isa = PBXFileReference; lastKnownFileType = "compiled.mach-o.objfile"; path = b_key.o; sourceTree = "<group>"; };
		4A3F93121503107900C37B64 /* b_skill.cpp */ = {isa = PBXFileReference; fileEncoding = 4; lastKnownFileType = sourcecode.cpp.cpp; path = b_skill.cpp; sourceTree = "<group>"; };
		4A3F93131503107900C37B64 /* b_skill.d */ = {isa = PBXFileReference; fileEncoding = 4; lastKnownFileType = sourcecode.dtrace; path = b_skill.d; sourceTree = "<group>"; };
		4A3F93141503107900C37B64 /* b_skill.h */ = {isa = PBXFileReference; fileEncoding = 4; lastKnownFileType = sourcecode.c.h; path = b_skill.h; sourceTree = "<group>"; };
		4A3F93151503107900C37B64 /* b_skill.o */ = {isa = PBXFileReference; lastKnownFileType = "compiled.mach-o.objfile"; path = b_skill.o; sourceTree = "<group>"; };
		4A3F93161503107900C37B64 /* b_text.cpp */ = {isa = PBXFileReference; fileEncoding = 4; lastKnownFileType = sourcecode.cpp.cpp; path = b_text.cpp; sourceTree = "<group>"; };
		4A3F93171503107900C37B64 /* b_text.d */ = {isa = PBXFileReference; fileEncoding = 4; lastKnownFileType = sourcecode.dtrace; path = b_text.d; sourceTree = "<group>"; };
		4A3F93181503107900C37B64 /* b_text.h */ = {isa = PBXFileReference; fileEncoding = 4; lastKnownFileType = sourcecode.c.h; path = b_text.h; sourceTree = "<group>"; };
		4A3F93191503107900C37B64 /* b_text.o */ = {isa = PBXFileReference; lastKnownFileType = "compiled.mach-o.objfile"; path = b_text.o; sourceTree = "<group>"; };
		4A3F931A1503107900C37B64 /* button.cpp */ = {isa = PBXFileReference; fileEncoding = 4; lastKnownFileType = sourcecode.cpp.cpp; path = button.cpp; sourceTree = "<group>"; };
		4A3F931B1503107900C37B64 /* button.d */ = {isa = PBXFileReference; fileEncoding = 4; lastKnownFileType = sourcecode.dtrace; path = button.d; sourceTree = "<group>"; };
		4A3F931C1503107900C37B64 /* button.h */ = {isa = PBXFileReference; fileEncoding = 4; lastKnownFileType = sourcecode.c.h; path = button.h; sourceTree = "<group>"; };
		4A3F931D1503107900C37B64 /* button.o */ = {isa = PBXFileReference; lastKnownFileType = "compiled.mach-o.objfile"; path = button.o; sourceTree = "<group>"; };
		4A3F931E1503107900C37B64 /* element.cpp */ = {isa = PBXFileReference; fileEncoding = 4; lastKnownFileType = sourcecode.cpp.cpp; path = element.cpp; sourceTree = "<group>"; };
		4A3F931F1503107900C37B64 /* element.h */ = {isa = PBXFileReference; fileEncoding = 4; lastKnownFileType = sourcecode.c.h; path = element.h; sourceTree = "<group>"; };
		4A3F93201503107900C37B64 /* frame.cpp */ = {isa = PBXFileReference; fileEncoding = 4; lastKnownFileType = sourcecode.cpp.cpp; path = frame.cpp; sourceTree = "<group>"; };
		4A3F93211503107900C37B64 /* frame.h */ = {isa = PBXFileReference; fileEncoding = 4; lastKnownFileType = sourcecode.c.h; path = frame.h; sourceTree = "<group>"; };
		4A3F93221503107900C37B64 /* label.cpp */ = {isa = PBXFileReference; fileEncoding = 4; lastKnownFileType = sourcecode.cpp.cpp; path = label.cpp; sourceTree = "<group>"; };
		4A3F93231503107900C37B64 /* label.h */ = {isa = PBXFileReference; fileEncoding = 4; lastKnownFileType = sourcecode.c.h; path = label.h; sourceTree = "<group>"; };
		4A3F93241503107900C37B64 /* labeltwo.cpp */ = {isa = PBXFileReference; fileEncoding = 4; lastKnownFileType = sourcecode.cpp.cpp; path = labeltwo.cpp; sourceTree = "<group>"; };
		4A3F93251503107900C37B64 /* labeltwo.h */ = {isa = PBXFileReference; fileEncoding = 4; lastKnownFileType = sourcecode.c.h; path = labeltwo.h; sourceTree = "<group>"; };
		4A3F93261503107900C37B64 /* list_dir.cpp */ = {isa = PBXFileReference; fileEncoding = 4; lastKnownFileType = sourcecode.cpp.cpp; path = list_dir.cpp; sourceTree = "<group>"; };
		4A3F93271503107900C37B64 /* list_dir.h */ = {isa = PBXFileReference; fileEncoding = 4; lastKnownFileType = sourcecode.c.h; path = list_dir.h; sourceTree = "<group>"; };
		4A3F93281503107900C37B64 /* list_fil.cpp */ = {isa = PBXFileReference; fileEncoding = 4; lastKnownFileType = sourcecode.cpp.cpp; path = list_fil.cpp; sourceTree = "<group>"; };
		4A3F93291503107900C37B64 /* list_fil.h */ = {isa = PBXFileReference; fileEncoding = 4; lastKnownFileType = sourcecode.c.h; path = list_fil.h; sourceTree = "<group>"; };
		4A3F932A1503107900C37B64 /* list_lev.cpp */ = {isa = PBXFileReference; fileEncoding = 4; lastKnownFileType = sourcecode.cpp.cpp; path = list_lev.cpp; sourceTree = "<group>"; };
		4A3F932B1503107900C37B64 /* list_lev.h */ = {isa = PBXFileReference; fileEncoding = 4; lastKnownFileType = sourcecode.c.h; path = list_lev.h; sourceTree = "<group>"; };
		4A3F932C1503107900C37B64 /* manager.cpp */ = {isa = PBXFileReference; fileEncoding = 4; lastKnownFileType = sourcecode.cpp.cpp; path = manager.cpp; sourceTree = "<group>"; };
		4A3F932D1503107900C37B64 /* manager.h */ = {isa = PBXFileReference; fileEncoding = 4; lastKnownFileType = sourcecode.c.h; path = manager.h; sourceTree = "<group>"; };
		4A3F932E1503107900C37B64 /* message.cpp */ = {isa = PBXFileReference; fileEncoding = 4; lastKnownFileType = sourcecode.cpp.cpp; path = message.cpp; sourceTree = "<group>"; };
		4A3F932F1503107900C37B64 /* message.h */ = {isa = PBXFileReference; fileEncoding = 4; lastKnownFileType = sourcecode.c.h; path = message.h; sourceTree = "<group>"; };
		4A3F93301503107900C37B64 /* number.cpp */ = {isa = PBXFileReference; fileEncoding = 4; lastKnownFileType = sourcecode.cpp.cpp; path = number.cpp; sourceTree = "<group>"; };
		4A3F93311503107900C37B64 /* number.h */ = {isa = PBXFileReference; fileEncoding = 4; lastKnownFileType = sourcecode.c.h; path = number.h; sourceTree = "<group>"; };
		4A3F93321503107900C37B64 /* texttype.cpp */ = {isa = PBXFileReference; fileEncoding = 4; lastKnownFileType = sourcecode.cpp.cpp; path = texttype.cpp; sourceTree = "<group>"; };
		4A3F93331503107900C37B64 /* texttype.h */ = {isa = PBXFileReference; fileEncoding = 4; lastKnownFileType = sourcecode.c.h; path = texttype.h; sourceTree = "<group>"; };
		4A3F93341503107900C37B64 /* window.cpp */ = {isa = PBXFileReference; fileEncoding = 4; lastKnownFileType = sourcecode.cpp.cpp; path = window.cpp; sourceTree = "<group>"; };
		4A3F93351503107900C37B64 /* window.h */ = {isa = PBXFileReference; fileEncoding = 4; lastKnownFileType = sourcecode.c.h; path = window.h; sourceTree = "<group>"; };
		4A3F93371503107900C37B64 /* main.cpp */ = {isa = PBXFileReference; fileEncoding = 4; lastKnownFileType = sourcecode.cpp.cpp; path = main.cpp; sourceTree = "<group>"; };
		4A3F93381503107900C37B64 /* os.cpp */ = {isa = PBXFileReference; fileEncoding = 4; lastKnownFileType = sourcecode.cpp.cpp; path = os.cpp; sourceTree = "<group>"; };
		4A3F93391503107900C37B64 /* os.h */ = {isa = PBXFileReference; explicitFileType = sourcecode.c.h; fileEncoding = 4; path = os.h; sourceTree = "<group>"; };
		4A3F933B1503107900C37B64 /* bit_brow.cpp */ = {isa = PBXFileReference; fileEncoding = 4; lastKnownFileType = sourcecode.cpp.cpp; path = bit_brow.cpp; sourceTree = "<group>"; };
		4A3F933C1503107900C37B64 /* bit_brow.h */ = {isa = PBXFileReference; fileEncoding = 4; lastKnownFileType = sourcecode.c.h; path = bit_brow.h; sourceTree = "<group>"; };
		4A3F933D1503107900C37B64 /* button_k.h */ = {isa = PBXFileReference; fileEncoding = 4; lastKnownFileType = sourcecode.c.h; path = button_k.h; sourceTree = "<group>"; };
		4A3F933E1503107900C37B64 /* editor.cpp */ = {isa = PBXFileReference; fileEncoding = 4; lastKnownFileType = sourcecode.cpp.cpp; path = editor.cpp; sourceTree = "<group>"; };
		4A3F933F1503107900C37B64 /* editor.h */ = {isa = PBXFileReference; fileEncoding = 4; lastKnownFileType = sourcecode.c.h; path = editor.h; sourceTree = "<group>"; };
		4A3F93401503107900C37B64 /* editor_c.cpp */ = {isa = PBXFileReference; fileEncoding = 4; lastKnownFileType = sourcecode.cpp.cpp; path = editor_c.cpp; sourceTree = "<group>"; };
		4A3F93411503107900C37B64 /* editor_d.cpp */ = {isa = PBXFileReference; fileEncoding = 4; lastKnownFileType = sourcecode.cpp.cpp; path = editor_d.cpp; sourceTree = "<group>"; };
		4A3F93421503107900C37B64 /* editor_f.cpp */ = {isa = PBXFileReference; fileEncoding = 4; lastKnownFileType = sourcecode.cpp.cpp; path = editor_f.cpp; sourceTree = "<group>"; };
		4A3F93431503107900C37B64 /* graph_ed.cpp */ = {isa = PBXFileReference; fileEncoding = 4; lastKnownFileType = sourcecode.cpp.cpp; path = graph_ed.cpp; sourceTree = "<group>"; };
		4A3F93441503107900C37B64 /* graph_ed.h */ = {isa = PBXFileReference; fileEncoding = 4; lastKnownFileType = sourcecode.c.h; path = graph_ed.h; sourceTree = "<group>"; };
		4A3F93451503107900C37B64 /* win_scro.cpp */ = {isa = PBXFileReference; fileEncoding = 4; lastKnownFileType = sourcecode.cpp.cpp; path = win_scro.cpp; sourceTree = "<group>"; };
		4A3F93461503107900C37B64 /* win_scro.h */ = {isa = PBXFileReference; fileEncoding = 4; lastKnownFileType = sourcecode.c.h; path = win_scro.h; sourceTree = "<group>"; };
		4A3F93471503107900C37B64 /* win_size.cpp */ = {isa = PBXFileReference; fileEncoding = 4; lastKnownFileType = sourcecode.cpp.cpp; path = win_size.cpp; sourceTree = "<group>"; };
		4A3F93481503107900C37B64 /* win_size.h */ = {isa = PBXFileReference; fileEncoding = 4; lastKnownFileType = sourcecode.c.h; path = win_size.h; sourceTree = "<group>"; };
		4A3F93491503107900C37B64 /* win_skil.cpp */ = {isa = PBXFileReference; fileEncoding = 4; lastKnownFileType = sourcecode.cpp.cpp; path = win_skil.cpp; sourceTree = "<group>"; };
		4A3F934A1503107900C37B64 /* win_skil.h */ = {isa = PBXFileReference; fileEncoding = 4; lastKnownFileType = sourcecode.c.h; path = win_skil.h; sourceTree = "<group>"; };
		4A3F934B1503107900C37B64 /* win_var.cpp */ = {isa = PBXFileReference; fileEncoding = 4; lastKnownFileType = sourcecode.cpp.cpp; path = win_var.cpp; sourceTree = "<group>"; };
		4A3F934C1503107900C37B64 /* win_var.h */ = {isa = PBXFileReference; fileEncoding = 4; lastKnownFileType = sourcecode.c.h; path = win_var.h; sourceTree = "<group>"; };
		4A3F934E1503107900C37B64 /* effect.cpp */ = {isa = PBXFileReference; fileEncoding = 4; lastKnownFileType = sourcecode.cpp.cpp; path = effect.cpp; sourceTree = "<group>"; };
		4A3F934F1503107900C37B64 /* effect.h */ = {isa = PBXFileReference; fileEncoding = 4; lastKnownFileType = sourcecode.c.h; path = effect.h; sourceTree = "<group>"; };
		4A3F93501503107900C37B64 /* gamepl_a.cpp */ = {isa = PBXFileReference; fileEncoding = 4; lastKnownFileType = sourcecode.cpp.cpp; path = gamepl_a.cpp; sourceTree = "<group>"; };
		4A3F93511503107900C37B64 /* gamepl_c.cpp */ = {isa = PBXFileReference; fileEncoding = 4; lastKnownFileType = sourcecode.cpp.cpp; path = gamepl_c.cpp; sourceTree = "<group>"; };
		4A3F93521503107900C37B64 /* gamepl_d.cpp */ = {isa = PBXFileReference; fileEncoding = 4; lastKnownFileType = sourcecode.cpp.cpp; path = gamepl_d.cpp; sourceTree = "<group>"; };
		4A3F93531503107900C37B64 /* gamepl_u.cpp */ = {isa = PBXFileReference; fileEncoding = 4; lastKnownFileType = sourcecode.cpp.cpp; path = gamepl_u.cpp; sourceTree = "<group>"; };
		4A3F93541503107900C37B64 /* gameplay.cpp */ = {isa = PBXFileReference; fileEncoding = 4; lastKnownFileType = sourcecode.cpp.cpp; path = gameplay.cpp; sourceTree = "<group>"; };
		4A3F93551503107900C37B64 /* gameplay.h */ = {isa = PBXFileReference; fileEncoding = 4; lastKnownFileType = sourcecode.c.h; path = gameplay.h; sourceTree = "<group>"; };
		4A3F93561503107900C37B64 /* goal.cpp */ = {isa = PBXFileReference; fileEncoding = 4; lastKnownFileType = sourcecode.cpp.cpp; path = goal.cpp; sourceTree = "<group>"; };
		4A3F93571503107900C37B64 /* goal.h */ = {isa = PBXFileReference; fileEncoding = 4; lastKnownFileType = sourcecode.c.h; path = goal.h; sourceTree = "<group>"; };
		4A3F93591503107900C37B64 /* arrow.cpp */ = {isa = PBXFileReference; fileEncoding = 4; lastKnownFileType = sourcecode.cpp.cpp; path = arrow.cpp; sourceTree = "<group>"; };
		4A3F935A1503107A00C37B64 /* arrow.h */ = {isa = PBXFileReference; fileEncoding = 4; lastKnownFileType = sourcecode.c.h; path = arrow.h; sourceTree = "<group>"; };
		4A3F935B1503107A00C37B64 /* chat.cpp */ = {isa = PBXFileReference; fileEncoding = 4; lastKnownFileType = sourcecode.cpp.cpp; path = chat.cpp; sourceTree = "<group>"; };
		4A3F935C1503107A00C37B64 /* chat.h */ = {isa = PBXFileReference; fileEncoding = 4; lastKnownFileType = sourcecode.c.h; path = chat.h; sourceTree = "<group>"; };
		4A3F935D1503107A00C37B64 /* pan_i_tr.cpp */ = {isa = PBXFileReference; fileEncoding = 4; lastKnownFileType = sourcecode.cpp.cpp; path = pan_i_tr.cpp; sourceTree = "<group>"; };
		4A3F935E1503107A00C37B64 /* pan_info.cpp */ = {isa = PBXFileReference; fileEncoding = 4; lastKnownFileType = sourcecode.cpp.cpp; path = pan_info.cpp; sourceTree = "<group>"; };
		4A3F935F1503107A00C37B64 /* pan_info.h */ = {isa = PBXFileReference; fileEncoding = 4; lastKnownFileType = sourcecode.c.h; path = pan_info.h; sourceTree = "<group>"; };
		4A3F93601503107A00C37B64 /* panel.cpp */ = {isa = PBXFileReference; fileEncoding = 4; lastKnownFileType = sourcecode.cpp.cpp; path = panel.cpp; sourceTree = "<group>"; };
		4A3F93611503107A00C37B64 /* panel.h */ = {isa = PBXFileReference; fileEncoding = 4; lastKnownFileType = sourcecode.c.h; path = panel.h; sourceTree = "<group>"; };
		4A3F93621503107A00C37B64 /* win_game.cpp */ = {isa = PBXFileReference; fileEncoding = 4; lastKnownFileType = sourcecode.cpp.cpp; path = win_game.cpp; sourceTree = "<group>"; };
		4A3F93631503107A00C37B64 /* win_game.h */ = {isa = PBXFileReference; fileEncoding = 4; lastKnownFileType = sourcecode.c.h; path = win_game.h; sourceTree = "<group>"; };
		4A3F93641503107A00C37B64 /* hatch.cpp */ = {isa = PBXFileReference; fileEncoding = 4; lastKnownFileType = sourcecode.cpp.cpp; path = hatch.cpp; sourceTree = "<group>"; };
		4A3F93651503107A00C37B64 /* hatch.h */ = {isa = PBXFileReference; fileEncoding = 4; lastKnownFileType = sourcecode.c.h; path = hatch.h; sourceTree = "<group>"; };
		4A3F93661503107A00C37B64 /* lookup.cpp */ = {isa = PBXFileReference; fileEncoding = 4; lastKnownFileType = sourcecode.cpp.cpp; path = lookup.cpp; sourceTree = "<group>"; };
		4A3F93671503107A00C37B64 /* lookup.h */ = {isa = PBXFileReference; fileEncoding = 4; lastKnownFileType = sourcecode.c.h; path = lookup.h; sourceTree = "<group>"; };
		4A3F93681503107A00C37B64 /* replay.cpp */ = {isa = PBXFileReference; fileEncoding = 4; lastKnownFileType = sourcecode.cpp.cpp; path = replay.cpp; sourceTree = "<group>"; };
		4A3F93691503107A00C37B64 /* replay.h */ = {isa = PBXFileReference; fileEncoding = 4; lastKnownFileType = sourcecode.c.h; path = replay.h; sourceTree = "<group>"; };
		4A3F936A1503107A00C37B64 /* state.cpp */ = {isa = PBXFileReference; fileEncoding = 4; lastKnownFileType = sourcecode.cpp.cpp; path = state.cpp; sourceTree = "<group>"; };
		4A3F936B1503107A00C37B64 /* state.h */ = {isa = PBXFileReference; fileEncoding = 4; lastKnownFileType = sourcecode.c.h; path = state.h; sourceTree = "<group>"; };
		4A3F936C1503107A00C37B64 /* state_ma.cpp */ = {isa = PBXFileReference; fileEncoding = 4; lastKnownFileType = sourcecode.cpp.cpp; path = state_ma.cpp; sourceTree = "<group>"; };
		4A3F936D1503107A00C37B64 /* state_ma.h */ = {isa = PBXFileReference; fileEncoding = 4; lastKnownFileType = sourcecode.c.h; path = state_ma.h; sourceTree = "<group>"; };
		4A3F936E1503107A00C37B64 /* tribe.cpp */ = {isa = PBXFileReference; fileEncoding = 4; lastKnownFileType = sourcecode.cpp.cpp; path = tribe.cpp; sourceTree = "<group>"; };
		4A3F936F1503107A00C37B64 /* tribe.h */ = {isa = PBXFileReference; fileEncoding = 4; lastKnownFileType = sourcecode.c.h; path = tribe.h; sourceTree = "<group>"; };
		4A3F93701503107A00C37B64 /* trigger.cpp */ = {isa = PBXFileReference; fileEncoding = 4; lastKnownFileType = sourcecode.cpp.cpp; path = trigger.cpp; sourceTree = "<group>"; };
		4A3F93711503107A00C37B64 /* trigger.h */ = {isa = PBXFileReference; fileEncoding = 4; lastKnownFileType = sourcecode.c.h; path = trigger.h; sourceTree = "<group>"; };
		4A3F93731503107A00C37B64 /* bitlist.cpp */ = {isa = PBXFileReference; fileEncoding = 4; lastKnownFileType = sourcecode.cpp.cpp; path = bitlist.cpp; sourceTree = "<group>"; };
		4A3F93741503107A00C37B64 /* cutbit.cpp */ = {isa = PBXFileReference; fileEncoding = 4; lastKnownFileType = sourcecode.cpp.cpp; path = cutbit.cpp; sourceTree = "<group>"; };
		4A3F93751503107A00C37B64 /* cutbit.h */ = {isa = PBXFileReference; fileEncoding = 4; lastKnownFileType = sourcecode.c.h; path = cutbit.h; sourceTree = "<group>"; };
		4A3F93761503107A00C37B64 /* glob_gfx.cpp */ = {isa = PBXFileReference; fileEncoding = 4; lastKnownFileType = sourcecode.cpp.cpp; path = glob_gfx.cpp; sourceTree = "<group>"; };
		4A3F93771503107A00C37B64 /* glob_gfx.h */ = {isa = PBXFileReference; fileEncoding = 4; lastKnownFileType = sourcecode.c.h; path = glob_gfx.h; sourceTree = "<group>"; };
		4A3F93781503107A00C37B64 /* gra_lib.cpp */ = {isa = PBXFileReference; fileEncoding = 4; lastKnownFileType = sourcecode.cpp.cpp; path = gra_lib.cpp; sourceTree = "<group>"; };
		4A3F93791503107A00C37B64 /* gra_lib.h */ = {isa = PBXFileReference; fileEncoding = 4; lastKnownFileType = sourcecode.c.h; path = gra_lib.h; sourceTree = "<group>"; };
		4A3F937A1503107A00C37B64 /* graph_bg.cpp */ = {isa = PBXFileReference; fileEncoding = 4; lastKnownFileType = sourcecode.cpp.cpp; path = graph_bg.cpp; sourceTree = "<group>"; };
		4A3F937B1503107A00C37B64 /* graph_bg.h */ = {isa = PBXFileReference; fileEncoding = 4; lastKnownFileType = sourcecode.c.h; path = graph_bg.h; sourceTree = "<group>"; };
		4A3F937C1503107A00C37B64 /* graphic.cpp */ = {isa = PBXFileReference; fileEncoding = 4; lastKnownFileType = sourcecode.cpp.cpp; path = graphic.cpp; sourceTree = "<group>"; };
		4A3F937D1503107A00C37B64 /* graphic.h */ = {isa = PBXFileReference; fileEncoding = 4; lastKnownFileType = sourcecode.c.h; path = graphic.h; sourceTree = "<group>"; };
		4A3F937E1503107A00C37B64 /* map.cpp */ = {isa = PBXFileReference; fileEncoding = 4; lastKnownFileType = sourcecode.cpp.cpp; path = map.cpp; sourceTree = "<group>"; };
		4A3F937F1503107A00C37B64 /* map.h */ = {isa = PBXFileReference; fileEncoding = 4; lastKnownFileType = sourcecode.c.h; path = map.h; sourceTree = "<group>"; };
		4A3F93801503107A00C37B64 /* map_d.cpp */ = {isa = PBXFileReference; fileEncoding = 4; lastKnownFileType = sourcecode.cpp.cpp; path = map_d.cpp; sourceTree = "<group>"; };
		4A3F93811503107A00C37B64 /* sound.cpp */ = {isa = PBXFileReference; fileEncoding = 4; lastKnownFileType = sourcecode.cpp.cpp; path = sound.cpp; sourceTree = "<group>"; };
		4A3F93821503107A00C37B64 /* sound.h */ = {isa = PBXFileReference; fileEncoding = 4; lastKnownFileType = sourcecode.c.h; path = sound.h; sourceTree = "<group>"; };
		4A3F93831503107A00C37B64 /* torbit.cpp */ = {isa = PBXFileReference; fileEncoding = 4; lastKnownFileType = sourcecode.cpp.cpp; path = torbit.cpp; sourceTree = "<group>"; };
		4A3F93841503107A00C37B64 /* torbit.h */ = {isa = PBXFileReference; fileEncoding = 4; lastKnownFileType = sourcecode.c.h; path = torbit.h; sourceTree = "<group>"; };
		4A3F93861503107A00C37B64 /* crunch.cpp */ = {isa = PBXFileReference; fileEncoding = 4; lastKnownFileType = sourcecode.cpp.cpp; path = crunch.cpp; sourceTree = "<group>"; };
		4A3F93871503107A00C37B64 /* crunch.h */ = {isa = PBXFileReference; fileEncoding = 4; lastKnownFileType = sourcecode.c.h; path = crunch.h; sourceTree = "<group>"; };
		4A3F93881503107A00C37B64 /* graset.cpp */ = {isa = PBXFileReference; fileEncoding = 4; lastKnownFileType = sourcecode.cpp.cpp; path = graset.cpp; sourceTree = "<group>"; };
		4A3F93891503107A00C37B64 /* graset.h */ = {isa = PBXFileReference; fileEncoding = 4; lastKnownFileType = sourcecode.c.h; path = graset.h; sourceTree = "<group>"; };
		4A3F938A1503107A00C37B64 /* graset_1.cpp */ = {isa = PBXFileReference; fileEncoding = 4; lastKnownFileType = sourcecode.cpp.cpp; path = graset_1.cpp; sourceTree = "<group>"; };
		4A3F938B1503107A00C37B64 /* graset_1.h */ = {isa = PBXFileReference; fileEncoding = 4; lastKnownFileType = sourcecode.c.h; path = graset_1.h; sourceTree = "<group>"; };
		4A3F938C1503107A00C37B64 /* graset_2.cpp */ = {isa = PBXFileReference; fileEncoding = 4; lastKnownFileType = sourcecode.cpp.cpp; path = graset_2.cpp; sourceTree = "<group>"; };
		4A3F938D1503107A00C37B64 /* graset_2.h */ = {isa = PBXFileReference; fileEncoding = 4; lastKnownFileType = sourcecode.c.h; path = graset_2.h; sourceTree = "<group>"; };
		4A3F938E1503107A00C37B64 /* level.cpp */ = {isa = PBXFileReference; fileEncoding = 4; lastKnownFileType = sourcecode.cpp.cpp; path = level.cpp; sourceTree = "<group>"; };
		4A3F938F1503107A00C37B64 /* level.h */ = {isa = PBXFileReference; fileEncoding = 4; lastKnownFileType = sourcecode.c.h; path = level.h; sourceTree = "<group>"; };
		4A3F93901503107A00C37B64 /* level_bi.cpp */ = {isa = PBXFileReference; fileEncoding = 4; lastKnownFileType = sourcecode.cpp.cpp; path = level_bi.cpp; sourceTree = "<group>"; };
		4A3F93911503107A00C37B64 /* level_dr.cpp */ = {isa = PBXFileReference; fileEncoding = 4; lastKnownFileType = sourcecode.cpp.cpp; path = level_dr.cpp; sourceTree = "<group>"; };
		4A3F93921503107A00C37B64 /* level_io.cpp */ = {isa = PBXFileReference; fileEncoding = 4; lastKnownFileType = sourcecode.cpp.cpp; path = level_io.cpp; sourceTree = "<group>"; };
		4A3F93931503107A00C37B64 /* obj_lib.cpp */ = {isa = PBXFileReference; fileEncoding = 4; lastKnownFileType = sourcecode.cpp.cpp; path = obj_lib.cpp; sourceTree = "<group>"; };
		4A3F93941503107A00C37B64 /* obj_lib.h */ = {isa = PBXFileReference; fileEncoding = 4; lastKnownFileType = sourcecode.c.h; path = obj_lib.h; sourceTree = "<group>"; };
		4A3F93951503107A00C37B64 /* object.cpp */ = {isa = PBXFileReference; fileEncoding = 4; lastKnownFileType = sourcecode.cpp.cpp; path = object.cpp; sourceTree = "<group>"; };
		4A3F93961503107A00C37B64 /* object.h */ = {isa = PBXFileReference; fileEncoding = 4; lastKnownFileType = sourcecode.c.h; path = object.h; sourceTree = "<group>"; };
		4A3F93981503107A00C37B64 /* ac.h */ = {isa = PBXFileReference; fileEncoding = 4; lastKnownFileType = sourcecode.c.h; path = ac.h; sourceTree = "<group>"; };
		4A3F93991503107A00C37B64 /* ac_func.cpp */ = {isa = PBXFileReference; fileEncoding = 4; lastKnownFileType = sourcecode.cpp.cpp; path = ac_func.cpp; sourceTree = "<group>"; };
		4A3F939A1503107A00C37B64 /* ac_func.h */ = {isa = PBXFileReference; fileEncoding = 4; lastKnownFileType = sourcecode.c.h; path = ac_func.h; sourceTree = "<group>"; };
		4A3F939B1503107A00C37B64 /* ascender.cpp */ = {isa = PBXFileReference; fileEncoding = 4; lastKnownFileType = sourcecode.cpp.cpp; path = ascender.cpp; sourceTree = "<group>"; };
		4A3F939C1503107A00C37B64 /* basher.cpp */ = {isa = PBXFileReference; fileEncoding = 4; lastKnownFileType = sourcecode.cpp.cpp; path = basher.cpp; sourceTree = "<group>"; };
		4A3F939D1503107A00C37B64 /* batter.cpp */ = {isa = PBXFileReference; fileEncoding = 4; lastKnownFileType = sourcecode.cpp.cpp; path = batter.cpp; sourceTree = "<group>"; };
		4A3F939E1503107A00C37B64 /* blocker.cpp */ = {isa = PBXFileReference; fileEncoding = 4; lastKnownFileType = sourcecode.cpp.cpp; path = blocker.cpp; sourceTree = "<group>"; };
		4A3F939F1503107A00C37B64 /* builder.cpp */ = {isa = PBXFileReference; fileEncoding = 4; lastKnownFileType = sourcecode.cpp.cpp; path = builder.cpp; sourceTree = "<group>"; };
		4A3F93A01503107A00C37B64 /* climber.cpp */ = {isa = PBXFileReference; fileEncoding = 4; lastKnownFileType = sourcecode.cpp.cpp; path = climber.cpp; sourceTree = "<group>"; };
		4A3F93A11503107A00C37B64 /* cuber.cpp */ = {isa = PBXFileReference; fileEncoding = 4; lastKnownFileType = sourcecode.cpp.cpp; path = cuber.cpp; sourceTree = "<group>"; };
		4A3F93A21503107A00C37B64 /* deaths.cpp */ = {isa = PBXFileReference; fileEncoding = 4; lastKnownFileType = sourcecode.cpp.cpp; path = deaths.cpp; sourceTree = "<group>"; };
		4A3F93A31503107A00C37B64 /* digger.cpp */ = {isa = PBXFileReference; fileEncoding = 4; lastKnownFileType = sourcecode.cpp.cpp; path = digger.cpp; sourceTree = "<group>"; };
		4A3F93A41503107A00C37B64 /* exiter.cpp */ = {isa = PBXFileReference; fileEncoding = 4; lastKnownFileType = sourcecode.cpp.cpp; path = exiter.cpp; sourceTree = "<group>"; };
		4A3F93A51503107A00C37B64 /* exploder.cpp */ = {isa = PBXFileReference; fileEncoding = 4; lastKnownFileType = sourcecode.cpp.cpp; path = exploder.cpp; sourceTree = "<group>"; };
		4A3F93A61503107A00C37B64 /* faller.cpp */ = {isa = PBXFileReference; fileEncoding = 4; lastKnownFileType = sourcecode.cpp.cpp; path = faller.cpp; sourceTree = "<group>"; };
		4A3F93A71503107A00C37B64 /* floater.cpp */ = {isa = PBXFileReference; fileEncoding = 4; lastKnownFileType = sourcecode.cpp.cpp; path = floater.cpp; sourceTree = "<group>"; };
		4A3F93A81503107A00C37B64 /* init.cpp */ = {isa = PBXFileReference; fileEncoding = 4; lastKnownFileType = sourcecode.cpp.cpp; path = init.cpp; sourceTree = "<group>"; };
		4A3F93A91503107A00C37B64 /* jumper.cpp */ = {isa = PBXFileReference; fileEncoding = 4; lastKnownFileType = sourcecode.cpp.cpp; path = jumper.cpp; sourceTree = "<group>"; };
		4A3F93AA1503107A00C37B64 /* lander.cpp */ = {isa = PBXFileReference; fileEncoding = 4; lastKnownFileType = sourcecode.cpp.cpp; path = lander.cpp; sourceTree = "<group>"; };
		4A3F93AB1503107A00C37B64 /* lix.cpp */ = {isa = PBXFileReference; fileEncoding = 4; lastKnownFileType = sourcecode.cpp.cpp; path = lix.cpp; sourceTree = "<group>"; };
		4A3F93AC1503107A00C37B64 /* lix.h */ = {isa = PBXFileReference; fileEncoding = 4; lastKnownFileType = sourcecode.c.h; path = lix.h; sourceTree = "<group>"; };
		4A3F93AD1503107A00C37B64 /* lix_ac.cpp */ = {isa = PBXFileReference; fileEncoding = 4; lastKnownFileType = sourcecode.cpp.cpp; path = lix_ac.cpp; sourceTree = "<group>"; };
		4A3F93AE1503107A00C37B64 /* lix_enum.cpp */ = {isa = PBXFileReference; fileEncoding = 4; lastKnownFileType = sourcecode.cpp.cpp; path = lix_enum.cpp; sourceTree = "<group>"; };
		4A3F93AF1503107A00C37B64 /* lix_enum.h */ = {isa = PBXFileReference; fileEncoding = 4; lastKnownFileType = sourcecode.c.h; path = lix_enum.h; sourceTree = "<group>"; };
		4A3F93B01503107A00C37B64 /* lix_upd.cpp */ = {isa = PBXFileReference; fileEncoding = 4; lastKnownFileType = sourcecode.cpp.cpp; path = lix_upd.cpp; sourceTree = "<group>"; };
		4A3F93B11503107A00C37B64 /* miner.cpp */ = {isa = PBXFileReference; fileEncoding = 4; lastKnownFileType = sourcecode.cpp.cpp; path = miner.cpp; sourceTree = "<group>"; };
		4A3F93B21503107A00C37B64 /* platform.cpp */ = {isa = PBXFileReference; fileEncoding = 4; lastKnownFileType = sourcecode.cpp.cpp; path = platform.cpp; sourceTree = "<group>"; };
		4A3F93B31503107A00C37B64 /* roper.cpp */ = {isa = PBXFileReference; fileEncoding = 4; lastKnownFileType = sourcecode.cpp.cpp; path = roper.cpp; sourceTree = "<group>"; };
		4A3F93B41503107A00C37B64 /* runner.cpp */ = {isa = PBXFileReference; fileEncoding = 4; lastKnownFileType = sourcecode.cpp.cpp; path = runner.cpp; sourceTree = "<group>"; };
		4A3F93B51503107A00C37B64 /* stunner.cpp */ = {isa = PBXFileReference; fileEncoding = 4; lastKnownFileType = sourcecode.cpp.cpp; path = stunner.cpp; sourceTree = "<group>"; };
		4A3F93B61503107A00C37B64 /* tumbler.cpp */ = {isa = PBXFileReference; fileEncoding = 4; lastKnownFileType = sourcecode.cpp.cpp; path = tumbler.cpp; sourceTree = "<group>"; };
		4A3F93B71503107A00C37B64 /* walker.cpp */ = {isa = PBXFileReference; fileEncoding = 4; lastKnownFileType = sourcecode.cpp.cpp; path = walker.cpp; sourceTree = "<group>"; };
		4A3F93B91503107A00C37B64 /* brow_big.cpp */ = {isa = PBXFileReference; fileEncoding = 4; lastKnownFileType = sourcecode.cpp.cpp; path = brow_big.cpp; sourceTree = "<group>"; };
		4A3F93BA1503107A00C37B64 /* brow_big.h */ = {isa = PBXFileReference; fileEncoding = 4; lastKnownFileType = sourcecode.c.h; path = brow_big.h; sourceTree = "<group>"; };
		4A3F93BB1503107A00C37B64 /* brow_net.cpp */ = {isa = PBXFileReference; fileEncoding = 4; lastKnownFileType = sourcecode.cpp.cpp; path = brow_net.cpp; sourceTree = "<group>"; };
		4A3F93BC1503107A00C37B64 /* brow_rep.cpp */ = {isa = PBXFileReference; fileEncoding = 4; lastKnownFileType = sourcecode.cpp.cpp; path = brow_rep.cpp; sourceTree = "<group>"; };
		4A3F93BD1503107A00C37B64 /* brow_sin.cpp */ = {isa = PBXFileReference; fileEncoding = 4; lastKnownFileType = sourcecode.cpp.cpp; path = brow_sin.cpp; sourceTree = "<group>"; };
		4A3F93BE1503107A00C37B64 /* browsers.h */ = {isa = PBXFileReference; fileEncoding = 4; lastKnownFileType = sourcecode.c.h; path = browsers.h; sourceTree = "<group>"; };
		4A3F93BF1503107A00C37B64 /* little.cpp */ = {isa = PBXFileReference; fileEncoding = 4; lastKnownFileType = sourcecode.cpp.cpp; path = little.cpp; sourceTree = "<group>"; };
		4A3F93C01503107A00C37B64 /* little.h */ = {isa = PBXFileReference; fileEncoding = 4; lastKnownFileType = sourcecode.c.h; path = little.h; sourceTree = "<group>"; };
		4A3F93C11503107A00C37B64 /* lobby.cpp */ = {isa = PBXFileReference; fileEncoding = 4; lastKnownFileType = sourcecode.cpp.cpp; path = lobby.cpp; sourceTree = "<group>"; };
		4A3F93C21503107A00C37B64 /* lobby.h */ = {isa = PBXFileReference; fileEncoding = 4; lastKnownFileType = sourcecode.c.h; path = lobby.h; sourceTree = "<group>"; };
		4A3F93C31503107A00C37B64 /* lobby_li.cpp */ = {isa = PBXFileReference; fileEncoding = 4; lastKnownFileType = sourcecode.cpp.cpp; path = lobby_li.cpp; sourceTree = "<group>"; };
		4A3F93C41503107A00C37B64 /* lobby_li.h */ = {isa = PBXFileReference; fileEncoding = 4; lastKnownFileType = sourcecode.c.h; path = lobby_li.h; sourceTree = "<group>"; };
		4A3F93C51503107A00C37B64 /* lobby_ro.cpp */ = {isa = PBXFileReference; fileEncoding = 4; lastKnownFileType = sourcecode.cpp.cpp; path = lobby_ro.cpp; sourceTree = "<group>"; };
		4A3F93C61503107A00C37B64 /* lobby_ro.h */ = {isa = PBXFileReference; fileEncoding = 4; lastKnownFileType = sourcecode.c.h; path = lobby_ro.h; sourceTree = "<group>"; };
		4A3F93C71503107A00C37B64 /* main_men.cpp */ = {isa = PBXFileReference; fileEncoding = 4; lastKnownFileType = sourcecode.cpp.cpp; path = main_men.cpp; sourceTree = "<group>"; };
		4A3F93C81503107A00C37B64 /* main_men.h */ = {isa = PBXFileReference; fileEncoding = 4; lastKnownFileType = sourcecode.c.h; path = main_men.h; sourceTree = "<group>"; };
		4A3F93C91503107A00C37B64 /* menu.cpp */ = {isa = PBXFileReference; fileEncoding = 4; lastKnownFileType = sourcecode.cpp.cpp; path = menu.cpp; sourceTree = "<group>"; };
		4A3F93CA1503107A00C37B64 /* menu.h */ = {isa = PBXFileReference; fileEncoding = 4; lastKnownFileType = sourcecode.c.h; path = menu.h; sourceTree = "<group>"; };
		4A3F93CB1503107A00C37B64 /* options.cpp */ = {isa = PBXFileReference; fileEncoding = 4; lastKnownFileType = sourcecode.cpp.cpp; path = options.cpp; sourceTree = "<group>"; };
		4A3F93CC1503107A00C37B64 /* options.h */ = {isa = PBXFileReference; fileEncoding = 4; lastKnownFileType = sourcecode.c.h; path = options.h; sourceTree = "<group>"; };
		4A3F93CD1503107A00C37B64 /* preview.cpp */ = {isa = PBXFileReference; fileEncoding = 4; lastKnownFileType = sourcecode.cpp.cpp; path = preview.cpp; sourceTree = "<group>"; };
		4A3F93CE1503107A00C37B64 /* preview.h */ = {isa = PBXFileReference; fileEncoding = 4; lastKnownFileType = sourcecode.c.h; path = preview.h; sourceTree = "<group>"; };
		4A3F93D01503107A00C37B64 /* client.cpp */ = {isa = PBXFileReference; fileEncoding = 4; lastKnownFileType = sourcecode.cpp.cpp; path = client.cpp; sourceTree = "<group>"; };
		4A3F93D11503107A00C37B64 /* client.h */ = {isa = PBXFileReference; fileEncoding = 4; lastKnownFileType = sourcecode.c.h; path = client.h; sourceTree = "<group>"; };
		4A3F93D21503107A00C37B64 /* client_c.cpp */ = {isa = PBXFileReference; fileEncoding = 4; lastKnownFileType = sourcecode.cpp.cpp; path = client_c.cpp; sourceTree = "<group>"; };
		4A3F93D31503107A00C37B64 /* net_t.cpp */ = {isa = PBXFileReference; fileEncoding = 4; lastKnownFileType = sourcecode.cpp.cpp; path = net_t.cpp; sourceTree = "<group>"; };
		4A3F93D41503107A00C37B64 /* net_t.h */ = {isa = PBXFileReference; fileEncoding = 4; lastKnownFileType = sourcecode.c.h; path = net_t.h; sourceTree = "<group>"; };
		4A3F93D51503107A00C37B64 /* network.cpp */ = {isa = PBXFileReference; fileEncoding = 4; lastKnownFileType = sourcecode.cpp.cpp; path = network.cpp; sourceTree = "<group>"; };
		4A3F93D61503107A00C37B64 /* network.h */ = {isa = PBXFileReference; fileEncoding = 4; lastKnownFileType = sourcecode.c.h; path = network.h; sourceTree = "<group>"; };
		4A3F93D71503107A00C37B64 /* permu.cpp */ = {isa = PBXFileReference; fileEncoding = 4; lastKnownFileType = sourcecode.cpp.cpp; path = permu.cpp; sourceTree = "<group>"; };
		4A3F93D81503107A00C37B64 /* permu.h */ = {isa = PBXFileReference; fileEncoding = 4; lastKnownFileType = sourcecode.c.h; path = permu.h; sourceTree = "<group>"; };
		4A3F93D91503107A00C37B64 /* server.cpp */ = {isa = PBXFileReference; fileEncoding = 4; lastKnownFileType = sourcecode.cpp.cpp; path = server.cpp; sourceTree = "<group>"; };
		4A3F93DA1503107A00C37B64 /* server.h */ = {isa = PBXFileReference; fileEncoding = 4; lastKnownFileType = sourcecode.c.h; path = server.h; sourceTree = "<group>"; };
		4A3F93DB1503107A00C37B64 /* server_c.cpp */ = {isa = PBXFileReference; fileEncoding = 4; lastKnownFileType = sourcecode.cpp.cpp; path = server_c.cpp; sourceTree = "<group>"; };
		4A3F93DD1503107A00C37B64 /* console.cpp */ = {isa = PBXFileReference; fileEncoding = 4; lastKnownFileType = sourcecode.cpp.cpp; path = console.cpp; sourceTree = "<group>"; };
		4A3F93DE1503107A00C37B64 /* console.h */ = {isa = PBXFileReference; fileEncoding = 4; lastKnownFileType = sourcecode.c.h; path = console.h; sourceTree = "<group>"; };
		4A3F93E21503107A00C37B64 /* date.cpp */ = {isa = PBXFileReference; fileEncoding = 4; lastKnownFileType = sourcecode.cpp.cpp; path = date.cpp; sourceTree = "<group>"; };
		4A3F93E31503107A00C37B64 /* date.h */ = {isa = PBXFileReference; fileEncoding = 4; lastKnownFileType = sourcecode.c.h; path = date.h; sourceTree = "<group>"; };
		4A3F93E41503107A00C37B64 /* filename.cpp */ = {isa = PBXFileReference; fileEncoding = 4; lastKnownFileType = sourcecode.cpp.cpp; path = filename.cpp; sourceTree = "<group>"; };
		4A3F93E51503107A00C37B64 /* filename.h */ = {isa = PBXFileReference; fileEncoding = 4; lastKnownFileType = sourcecode.c.h; path = filename.h; sourceTree = "<group>"; };
		4A3F93E61503107A00C37B64 /* io.cpp */ = {isa = PBXFileReference; fileEncoding = 4; lastKnownFileType = sourcecode.cpp.cpp; path = io.cpp; sourceTree = "<group>"; };
		4A3F93E71503107A00C37B64 /* io.h */ = {isa = PBXFileReference; fileEncoding = 4; lastKnownFileType = sourcecode.c.h; path = io.h; sourceTree = "<group>"; };
		4A3F93E81503107A00C37B64 /* log.cpp */ = {isa = PBXFileReference; fileEncoding = 4; lastKnownFileType = sourcecode.cpp.cpp; path = log.cpp; sourceTree = "<group>"; };
		4A3F93E91503107A00C37B64 /* log.h */ = {isa = PBXFileReference; fileEncoding = 4; lastKnownFileType = sourcecode.c.h; path = log.h; sourceTree = "<group>"; };
		4A3F93EC1503107A00C37B64 /* globals.cpp */ = {isa = PBXFileReference; fileEncoding = 4; lastKnownFileType = sourcecode.cpp.cpp; path = globals.cpp; sourceTree = "<group>"; };
		4A3F93ED1503107A00C37B64 /* globals.h */ = {isa = PBXFileReference; fileEncoding = 4; lastKnownFileType = sourcecode.c.h; path = globals.h; sourceTree = "<group>"; };
		4A3F93EE1503107A00C37B64 /* hardware.cpp */ = {isa = PBXFileReference; fileEncoding = 4; lastKnownFileType = sourcecode.cpp.cpp; path = hardware.cpp; sourceTree = "<group>"; };
		4A3F93EF1503107A00C37B64 /* hardware.h */ = {isa = PBXFileReference; fileEncoding = 4; lastKnownFileType = sourcecode.c.h; path = hardware.h; sourceTree = "<group>"; };
		4A3F93F01503107A00C37B64 /* help.cpp */ = {isa = PBXFileReference; fileEncoding = 4; lastKnownFileType = sourcecode.cpp.cpp; path = help.cpp; sourceTree = "<group>"; };
		4A3F93F11503107A00C37B64 /* help.h */ = {isa = PBXFileReference; fileEncoding = 4; lastKnownFileType = sourcecode.c.h; path = help.h; sourceTree = "<group>"; };
		4A3F93F41503107A00C37B64 /* language.cpp */ = {isa = PBXFileReference; fileEncoding = 4; lastKnownFileType = sourcecode.cpp.cpp; path = language.cpp; sourceTree = "<group>"; };
		4A3F93F51503107A00C37B64 /* language.h */ = {isa = PBXFileReference; fileEncoding = 4; lastKnownFileType = sourcecode.c.h; path = language.h; sourceTree = "<group>"; };
		4A3F93F61503107A00C37B64 /* lmain.cpp */ = {isa = PBXFileReference; fileEncoding = 4; lastKnownFileType = sourcecode.cpp.cpp; path = lmain.cpp; sourceTree = "<group>"; };
		4A3F93F71503107A00C37B64 /* lmain.h */ = {isa = PBXFileReference; fileEncoding = 4; lastKnownFileType = sourcecode.c.h; path = lmain.h; sourceTree = "<group>"; };
		4A3F93FA1503107A00C37B64 /* main.cpp */ = {isa = PBXFileReference; fileEncoding = 4; lastKnownFileType = sourcecode.cpp.cpp; path = main.cpp; sourceTree = "<group>"; };
		4A3F93FB1503107A00C37B64 /* myalleg.h */ = {isa = PBXFileReference; fileEncoding = 4; lastKnownFileType = sourcecode.c.h; path = myalleg.h; sourceTree = "<group>"; };
		4A3F93FC1503107A00C37B64 /* types.h */ = {isa = PBXFileReference; fileEncoding = 4; lastKnownFileType = sourcecode.c.h; path = types.h; sourceTree = "<group>"; };
		4A3F93FD1503107A00C37B64 /* user.cpp */ = {isa = PBXFileReference; fileEncoding = 4; lastKnownFileType = sourcecode.cpp.cpp; path = user.cpp; sourceTree = "<group>"; };
		4A3F93FE1503107A00C37B64 /* user.h */ = {isa = PBXFileReference; fileEncoding = 4; lastKnownFileType = sourcecode.c.h; path = user.h; sourceTree = "<group>"; };
		4A5FE3F213655F84006350A3 /* libenet.a */ = {isa = PBXFileReference; lastKnownFileType = archive.ar; name = libenet.a; path = /usr/local/lib/libenet.a; sourceTree = "<absolute>"; };
		4A689D481432F5CD009A042B /* lixd */ = {isa = PBXFileReference; explicitFileType = "compiled.mach-o.executable"; includeInIndex = 0; path = lixd; sourceTree = BUILT_PRODUCTS_DIR; };
		4A6CC5B9136591AC00A48E21 /* liballeg-main.a */ = {isa = PBXFileReference; lastKnownFileType = archive.ar; name = "liballeg-main.a"; path = "/usr/local/lib/liballeg-main.a"; sourceTree = "<absolute>"; };
		4A8344721439588700C248E0 /* Allegro.framework */ = {isa = PBXFileReference; lastKnownFileType = wrapper.framework; name = Allegro.framework; path = Library/Frameworks/Allegro.framework; sourceTree = SDKROOT; };
		4A834540143960A100C248E0 /* LixServer-Info.plist */ = {isa = PBXFileReference; lastKnownFileType = text.plist.xml; path = "LixServer-Info.plist"; sourceTree = "<group>"; };
		4AC325A0143C06A700CE0063 /* Foundation.framework */ = {isa = PBXFileReference; lastKnownFileType = wrapper.framework; name = Foundation.framework; path = System/Library/Frameworks/Foundation.framework; sourceTree = SDKROOT; };
		4AD7568A1438266A00ABDC71 /* LixMacros.h */ = {isa = PBXFileReference; fileEncoding = 4; lastKnownFileType = sourcecode.c.h; name = LixMacros.h; path = src/LixMacros.h; sourceTree = "<group>"; };
		4AD7568B1438266A00ABDC71 /* LixManager.h */ = {isa = PBXFileReference; fileEncoding = 4; lastKnownFileType = sourcecode.c.h; name = LixManager.h; path = src/LixManager.h; sourceTree = "<group>"; };
		4AD7568C1438266A00ABDC71 /* LixManager.m */ = {isa = PBXFileReference; fileEncoding = 4; lastKnownFileType = sourcecode.c.objc; name = LixManager.m; path = src/LixManager.m; sourceTree = "<group>"; };
		4AD7568D1438266A00ABDC71 /* LixWindowDelegate.h */ = {isa = PBXFileReference; fileEncoding = 4; lastKnownFileType = sourcecode.c.h; name = LixWindowDelegate.h; path = src/LixWindowDelegate.h; sourceTree = "<group>"; };
		4AD7568E1438266A00ABDC71 /* LixWindowDelegate.m */ = {isa = PBXFileReference; fileEncoding = 4; lastKnownFileType = sourcecode.c.objc; name = LixWindowDelegate.m; path = src/LixWindowDelegate.m; sourceTree = "<group>"; };
		4ADF518514383703007BDAA0 /* Credits.rtf */ = {isa = PBXFileReference; lastKnownFileType = text.rtf; path = Credits.rtf; sourceTree = "<group>"; };
		4ADF518614383703007BDAA0 /* ImportantNotes.rtf */ = {isa = PBXFileReference; lastKnownFileType = text.rtf; path = ImportantNotes.rtf; sourceTree = "<group>"; };
		4ADF518814383703007BDAA0 /* Lix.icns */ = {isa = PBXFileReference; lastKnownFileType = image.icns; path = Lix.icns; sourceTree = "<group>"; };
		4ADF518914383703007BDAA0 /* MainMenu.nib */ = {isa = PBXFileReference; lastKnownFileType = wrapper.nib; path = MainMenu.nib; sourceTree = "<group>"; };
		4ADF51AC14383A77007BDAA0 /* Info.plist */ = {isa = PBXFileReference; fileEncoding = 4; lastKnownFileType = text.plist.xml; path = Info.plist; sourceTree = "<group>"; };
		4AF37478131E535B00157DB3 /* Cocoa.framework */ = {isa = PBXFileReference; lastKnownFileType = wrapper.framework; name = Cocoa.framework; path = /System/Library/Frameworks/Cocoa.framework; sourceTree = "<absolute>"; };
		846C14D30B1F65CE0012B69D /* Lix.app */ = {isa = PBXFileReference; explicitFileType = wrapper.application; includeInIndex = 0; path = Lix.app; sourceTree = BUILT_PRODUCTS_DIR; };
/* End PBXFileReference section */

/* Begin PBXFrameworksBuildPhase section */
		4A689D461432F5CD009A042B /* Frameworks */ = {
			isa = PBXFrameworksBuildPhase;
			buildActionMask = 2147483647;
			files = (
				4A7EFDE41432F6700040FA1E /* libenet.a in Frameworks */,
			);
			runOnlyForDeploymentPostprocessing = 0;
		};
		846C14CB0B1F65CE0012B69D /* Frameworks */ = {
			isa = PBXFrameworksBuildPhase;
			buildActionMask = 2147483647;
			files = (
				4AF37479131E535B00157DB3 /* Cocoa.framework in Frameworks */,
				4A5FE3F313655F84006350A3 /* libenet.a in Frameworks */,
				4A6CC5C5136592FD00A48E21 /* liballeg-main.a in Frameworks */,
				4A8344731439588700C248E0 /* Allegro.framework in Frameworks */,
			);
			runOnlyForDeploymentPostprocessing = 0;
		};
/* End PBXFrameworksBuildPhase section */

/* Begin PBXGroup section */
		19C28FACFE9D520D11CA2CBB /* Products */ = {
			isa = PBXGroup;
			children = (
				846C14D30B1F65CE0012B69D /* Lix.app */,
				4A689D481432F5CD009A042B /* lixd */,
			);
			name = Products;
			sourceTree = "<group>";
		};
		29B97314FDCFA39411CA2CEA /* LixMac */ = {
			isa = PBXGroup;
			children = (
				4A3B48B21503917E0013EE14 /* README.txt */,
				29B97315FDCFA39411CA2CEA /* Lix Core */,
				4A8D0CE4132603DD00B09851 /* Mac-specific */,
				29B97317FDCFA39411CA2CEA /* Resources */,
				29B97323FDCFA39411CA2CEA /* Libraries & Frameworks */,
				19C28FACFE9D520D11CA2CBB /* Products */,
				4A834540143960A100C248E0 /* LixServer-Info.plist */,
			);
			name = LixMac;
			sourceTree = "<group>";
		};
		29B97315FDCFA39411CA2CEA /* Lix Core */ = {
			isa = PBXGroup;
			children = (
				4A3F92FE1503107900C37B64 /* api */,
				4A3F93361503107900C37B64 /* daemon */,
				4A3F933A1503107900C37B64 /* editor */,
				4A3F934D1503107900C37B64 /* gameplay */,
				4A3F93721503107A00C37B64 /* graphic */,
				4A3F93851503107A00C37B64 /* level */,
				4A3F93971503107A00C37B64 /* lix */,
				4A3F93B81503107A00C37B64 /* menu */,
				4A3F93CF1503107A00C37B64 /* network */,
				4A3F93DC1503107A00C37B64 /* other */,
			);
			name = "Lix Core";
			path = ../../lix/src;
			sourceTree = "<group>";
		};
		29B97317FDCFA39411CA2CEA /* Resources */ = {
			isa = PBXGroup;
			children = (
				4A3622561363D2F40037061F /* Game Data */,
				4ADF51AC14383A77007BDAA0 /* Info.plist */,
				4ADF518514383703007BDAA0 /* Credits.rtf */,
				4ADF518614383703007BDAA0 /* ImportantNotes.rtf */,
				4ADF518814383703007BDAA0 /* Lix.icns */,
				4ADF518914383703007BDAA0 /* MainMenu.nib */,
			);
			name = Resources;
			path = ../res;
			sourceTree = "<group>";
		};
		29B97323FDCFA39411CA2CEA /* Libraries & Frameworks */ = {
			isa = PBXGroup;
			children = (
				4A6CC5B9136591AC00A48E21 /* liballeg-main.a */,
				4A5FE3F213655F84006350A3 /* libenet.a */,
				4AF37478131E535B00157DB3 /* Cocoa.framework */,
				4A8344721439588700C248E0 /* Allegro.framework */,
				4AC325A0143C06A700CE0063 /* Foundation.framework */,
			);
			name = "Libraries & Frameworks";
			sourceTree = "<group>";
		};
		4A3622561363D2F40037061F /* Game Data */ = {
			isa = PBXGroup;
			children = (
				4A2FBE1114303E4500790176 /* doc */,
				4A2429FC131D0CD700D6C047 /* bitmap */,
				4A242B11131D0CD700D6C047 /* data */,
				4A242B4F131D0CD700D6C047 /* levels */,
			);
			name = "Game Data";
			sourceTree = "<group>";
		};
		4A3F92FE1503107900C37B64 /* api */ = {
			isa = PBXGroup;
			children = (
				4A3F92FF1503107900C37B64 /* brow_sav.cpp */,
				4A3F93001503107900C37B64 /* brow_sav.h */,
				4A3F93011503107900C37B64 /* button */,
				4A3F931E1503107900C37B64 /* element.cpp */,
				4A3F931F1503107900C37B64 /* element.h */,
				4A3F93201503107900C37B64 /* frame.cpp */,
				4A3F93211503107900C37B64 /* frame.h */,
				4A3F93221503107900C37B64 /* label.cpp */,
				4A3F93231503107900C37B64 /* label.h */,
				4A3F93241503107900C37B64 /* labeltwo.cpp */,
				4A3F93251503107900C37B64 /* labeltwo.h */,
				4A3F93261503107900C37B64 /* list_dir.cpp */,
				4A3F93271503107900C37B64 /* list_dir.h */,
				4A3F93281503107900C37B64 /* list_fil.cpp */,
				4A3F93291503107900C37B64 /* list_fil.h */,
				4A3F932A1503107900C37B64 /* list_lev.cpp */,
				4A3F932B1503107900C37B64 /* list_lev.h */,
				4A3F932C1503107900C37B64 /* manager.cpp */,
				4A3F932D1503107900C37B64 /* manager.h */,
				4A3F932E1503107900C37B64 /* message.cpp */,
				4A3F932F1503107900C37B64 /* message.h */,
				4A3F93301503107900C37B64 /* number.cpp */,
				4A3F93311503107900C37B64 /* number.h */,
				4A3F93321503107900C37B64 /* texttype.cpp */,
				4A3F93331503107900C37B64 /* texttype.h */,
				4A3F93341503107900C37B64 /* window.cpp */,
				4A3F93351503107900C37B64 /* window.h */,
			);
			path = api;
			sourceTree = "<group>";
		};
		4A3F93011503107900C37B64 /* button */ = {
			isa = PBXGroup;
			children = (
				4A3F93021503107900C37B64 /* b_bitmap.cpp */,
				4A3F93031503107900C37B64 /* b_bitmap.d */,
				4A3F93041503107900C37B64 /* b_bitmap.h */,
				4A3F93051503107900C37B64 /* b_bitmap.o */,
				4A3F93061503107900C37B64 /* b_combin.cpp */,
				4A3F93071503107900C37B64 /* b_combin.d */,
				4A3F93081503107900C37B64 /* b_combin.h */,
				4A3F93091503107900C37B64 /* b_combin.o */,
				4A3F930A1503107900C37B64 /* b_enum.cpp */,
				4A3F930B1503107900C37B64 /* b_enum.d */,
				4A3F930C1503107900C37B64 /* b_enum.h */,
				4A3F930D1503107900C37B64 /* b_enum.o */,
				4A3F930E1503107900C37B64 /* b_key.cpp */,
				4A3F930F1503107900C37B64 /* b_key.d */,
				4A3F93101503107900C37B64 /* b_key.h */,
				4A3F93111503107900C37B64 /* b_key.o */,
				4A3F93121503107900C37B64 /* b_skill.cpp */,
				4A3F93131503107900C37B64 /* b_skill.d */,
				4A3F93141503107900C37B64 /* b_skill.h */,
				4A3F93151503107900C37B64 /* b_skill.o */,
				4A3F93161503107900C37B64 /* b_text.cpp */,
				4A3F93171503107900C37B64 /* b_text.d */,
				4A3F93181503107900C37B64 /* b_text.h */,
				4A3F93191503107900C37B64 /* b_text.o */,
				4A3F931A1503107900C37B64 /* button.cpp */,
				4A3F931B1503107900C37B64 /* button.d */,
				4A3F931C1503107900C37B64 /* button.h */,
				4A3F931D1503107900C37B64 /* button.o */,
			);
			path = button;
			sourceTree = "<group>";
		};
		4A3F93361503107900C37B64 /* daemon */ = {
			isa = PBXGroup;
			children = (
				4A3F93371503107900C37B64 /* main.cpp */,
				4A3F93381503107900C37B64 /* os.cpp */,
				4A3F93391503107900C37B64 /* os.h */,
			);
			path = daemon;
			sourceTree = "<group>";
		};
		4A3F933A1503107900C37B64 /* editor */ = {
			isa = PBXGroup;
			children = (
				4A3F933B1503107900C37B64 /* bit_brow.cpp */,
				4A3F933C1503107900C37B64 /* bit_brow.h */,
				4A3F933D1503107900C37B64 /* button_k.h */,
				4A3F933E1503107900C37B64 /* editor.cpp */,
				4A3F933F1503107900C37B64 /* editor.h */,
				4A3F93401503107900C37B64 /* editor_c.cpp */,
				4A3F93411503107900C37B64 /* editor_d.cpp */,
				4A3F93421503107900C37B64 /* editor_f.cpp */,
				4A3F93431503107900C37B64 /* graph_ed.cpp */,
				4A3F93441503107900C37B64 /* graph_ed.h */,
				4A3F93451503107900C37B64 /* win_scro.cpp */,
				4A3F93461503107900C37B64 /* win_scro.h */,
				4A3F93471503107900C37B64 /* win_size.cpp */,
				4A3F93481503107900C37B64 /* win_size.h */,
				4A3F93491503107900C37B64 /* win_skil.cpp */,
				4A3F934A1503107900C37B64 /* win_skil.h */,
				4A3F934B1503107900C37B64 /* win_var.cpp */,
				4A3F934C1503107900C37B64 /* win_var.h */,
			);
			path = editor;
			sourceTree = "<group>";
		};
		4A3F934D1503107900C37B64 /* gameplay */ = {
			isa = PBXGroup;
			children = (
				4A3F934E1503107900C37B64 /* effect.cpp */,
				4A3F934F1503107900C37B64 /* effect.h */,
				4A3F93501503107900C37B64 /* gamepl_a.cpp */,
				4A3F93511503107900C37B64 /* gamepl_c.cpp */,
				4A3F93521503107900C37B64 /* gamepl_d.cpp */,
				4A3F93531503107900C37B64 /* gamepl_u.cpp */,
				4A3F93541503107900C37B64 /* gameplay.cpp */,
				4A3F93551503107900C37B64 /* gameplay.h */,
				4A3F93561503107900C37B64 /* goal.cpp */,
				4A3F93571503107900C37B64 /* goal.h */,
				4A3F93581503107900C37B64 /* gui */,
				4A3F93641503107A00C37B64 /* hatch.cpp */,
				4A3F93651503107A00C37B64 /* hatch.h */,
				4A3F93661503107A00C37B64 /* lookup.cpp */,
				4A3F93671503107A00C37B64 /* lookup.h */,
				4A3F93681503107A00C37B64 /* replay.cpp */,
				4A3F93691503107A00C37B64 /* replay.h */,
				4A3F936A1503107A00C37B64 /* state.cpp */,
				4A3F936B1503107A00C37B64 /* state.h */,
				4A3F936C1503107A00C37B64 /* state_ma.cpp */,
				4A3F936D1503107A00C37B64 /* state_ma.h */,
				4A3F936E1503107A00C37B64 /* tribe.cpp */,
				4A3F936F1503107A00C37B64 /* tribe.h */,
				4A3F93701503107A00C37B64 /* trigger.cpp */,
				4A3F93711503107A00C37B64 /* trigger.h */,
			);
			path = gameplay;
			sourceTree = "<group>";
		};
		4A3F93581503107900C37B64 /* gui */ = {
			isa = PBXGroup;
			children = (
				4A3F93591503107900C37B64 /* arrow.cpp */,
				4A3F935A1503107A00C37B64 /* arrow.h */,
				4A3F935B1503107A00C37B64 /* chat.cpp */,
				4A3F935C1503107A00C37B64 /* chat.h */,
				4A3F935D1503107A00C37B64 /* pan_i_tr.cpp */,
				4A3F935E1503107A00C37B64 /* pan_info.cpp */,
				4A3F935F1503107A00C37B64 /* pan_info.h */,
				4A3F93601503107A00C37B64 /* panel.cpp */,
				4A3F93611503107A00C37B64 /* panel.h */,
				4A3F93621503107A00C37B64 /* win_game.cpp */,
				4A3F93631503107A00C37B64 /* win_game.h */,
			);
			path = gui;
			sourceTree = "<group>";
		};
		4A3F93721503107A00C37B64 /* graphic */ = {
			isa = PBXGroup;
			children = (
				4A3F93731503107A00C37B64 /* bitlist.cpp */,
				4A3F93741503107A00C37B64 /* cutbit.cpp */,
				4A3F93751503107A00C37B64 /* cutbit.h */,
				4A3F93761503107A00C37B64 /* glob_gfx.cpp */,
				4A3F93771503107A00C37B64 /* glob_gfx.h */,
				4A3F93781503107A00C37B64 /* gra_lib.cpp */,
				4A3F93791503107A00C37B64 /* gra_lib.h */,
				4A3F937A1503107A00C37B64 /* graph_bg.cpp */,
				4A3F937B1503107A00C37B64 /* graph_bg.h */,
				4A3F937C1503107A00C37B64 /* graphic.cpp */,
				4A3F937D1503107A00C37B64 /* graphic.h */,
				4A3F937E1503107A00C37B64 /* map.cpp */,
				4A3F937F1503107A00C37B64 /* map.h */,
				4A3F93801503107A00C37B64 /* map_d.cpp */,
				4A3F93811503107A00C37B64 /* sound.cpp */,
				4A3F93821503107A00C37B64 /* sound.h */,
				4A3F93831503107A00C37B64 /* torbit.cpp */,
				4A3F93841503107A00C37B64 /* torbit.h */,
			);
			path = graphic;
			sourceTree = "<group>";
		};
		4A3F93851503107A00C37B64 /* level */ = {
			isa = PBXGroup;
			children = (
				4A3F93861503107A00C37B64 /* crunch.cpp */,
				4A3F93871503107A00C37B64 /* crunch.h */,
				4A3F93881503107A00C37B64 /* graset.cpp */,
				4A3F93891503107A00C37B64 /* graset.h */,
				4A3F938A1503107A00C37B64 /* graset_1.cpp */,
				4A3F938B1503107A00C37B64 /* graset_1.h */,
				4A3F938C1503107A00C37B64 /* graset_2.cpp */,
				4A3F938D1503107A00C37B64 /* graset_2.h */,
				4A3F938E1503107A00C37B64 /* level.cpp */,
				4A3F938F1503107A00C37B64 /* level.h */,
				4A3F93901503107A00C37B64 /* level_bi.cpp */,
				4A3F93911503107A00C37B64 /* level_dr.cpp */,
				4A3F93921503107A00C37B64 /* level_io.cpp */,
				4A3F93931503107A00C37B64 /* obj_lib.cpp */,
				4A3F93941503107A00C37B64 /* obj_lib.h */,
				4A3F93951503107A00C37B64 /* object.cpp */,
				4A3F93961503107A00C37B64 /* object.h */,
			);
			path = level;
			sourceTree = "<group>";
		};
		4A3F93971503107A00C37B64 /* lix */ = {
			isa = PBXGroup;
			children = (
				4A3F93981503107A00C37B64 /* ac.h */,
				4A3F93991503107A00C37B64 /* ac_func.cpp */,
				4A3F939A1503107A00C37B64 /* ac_func.h */,
				4A3F939B1503107A00C37B64 /* ascender.cpp */,
				4A3F939C1503107A00C37B64 /* basher.cpp */,
				4A3F939D1503107A00C37B64 /* batter.cpp */,
				4A3F939E1503107A00C37B64 /* blocker.cpp */,
				4A3F939F1503107A00C37B64 /* builder.cpp */,
				4A3F93A01503107A00C37B64 /* climber.cpp */,
				4A3F93A11503107A00C37B64 /* cuber.cpp */,
				4A3F93A21503107A00C37B64 /* deaths.cpp */,
				4A3F93A31503107A00C37B64 /* digger.cpp */,
				4A3F93A41503107A00C37B64 /* exiter.cpp */,
				4A3F93A51503107A00C37B64 /* exploder.cpp */,
				4A3F93A61503107A00C37B64 /* faller.cpp */,
				4A3F93A71503107A00C37B64 /* floater.cpp */,
				4A3F93A81503107A00C37B64 /* init.cpp */,
				4A3F93A91503107A00C37B64 /* jumper.cpp */,
				4A3F93AA1503107A00C37B64 /* lander.cpp */,
				4A3F93AB1503107A00C37B64 /* lix.cpp */,
				4A3F93AC1503107A00C37B64 /* lix.h */,
				4A3F93AD1503107A00C37B64 /* lix_ac.cpp */,
				4A3F93AE1503107A00C37B64 /* lix_enum.cpp */,
				4A3F93AF1503107A00C37B64 /* lix_enum.h */,
				4A3F93B01503107A00C37B64 /* lix_upd.cpp */,
				4A3F93B11503107A00C37B64 /* miner.cpp */,
				4A3F93B21503107A00C37B64 /* platform.cpp */,
				4A3F93B31503107A00C37B64 /* roper.cpp */,
				4A3F93B41503107A00C37B64 /* runner.cpp */,
				4A3F93B51503107A00C37B64 /* stunner.cpp */,
				4A3F93B61503107A00C37B64 /* tumbler.cpp */,
				4A3F93B71503107A00C37B64 /* walker.cpp */,
			);
			path = lix;
			sourceTree = "<group>";
		};
		4A3F93B81503107A00C37B64 /* menu */ = {
			isa = PBXGroup;
			children = (
				4A3F93B91503107A00C37B64 /* brow_big.cpp */,
				4A3F93BA1503107A00C37B64 /* brow_big.h */,
				4A3F93BB1503107A00C37B64 /* brow_net.cpp */,
				4A3F93BC1503107A00C37B64 /* brow_rep.cpp */,
				4A3F93BD1503107A00C37B64 /* brow_sin.cpp */,
				4A3F93BE1503107A00C37B64 /* browsers.h */,
				4A3F93BF1503107A00C37B64 /* little.cpp */,
				4A3F93C01503107A00C37B64 /* little.h */,
				4A3F93C11503107A00C37B64 /* lobby.cpp */,
				4A3F93C21503107A00C37B64 /* lobby.h */,
				4A3F93C31503107A00C37B64 /* lobby_li.cpp */,
				4A3F93C41503107A00C37B64 /* lobby_li.h */,
				4A3F93C51503107A00C37B64 /* lobby_ro.cpp */,
				4A3F93C61503107A00C37B64 /* lobby_ro.h */,
				4A3F93C71503107A00C37B64 /* main_men.cpp */,
				4A3F93C81503107A00C37B64 /* main_men.h */,
				4A3F93C91503107A00C37B64 /* menu.cpp */,
				4A3F93CA1503107A00C37B64 /* menu.h */,
				4A3F93CB1503107A00C37B64 /* options.cpp */,
				4A3F93CC1503107A00C37B64 /* options.h */,
				4A3F93CD1503107A00C37B64 /* preview.cpp */,
				4A3F93CE1503107A00C37B64 /* preview.h */,
			);
			path = menu;
			sourceTree = "<group>";
		};
		4A3F93CF1503107A00C37B64 /* network */ = {
			isa = PBXGroup;
			children = (
				4A3F93D01503107A00C37B64 /* client.cpp */,
				4A3F93D11503107A00C37B64 /* client.h */,
				4A3F93D21503107A00C37B64 /* client_c.cpp */,
				4A3F93D31503107A00C37B64 /* net_t.cpp */,
				4A3F93D41503107A00C37B64 /* net_t.h */,
				4A3F93D51503107A00C37B64 /* network.cpp */,
				4A3F93D61503107A00C37B64 /* network.h */,
				4A3F93D71503107A00C37B64 /* permu.cpp */,
				4A3F93D81503107A00C37B64 /* permu.h */,
				4A3F93D91503107A00C37B64 /* server.cpp */,
				4A3F93DA1503107A00C37B64 /* server.h */,
				4A3F93DB1503107A00C37B64 /* server_c.cpp */,
			);
			path = network;
			sourceTree = "<group>";
		};
		4A3F93DC1503107A00C37B64 /* other */ = {
			isa = PBXGroup;
			children = (
				4A3F93DD1503107A00C37B64 /* console.cpp */,
				4A3F93DE1503107A00C37B64 /* console.h */,
				4A3F93E11503107A00C37B64 /* file */,
				4A3F93EC1503107A00C37B64 /* globals.cpp */,
				4A3F93ED1503107A00C37B64 /* globals.h */,
				4A3F93EE1503107A00C37B64 /* hardware.cpp */,
				4A3F93EF1503107A00C37B64 /* hardware.h */,
				4A3F93F01503107A00C37B64 /* help.cpp */,
				4A3F93F11503107A00C37B64 /* help.h */,
				4A3F93F41503107A00C37B64 /* language.cpp */,
				4A3F93F51503107A00C37B64 /* language.h */,
				4A3F93F61503107A00C37B64 /* lmain.cpp */,
				4A3F93F71503107A00C37B64 /* lmain.h */,
				4A3F93FA1503107A00C37B64 /* main.cpp */,
				4A3F93FB1503107A00C37B64 /* myalleg.h */,
				4A3F93FC1503107A00C37B64 /* types.h */,
				4A3F93FD1503107A00C37B64 /* user.cpp */,
				4A3F93FE1503107A00C37B64 /* user.h */,
			);
			path = other;
			sourceTree = "<group>";
		};
		4A3F93E11503107A00C37B64 /* file */ = {
			isa = PBXGroup;
			children = (
				4A3F93E21503107A00C37B64 /* date.cpp */,
				4A3F93E31503107A00C37B64 /* date.h */,
				4A3F93E41503107A00C37B64 /* filename.cpp */,
				4A3F93E51503107A00C37B64 /* filename.h */,
				4A3F93E61503107A00C37B64 /* io.cpp */,
				4A3F93E71503107A00C37B64 /* io.h */,
				4A3F93E81503107A00C37B64 /* log.cpp */,
				4A3F93E91503107A00C37B64 /* log.h */,
			);
			path = file;
			sourceTree = "<group>";
		};
		4A8D0CE4132603DD00B09851 /* Mac-specific */ = {
			isa = PBXGroup;
			children = (
				4AD7568A1438266A00ABDC71 /* LixMacros.h */,
				4AD7568B1438266A00ABDC71 /* LixManager.h */,
				4AD7568C1438266A00ABDC71 /* LixManager.m */,
				4AD7568D1438266A00ABDC71 /* LixWindowDelegate.h */,
				4AD7568E1438266A00ABDC71 /* LixWindowDelegate.m */,
			);
			name = "Mac-specific";
			path = ..;
			sourceTree = "<group>";
		};
/* End PBXGroup section */

/* Begin PBXNativeTarget section */
		4A689D471432F5CD009A042B /* lixd */ = {
			isa = PBXNativeTarget;
			buildConfigurationList = 4A689D501432F5D0009A042B /* Build configuration list for PBXNativeTarget "lixd" */;
			buildPhases = (
				4A689D451432F5CD009A042B /* Sources */,
				4A689D461432F5CD009A042B /* Frameworks */,
			);
			buildRules = (
			);
			dependencies = (
			);
			name = lixd;
			productName = lixd;
			productReference = 4A689D481432F5CD009A042B /* lixd */;
			productType = "com.apple.product-type.tool";
		};
		846C14C70B1F65CE0012B69D /* LixMac */ = {
			isa = PBXNativeTarget;
			buildConfigurationList = 846C14CE0B1F65CE0012B69D /* Build configuration list for PBXNativeTarget "LixMac" */;
			buildPhases = (
				846C14C80B1F65CE0012B69D /* Resources */,
				4A8344641439556400C248E0 /* Copy Allegro Framework */,
				846C14C90B1F65CE0012B69D /* Sources */,
				846C14CB0B1F65CE0012B69D /* Frameworks */,
				4A6CC5DC1365962700A48E21 /* Post-Build Actions */,
			);
			buildRules = (
			);
			dependencies = (
			);
			name = LixMac;
			productInstallPath = "$(HOME)/Applications";
			productName = LixMac;
			productReference = 846C14D30B1F65CE0012B69D /* Lix.app */;
			productType = "com.apple.product-type.application";
		};
/* End PBXNativeTarget section */

/* Begin PBXProject section */
		29B97313FDCFA39411CA2CEA /* Project object */ = {
			isa = PBXProject;
			buildConfigurationList = 846C14C10B1F65C30012B69D /* Build configuration list for PBXProject "LixMac" */;
			compatibilityVersion = "Xcode 2.4";
			developmentRegion = English;
			hasScannedForEncodings = 1;
			knownRegions = (
				English,
				Japanese,
				French,
				German,
			);
			mainGroup = 29B97314FDCFA39411CA2CEA /* LixMac */;
			projectDirPath = "";
			projectRoot = "";
			targets = (
				846C14C70B1F65CE0012B69D /* LixMac */,
				4A689D471432F5CD009A042B /* lixd */,
			);
		};
/* End PBXProject section */

/* Begin PBXResourcesBuildPhase section */
		846C14C80B1F65CE0012B69D /* Resources */ = {
			isa = PBXResourcesBuildPhase;
			buildActionMask = 2147483647;
			files = (
				4A242ED2131D0CD800D6C047 /* bitmap in Resources */,
				4A242ED3131D0CD800D6C047 /* data in Resources */,
				4A242ED4131D0CD800D6C047 /* levels in Resources */,
				4A2FBE1E14303E4500790176 /* doc in Resources */,
				4ADF518A14383704007BDAA0 /* Credits.rtf in Resources */,
				4ADF518B14383704007BDAA0 /* ImportantNotes.rtf in Resources */,
				4ADF518D14383704007BDAA0 /* Lix.icns in Resources */,
				4ADF518E14383704007BDAA0 /* MainMenu.nib in Resources */,
				4A3B48B31503917E0013EE14 /* README.txt in Resources */,
			);
			runOnlyForDeploymentPostprocessing = 0;
		};
/* End PBXResourcesBuildPhase section */

/* Begin PBXShellScriptBuildPhase section */
		4A6CC5DC1365962700A48E21 /* Post-Build Actions */ = {
			isa = PBXShellScriptBuildPhase;
			buildActionMask = 2147483647;
			files = (
			);
			inputPaths = (
			);
			name = "Post-Build Actions";
			outputPaths = (
			);
			runOnlyForDeploymentPostprocessing = 0;
			shellPath = /bin/sh;
			shellScript = "# Create a replay folder, since the game doesn't at the moment\n# Note that replay files could exist a previous build you make\n$REPLAY = $BUILD_DIR/$CONFIGURATION/$PRODUCT_NAME.app/Contents/Resources/replay\nif [ ! -f $REPLAY ]; then\n\tmkdir $REPLAY\nfi";
		};
/* End PBXShellScriptBuildPhase section */

/* Begin PBXSourcesBuildPhase section */
		4A689D451432F5CD009A042B /* Sources */ = {
			isa = PBXSourcesBuildPhase;
			buildActionMask = 2147483647;
			files = (
				4A3F952A1503114000C37B64 /* main.cpp in Sources */,
				4A3F952B1503114000C37B64 /* os.cpp in Sources */,
			);
			runOnlyForDeploymentPostprocessing = 0;
		};
		846C14C90B1F65CE0012B69D /* Sources */ = {
			isa = PBXSourcesBuildPhase;
			buildActionMask = 2147483647;
			files = (
				4AD7568F1438266A00ABDC71 /* LixManager.m in Sources */,
				4AD756901438266A00ABDC71 /* LixWindowDelegate.m in Sources */,
				4A3F94941503109300C37B64 /* brow_sav.cpp in Sources */,
				4A3F94951503109300C37B64 /* b_bitmap.cpp in Sources */,
				4A3F94971503109300C37B64 /* b_combin.cpp in Sources */,
				4A3F94991503109300C37B64 /* b_enum.cpp in Sources */,
				4A3F949B1503109300C37B64 /* b_key.cpp in Sources */,
				4A3F949D1503109300C37B64 /* b_skill.cpp in Sources */,
				4A3F949F1503109300C37B64 /* b_text.cpp in Sources */,
				4A3F94A11503109300C37B64 /* button.cpp in Sources */,
				4A3F94A31503109300C37B64 /* element.cpp in Sources */,
				4A3F94A41503109300C37B64 /* frame.cpp in Sources */,
				4A3F94A51503109300C37B64 /* label.cpp in Sources */,
				4A3F94A61503109300C37B64 /* labeltwo.cpp in Sources */,
				4A3F94A71503109300C37B64 /* list_dir.cpp in Sources */,
				4A3F94A81503109300C37B64 /* list_fil.cpp in Sources */,
				4A3F94A91503109300C37B64 /* list_lev.cpp in Sources */,
				4A3F94AA1503109300C37B64 /* manager.cpp in Sources */,
				4A3F94AB1503109300C37B64 /* message.cpp in Sources */,
				4A3F94AC1503109300C37B64 /* number.cpp in Sources */,
				4A3F94AD1503109300C37B64 /* texttype.cpp in Sources */,
				4A3F94AE1503109300C37B64 /* window.cpp in Sources */,
				4A3F94B11503109300C37B64 /* bit_brow.cpp in Sources */,
				4A3F94B21503109300C37B64 /* editor.cpp in Sources */,
				4A3F94B31503109300C37B64 /* editor_c.cpp in Sources */,
				4A3F94B41503109300C37B64 /* editor_d.cpp in Sources */,
				4A3F94B51503109300C37B64 /* editor_f.cpp in Sources */,
				4A3F94B61503109300C37B64 /* graph_ed.cpp in Sources */,
				4A3F94B71503109300C37B64 /* win_scro.cpp in Sources */,
				4A3F94B81503109300C37B64 /* win_size.cpp in Sources */,
				4A3F94B91503109300C37B64 /* win_skil.cpp in Sources */,
				4A3F94BA1503109300C37B64 /* win_var.cpp in Sources */,
				4A3F94BB1503109300C37B64 /* effect.cpp in Sources */,
				4A3F94BC1503109300C37B64 /* gamepl_a.cpp in Sources */,
				4A3F94BD1503109300C37B64 /* gamepl_c.cpp in Sources */,
				4A3F94BE1503109300C37B64 /* gamepl_d.cpp in Sources */,
				4A3F94BF1503109300C37B64 /* gamepl_u.cpp in Sources */,
				4A3F94C01503109300C37B64 /* gameplay.cpp in Sources */,
				4A3F94C11503109300C37B64 /* goal.cpp in Sources */,
				4A3F94C21503109300C37B64 /* arrow.cpp in Sources */,
				4A3F94C31503109300C37B64 /* chat.cpp in Sources */,
				4A3F94C41503109300C37B64 /* pan_i_tr.cpp in Sources */,
				4A3F94C51503109300C37B64 /* pan_info.cpp in Sources */,
				4A3F94C61503109300C37B64 /* panel.cpp in Sources */,
				4A3F94C71503109300C37B64 /* win_game.cpp in Sources */,
				4A3F94C81503109300C37B64 /* hatch.cpp in Sources */,
				4A3F94C91503109300C37B64 /* lookup.cpp in Sources */,
				4A3F94CA1503109300C37B64 /* replay.cpp in Sources */,
				4A3F94CB1503109300C37B64 /* state.cpp in Sources */,
				4A3F94CC1503109300C37B64 /* state_ma.cpp in Sources */,
				4A3F94CD1503109300C37B64 /* tribe.cpp in Sources */,
				4A3F94CE1503109300C37B64 /* trigger.cpp in Sources */,
				4A3F94CF1503109300C37B64 /* bitlist.cpp in Sources */,
				4A3F94D01503109300C37B64 /* cutbit.cpp in Sources */,
				4A3F94D11503109300C37B64 /* glob_gfx.cpp in Sources */,
				4A3F94D21503109300C37B64 /* gra_lib.cpp in Sources */,
				4A3F94D31503109300C37B64 /* graph_bg.cpp in Sources */,
				4A3F94D41503109300C37B64 /* graphic.cpp in Sources */,
				4A3F94D51503109300C37B64 /* map.cpp in Sources */,
				4A3F94D61503109300C37B64 /* map_d.cpp in Sources */,
				4A3F94D71503109300C37B64 /* sound.cpp in Sources */,
				4A3F94D81503109300C37B64 /* torbit.cpp in Sources */,
				4A3F94D91503109300C37B64 /* crunch.cpp in Sources */,
				4A3F94DA1503109300C37B64 /* graset.cpp in Sources */,
				4A3F94DB1503109300C37B64 /* graset_1.cpp in Sources */,
				4A3F94DC1503109300C37B64 /* graset_2.cpp in Sources */,
				4A3F94DD1503109300C37B64 /* level.cpp in Sources */,
				4A3F94DE1503109300C37B64 /* level_bi.cpp in Sources */,
				4A3F94DF1503109300C37B64 /* level_dr.cpp in Sources */,
				4A3F94E01503109300C37B64 /* level_io.cpp in Sources */,
				4A3F94E11503109300C37B64 /* obj_lib.cpp in Sources */,
				4A3F94E21503109300C37B64 /* object.cpp in Sources */,
				4A3F94E31503109300C37B64 /* ac_func.cpp in Sources */,
				4A3F94E41503109300C37B64 /* ascender.cpp in Sources */,
				4A3F94E51503109300C37B64 /* basher.cpp in Sources */,
				4A3F94E61503109300C37B64 /* batter.cpp in Sources */,
				4A3F94E71503109300C37B64 /* blocker.cpp in Sources */,
				4A3F94E81503109300C37B64 /* builder.cpp in Sources */,
				4A3F94E91503109300C37B64 /* climber.cpp in Sources */,
				4A3F94EA1503109300C37B64 /* cuber.cpp in Sources */,
				4A3F94EB1503109300C37B64 /* deaths.cpp in Sources */,
				4A3F94EC1503109300C37B64 /* digger.cpp in Sources */,
				4A3F94ED1503109300C37B64 /* exiter.cpp in Sources */,
				4A3F94EE1503109300C37B64 /* exploder.cpp in Sources */,
				4A3F94EF1503109300C37B64 /* faller.cpp in Sources */,
				4A3F94F01503109300C37B64 /* floater.cpp in Sources */,
				4A3F94F11503109300C37B64 /* init.cpp in Sources */,
				4A3F94F21503109300C37B64 /* jumper.cpp in Sources */,
				4A3F94F31503109300C37B64 /* lander.cpp in Sources */,
				4A3F94F41503109300C37B64 /* lix.cpp in Sources */,
				4A3F94F51503109300C37B64 /* lix_ac.cpp in Sources */,
				4A3F94F61503109300C37B64 /* lix_enum.cpp in Sources */,
				4A3F94F71503109300C37B64 /* lix_upd.cpp in Sources */,
				4A3F94F81503109300C37B64 /* miner.cpp in Sources */,
				4A3F94F91503109300C37B64 /* platform.cpp in Sources */,
				4A3F94FA1503109300C37B64 /* roper.cpp in Sources */,
				4A3F94FB1503109300C37B64 /* runner.cpp in Sources */,
				4A3F94FC1503109300C37B64 /* stunner.cpp in Sources */,
				4A3F94FD1503109300C37B64 /* tumbler.cpp in Sources */,
				4A3F94FE1503109300C37B64 /* walker.cpp in Sources */,
				4A3F94FF1503109300C37B64 /* brow_big.cpp in Sources */,
				4A3F95001503109300C37B64 /* brow_net.cpp in Sources */,
				4A3F95011503109300C37B64 /* brow_rep.cpp in Sources */,
				4A3F95021503109300C37B64 /* brow_sin.cpp in Sources */,
				4A3F95031503109300C37B64 /* little.cpp in Sources */,
				4A3F95041503109300C37B64 /* lobby.cpp in Sources */,
				4A3F95051503109300C37B64 /* lobby_li.cpp in Sources */,
				4A3F95061503109300C37B64 /* lobby_ro.cpp in Sources */,
				4A3F95071503109300C37B64 /* main_men.cpp in Sources */,
				4A3F95081503109300C37B64 /* menu.cpp in Sources */,
				4A3F95091503109300C37B64 /* options.cpp in Sources */,
				4A3F950A1503109300C37B64 /* preview.cpp in Sources */,
				4A3F950B1503109300C37B64 /* client.cpp in Sources */,
				4A3F950C1503109300C37B64 /* client_c.cpp in Sources */,
				4A3F950D1503109300C37B64 /* net_t.cpp in Sources */,
				4A3F950E1503109300C37B64 /* network.cpp in Sources */,
				4A3F950F1503109300C37B64 /* permu.cpp in Sources */,
				4A3F95101503109300C37B64 /* server.cpp in Sources */,
				4A3F95111503109300C37B64 /* server_c.cpp in Sources */,
				4A3F95121503109300C37B64 /* console.cpp in Sources */,
				4A3F95141503109300C37B64 /* date.cpp in Sources */,
				4A3F95151503109300C37B64 /* filename.cpp in Sources */,
				4A3F95161503109300C37B64 /* io.cpp in Sources */,
				4A3F95171503109300C37B64 /* log.cpp in Sources */,
				4A3F95191503109300C37B64 /* globals.cpp in Sources */,
				4A3F951A1503109300C37B64 /* hardware.cpp in Sources */,
				4A3F951B1503109300C37B64 /* help.cpp in Sources */,
				4A3F951D1503109300C37B64 /* language.cpp in Sources */,
				4A3F951E1503109300C37B64 /* lmain.cpp in Sources */,
				4A3F95201503109300C37B64 /* main.cpp in Sources */,
				4A3F95211503109300C37B64 /* user.cpp in Sources */,
			);
			runOnlyForDeploymentPostprocessing = 0;
		};
/* End PBXSourcesBuildPhase section */

/* Begin XCBuildConfiguration section */
		4A3B406D1503172C0013EE14 /* Release */ = {
			isa = XCBuildConfiguration;
			buildSettings = {
				ARCHS = "$(ARCHS_STANDARD_32_64_BIT_PRE_XCODE_3_1)";
				ARCHS_STANDARD_32_64_BIT_PRE_XCODE_3_1 = "x86_64 i386 ppc";
				CONFIGURATION_BUILD_DIR = "$(BUILD_DIR)/$(CONFIGURATION)$(EFFECTIVE_PLATFORM_NAME)";
				DEAD_CODE_STRIPPING = YES;
				GCC_C_LANGUAGE_STANDARD = "compiler-default";
				GCC_ENABLE_SYMBOL_SEPARATION = NO;
				GCC_GENERATE_DEBUGGING_SYMBOLS = NO;
				GCC_INPUT_FILETYPE = sourcecode.cpp.objcpp;
				GCC_VERSION = "";
				HEADER_SEARCH_PATHS = /usr/local/include;
				LIBRARY_SEARCH_PATHS = /usr/local/lib;
				MACOSX_DEPLOYMENT_TARGET = 10.5;
				ONLY_ACTIVE_ARCH = NO;
				OTHER_LDFLAGS = "-lenet";
				SDKROOT = "$(DEVELOPER_SDK_DIR)/MacOSX10.6.sdk";
				STANDARD_C_PLUS_PLUS_LIBRARY_TYPE = dynamic;
				SYMROOT = build;
				ZERO_LINK = NO;
			};
			name = Release;
		};
		4A3B406E1503172C0013EE14 /* Release */ = {
			isa = XCBuildConfiguration;
			buildSettings = {
				ARCHS = "$(ARCHS_STANDARD_32_BIT_PRE_XCODE_3_1)";
				ARCHS_STANDARD_32_BIT_PRE_XCODE_3_1 = "ppc i386";
				COPY_PHASE_STRIP = NO;
				INFOPLIST_FILE = ../res/Info.plist;
				INSTALL_PATH = "$(HOME)/Applications";
				MACOSX_DEPLOYMENT_TARGET = 10.5;
				OTHER_LDFLAGS = "-lenet";
				PRODUCT_NAME = Lix;
				STANDARD_C_PLUS_PLUS_LIBRARY_TYPE = dynamic;
				SYMROOT = build;
				WRAPPER_EXTENSION = app;
			};
			name = Release;
		};
		4A3B406F1503172C0013EE14 /* Release */ = {
			isa = XCBuildConfiguration;
			buildSettings = {
				ALWAYS_SEARCH_USER_PATHS = NO;
				COPY_PHASE_STRIP = NO;
				GCC_DYNAMIC_NO_PIC = NO;
				GCC_ENABLE_FIX_AND_CONTINUE = YES;
				GCC_INPUT_FILETYPE = sourcecode.cpp.cpp;
				GCC_MODEL_TUNING = G5;
				GCC_OPTIMIZATION_LEVEL = 0;
				INSTALL_PATH = /usr/local/bin;
				PREBINDING = NO;
				PRODUCT_NAME = lixd;
			};
			name = Release;
		};
		4A689D4B1432F5CE009A042B /* Debug */ = {
			isa = XCBuildConfiguration;
			buildSettings = {
				ALWAYS_SEARCH_USER_PATHS = NO;
				COPY_PHASE_STRIP = NO;
				GCC_DYNAMIC_NO_PIC = NO;
				GCC_ENABLE_FIX_AND_CONTINUE = YES;
				GCC_MODEL_TUNING = G5;
				GCC_OPTIMIZATION_LEVEL = 0;
				INSTALL_PATH = /usr/local/bin;
				PREBINDING = NO;
				PRODUCT_NAME = lixd;
			};
			name = Debug;
		};
		846C14C20B1F65C30012B69D /* Debug */ = {
			isa = XCBuildConfiguration;
			buildSettings = {
				ARCHS = "$(ARCHS_STANDARD_32_64_BIT_PRE_XCODE_3_1)";
				ARCHS_STANDARD_32_64_BIT_PRE_XCODE_3_1 = "x86_64 i386 ppc";
				CONFIGURATION_BUILD_DIR = "$(BUILD_DIR)/$(CONFIGURATION)$(EFFECTIVE_PLATFORM_NAME)";
				GCC_C_LANGUAGE_STANDARD = "compiler-default";
				GCC_INPUT_FILETYPE = sourcecode.cpp.objcpp;
				GCC_VERSION = "";
				HEADER_SEARCH_PATHS = /usr/local/include;
				LIBRARY_SEARCH_PATHS = /usr/local/lib;
				MACOSX_DEPLOYMENT_TARGET = 10.5;
				ONLY_ACTIVE_ARCH = NO;
				OTHER_LDFLAGS = "-lenet";
				SDKROOT = "$(DEVELOPER_SDK_DIR)/MacOSX10.6.sdk";
				STANDARD_C_PLUS_PLUS_LIBRARY_TYPE = dynamic;
				SYMROOT = build;
				ZERO_LINK = NO;
			};
			name = Debug;
		};
		846C14CF0B1F65CE0012B69D /* Debug */ = {
			isa = XCBuildConfiguration;
			buildSettings = {
				ARCHS = "$(ARCHS_STANDARD_32_BIT_PRE_XCODE_3_1)";
				ARCHS_STANDARD_32_BIT_PRE_XCODE_3_1 = "ppc i386";
				COPY_PHASE_STRIP = NO;
				INFOPLIST_FILE = ../res/game/Info.plist;
				INSTALL_PATH = "$(HOME)/Applications";
				MACOSX_DEPLOYMENT_TARGET = 10.5;
				OTHER_LDFLAGS = "-lenet";
				PRODUCT_NAME = Lix;
				STANDARD_C_PLUS_PLUS_LIBRARY_TYPE = dynamic;
				SYMROOT = build;
				WRAPPER_EXTENSION = app;
			};
			name = Debug;
		};
/* End XCBuildConfiguration section */

/* Begin XCConfigurationList section */
		4A689D501432F5D0009A042B /* Build configuration list for PBXNativeTarget "lixd" */ = {
			isa = XCConfigurationList;
			buildConfigurations = (
				4A689D4B1432F5CE009A042B /* Debug */,
				4A3B406F1503172C0013EE14 /* Release */,
			);
			defaultConfigurationIsVisible = 0;
			defaultConfigurationName = Release;
		};
		846C14C10B1F65C30012B69D /* Build configuration list for PBXProject "LixMac" */ = {
			isa = XCConfigurationList;
			buildConfigurations = (
				846C14C20B1F65C30012B69D /* Debug */,
				4A3B406D1503172C0013EE14 /* Release */,
			);
			defaultConfigurationIsVisible = 0;
			defaultConfigurationName = Release;
		};
		846C14CE0B1F65CE0012B69D /* Build configuration list for PBXNativeTarget "LixMac" */ = {
			isa = XCConfigurationList;
			buildConfigurations = (
				846C14CF0B1F65CE0012B69D /* Debug */,
				4A3B406E1503172C0013EE14 /* Release */,
			);
			defaultConfigurationIsVisible = 0;
			defaultConfigurationName = Release;
		};
/* End XCConfigurationList section */
	};
	rootObject = 29B97313FDCFA39411CA2CEA /* Project object */;
}
